
Microsoft Visual Studio Solution File, Format Version 12.00
# Visual Studio Version 16
Project("{2150E333-8FDC-42A3-9474-1A3956D46DE8}") = "Libraries", "Libraries", "{B3314759-EA6B-31BE-93A5-2676E9178A75}"
EndProject
Project("{2150E333-8FDC-42A3-9474-1A3956D46DE8}") = "Predefined", "Predefined", "{6E74E681-86DF-366A-88C3-18501B5E8851}"
EndProject
Project("{2150E333-8FDC-42A3-9474-1A3956D46DE8}") = "VSTGUI Tools", "VSTGUI Tools", "{BB5F1CA6-F60C-31CE-935B-4F1643244A8C}"
EndProject
Project("{2150E333-8FDC-42A3-9474-1A3956D46DE8}") = "Validator", "Validator", "{43F16AF6-6ED7-37BC-848E-72E90F68412F}"
EndProject
Project("{8BC9CEB8-8B4A-11D0-8D11-00A0C91BC942}") = "ALL_BUILD", "ALL_BUILD.vcxproj", "{98C150DE-7D0D-3C96-B412-13E6C5EE7006}"
	ProjectSection(ProjectDependencies) = postProject
		{AB2041C3-6547-33C7-84F2-121C14A845B5} = {AB2041C3-6547-33C7-84F2-121C14A845B5}
		{8D733784-13B7-383B-90CD-C0CF27A5BBFD} = {8D733784-13B7-383B-90CD-C0CF27A5BBFD}
		{9DF0C54A-0BE8-3956-A22B-E4FDD9C1DA61} = {9DF0C54A-0BE8-3956-A22B-E4FDD9C1DA61}
		{04F69F84-315B-3C1B-B62E-065C5D0690B8} = {04F69F84-315B-3C1B-B62E-065C5D0690B8}
		{E9AA983A-14FB-3009-9080-F53D10875055} = {E9AA983A-14FB-3009-9080-F53D10875055}
		{7C6234EF-B521-386A-ABF2-50FF3A088A1E} = {7C6234EF-B521-386A-ABF2-50FF3A088A1E}
		{E55D0E6F-A47C-3D18-8A46-2A641E2D7EF9} = {E55D0E6F-A47C-3D18-8A46-2A641E2D7EF9}
		{B1EFCAE3-4126-3F60-9F42-69E00A7C88A7} = {B1EFCAE3-4126-3F60-9F42-69E00A7C88A7}
		{EB36ACD9-ABEF-3A35-836C-B188DB8F390C} = {EB36ACD9-ABEF-3A35-836C-B188DB8F390C}
		{6FD93C38-57F1-39E8-A60B-43C59EF1F67A} = {6FD93C38-57F1-39E8-A60B-43C59EF1F67A}
		{5D00CA3F-EC93-3817-B921-EBB0D19795CF} = {5D00CA3F-EC93-3817-B921-EBB0D19795CF}
		{916DCF79-771B-381A-AE4D-A50272DDA168} = {916DCF79-771B-381A-AE4D-A50272DDA168}
	EndProjectSection
EndProject
Project("{8BC9CEB8-8B4A-11D0-8D11-00A0C91BC942}") = "RLCFilters", "project_source\cmake\vst_cmake\RLCFilters.vcxproj", "{AB2041C3-6547-33C7-84F2-121C14A845B5}"
	ProjectSection(ProjectDependencies) = postProject
		{8D733784-13B7-383B-90CD-C0CF27A5BBFD} = {8D733784-13B7-383B-90CD-C0CF27A5BBFD}
		{9DF0C54A-0BE8-3956-A22B-E4FDD9C1DA61} = {9DF0C54A-0BE8-3956-A22B-E4FDD9C1DA61}
		{04F69F84-315B-3C1B-B62E-065C5D0690B8} = {04F69F84-315B-3C1B-B62E-065C5D0690B8}
		{E9AA983A-14FB-3009-9080-F53D10875055} = {E9AA983A-14FB-3009-9080-F53D10875055}
		{7C6234EF-B521-386A-ABF2-50FF3A088A1E} = {7C6234EF-B521-386A-ABF2-50FF3A088A1E}
		{EB36ACD9-ABEF-3A35-836C-B188DB8F390C} = {EB36ACD9-ABEF-3A35-836C-B188DB8F390C}
		{6FD93C38-57F1-39E8-A60B-43C59EF1F67A} = {6FD93C38-57F1-39E8-A60B-43C59EF1F67A}
		{5D00CA3F-EC93-3817-B921-EBB0D19795CF} = {5D00CA3F-EC93-3817-B921-EBB0D19795CF}
		{916DCF79-771B-381A-AE4D-A50272DDA168} = {916DCF79-771B-381A-AE4D-A50272DDA168}
	EndProjectSection
EndProject
Project("{8BC9CEB8-8B4A-11D0-8D11-00A0C91BC942}") = "ZERO_CHECK", "ZERO_CHECK.vcxproj", "{8D733784-13B7-383B-90CD-C0CF27A5BBFD}"
	ProjectSection(ProjectDependencies) = postProject
	EndProjectSection
EndProject
Project("{8BC9CEB8-8B4A-11D0-8D11-00A0C91BC942}") = "base", "cmake\vst_cmake\base\base.vcxproj", "{9DF0C54A-0BE8-3956-A22B-E4FDD9C1DA61}"
	ProjectSection(ProjectDependencies) = postProject
		{8D733784-13B7-383B-90CD-C0CF27A5BBFD} = {8D733784-13B7-383B-90CD-C0CF27A5BBFD}
	EndProjectSection
EndProject
Project("{8BC9CEB8-8B4A-11D0-8D11-00A0C91BC942}") = "pluginterfaces", "cmake\vst_cmake\pluginterfaces\pluginterfaces.vcxproj", "{04F69F84-315B-3C1B-B62E-065C5D0690B8}"
	ProjectSection(ProjectDependencies) = postProject
		{8D733784-13B7-383B-90CD-C0CF27A5BBFD} = {8D733784-13B7-383B-90CD-C0CF27A5BBFD}
	EndProjectSection
EndProject
Project("{8BC9CEB8-8B4A-11D0-8D11-00A0C91BC942}") = "sdk", "cmake\vst_cmake\public.sdk\sdk.vcxproj", "{E9AA983A-14FB-3009-9080-F53D10875055}"
	ProjectSection(ProjectDependencies) = postProject
		{8D733784-13B7-383B-90CD-C0CF27A5BBFD} = {8D733784-13B7-383B-90CD-C0CF27A5BBFD}
		{9DF0C54A-0BE8-3956-A22B-E4FDD9C1DA61} = {9DF0C54A-0BE8-3956-A22B-E4FDD9C1DA61}
		{04F69F84-315B-3C1B-B62E-065C5D0690B8} = {04F69F84-315B-3C1B-B62E-065C5D0690B8}
		{7C6234EF-B521-386A-ABF2-50FF3A088A1E} = {7C6234EF-B521-386A-ABF2-50FF3A088A1E}
	EndProjectSection
EndProject
Project("{8BC9CEB8-8B4A-11D0-8D11-00A0C91BC942}") = "sdk_common", "cmake\vst_cmake\public.sdk\sdk_common.vcxproj", "{7C6234EF-B521-386A-ABF2-50FF3A088A1E}"
	ProjectSection(ProjectDependencies) = postProject
		{8D733784-13B7-383B-90CD-C0CF27A5BBFD} = {8D733784-13B7-383B-90CD-C0CF27A5BBFD}
		{9DF0C54A-0BE8-3956-A22B-E4FDD9C1DA61} = {9DF0C54A-0BE8-3956-A22B-E4FDD9C1DA61}
		{04F69F84-315B-3C1B-B62E-065C5D0690B8} = {04F69F84-315B-3C1B-B62E-065C5D0690B8}
	EndProjectSection
EndProject
Project("{8BC9CEB8-8B4A-11D0-8D11-00A0C91BC942}") = "sdk_hosting", "cmake\vst_cmake\public.sdk\sdk_hosting.vcxproj", "{E55D0E6F-A47C-3D18-8A46-2A641E2D7EF9}"
	ProjectSection(ProjectDependencies) = postProject
		{8D733784-13B7-383B-90CD-C0CF27A5BBFD} = {8D733784-13B7-383B-90CD-C0CF27A5BBFD}
		{9DF0C54A-0BE8-3956-A22B-E4FDD9C1DA61} = {9DF0C54A-0BE8-3956-A22B-E4FDD9C1DA61}
		{04F69F84-315B-3C1B-B62E-065C5D0690B8} = {04F69F84-315B-3C1B-B62E-065C5D0690B8}
		{7C6234EF-B521-386A-ABF2-50FF3A088A1E} = {7C6234EF-B521-386A-ABF2-50FF3A088A1E}
	EndProjectSection
EndProject
Project("{8BC9CEB8-8B4A-11D0-8D11-00A0C91BC942}") = "uidesccompressor", "cmake\vst_cmake\vstgui4\vstgui\tools\uidesccompressor\uidesccompressor.vcxproj", "{B1EFCAE3-4126-3F60-9F42-69E00A7C88A7}"
	ProjectSection(ProjectDependencies) = postProject
		{8D733784-13B7-383B-90CD-C0CF27A5BBFD} = {8D733784-13B7-383B-90CD-C0CF27A5BBFD}
		{6FD93C38-57F1-39E8-A60B-43C59EF1F67A} = {6FD93C38-57F1-39E8-A60B-43C59EF1F67A}
		{916DCF79-771B-381A-AE4D-A50272DDA168} = {916DCF79-771B-381A-AE4D-A50272DDA168}
	EndProjectSection
EndProject
Project("{8BC9CEB8-8B4A-11D0-8D11-00A0C91BC942}") = "validator", "cmake\vst_cmake\public.sdk\samples\vst-hosting\validator\validator.vcxproj", "{EB36ACD9-ABEF-3A35-836C-B188DB8F390C}"
	ProjectSection(ProjectDependencies) = postProject
		{8D733784-13B7-383B-90CD-C0CF27A5BBFD} = {8D733784-13B7-383B-90CD-C0CF27A5BBFD}
		{9DF0C54A-0BE8-3956-A22B-E4FDD9C1DA61} = {9DF0C54A-0BE8-3956-A22B-E4FDD9C1DA61}
		{04F69F84-315B-3C1B-B62E-065C5D0690B8} = {04F69F84-315B-3C1B-B62E-065C5D0690B8}
		{7C6234EF-B521-386A-ABF2-50FF3A088A1E} = {7C6234EF-B521-386A-ABF2-50FF3A088A1E}
		{E55D0E6F-A47C-3D18-8A46-2A641E2D7EF9} = {E55D0E6F-A47C-3D18-8A46-2A641E2D7EF9}
	EndProjectSection
EndProject
Project("{8BC9CEB8-8B4A-11D0-8D11-00A0C91BC942}") = "vstgui", "cmake\vst_cmake\vstgui4\vstgui\lib\vstgui.vcxproj", "{6FD93C38-57F1-39E8-A60B-43C59EF1F67A}"
	ProjectSection(ProjectDependencies) = postProject
		{8D733784-13B7-383B-90CD-C0CF27A5BBFD} = {8D733784-13B7-383B-90CD-C0CF27A5BBFD}
	EndProjectSection
EndProject
Project("{8BC9CEB8-8B4A-11D0-8D11-00A0C91BC942}") = "vstgui_support", "cmake\vst_cmake\vstgui_support.vcxproj", "{5D00CA3F-EC93-3817-B921-EBB0D19795CF}"
	ProjectSection(ProjectDependencies) = postProject
		{8D733784-13B7-383B-90CD-C0CF27A5BBFD} = {8D733784-13B7-383B-90CD-C0CF27A5BBFD}
		{6FD93C38-57F1-39E8-A60B-43C59EF1F67A} = {6FD93C38-57F1-39E8-A60B-43C59EF1F67A}
		{916DCF79-771B-381A-AE4D-A50272DDA168} = {916DCF79-771B-381A-AE4D-A50272DDA168}
	EndProjectSection
EndProject
Project("{8BC9CEB8-8B4A-11D0-8D11-00A0C91BC942}") = "vstgui_uidescription", "cmake\vst_cmake\vstgui4\vstgui\uidescription\vstgui_uidescription.vcxproj", "{916DCF79-771B-381A-AE4D-A50272DDA168}"
	ProjectSection(ProjectDependencies) = postProject
		{8D733784-13B7-383B-90CD-C0CF27A5BBFD} = {8D733784-13B7-383B-90CD-C0CF27A5BBFD}
		{6FD93C38-57F1-39E8-A60B-43C59EF1F67A} = {6FD93C38-57F1-39E8-A60B-43C59EF1F67A}
	EndProjectSection
EndProject
Global
	GlobalSection(SolutionConfigurationPlatforms) = preSolution
		Debug|x64 = Debug|x64
		Release|x64 = Release|x64
		MinSizeRel|x64 = MinSizeRel|x64
		RelWithDebInfo|x64 = RelWithDebInfo|x64
	EndGlobalSection
	GlobalSection(ProjectConfigurationPlatforms) = postSolution
		{98C150DE-7D0D-3C96-B412-13E6C5EE7006}.Debug|x64.ActiveCfg = Debug|x64
		{98C150DE-7D0D-3C96-B412-13E6C5EE7006}.Release|x64.ActiveCfg = Release|x64
		{98C150DE-7D0D-3C96-B412-13E6C5EE7006}.MinSizeRel|x64.ActiveCfg = MinSizeRel|x64
		{98C150DE-7D0D-3C96-B412-13E6C5EE7006}.RelWithDebInfo|x64.ActiveCfg = RelWithDebInfo|x64
		{AB2041C3-6547-33C7-84F2-121C14A845B5}.Debug|x64.ActiveCfg = Debug|x64
		{AB2041C3-6547-33C7-84F2-121C14A845B5}.Debug|x64.Build.0 = Debug|x64
		{AB2041C3-6547-33C7-84F2-121C14A845B5}.Release|x64.ActiveCfg = Release|x64
		{AB2041C3-6547-33C7-84F2-121C14A845B5}.Release|x64.Build.0 = Release|x64
		{AB2041C3-6547-33C7-84F2-121C14A845B5}.MinSizeRel|x64.ActiveCfg = MinSizeRel|x64
		{AB2041C3-6547-33C7-84F2-121C14A845B5}.MinSizeRel|x64.Build.0 = MinSizeRel|x64
		{AB2041C3-6547-33C7-84F2-121C14A845B5}.RelWithDebInfo|x64.ActiveCfg = RelWithDebInfo|x64
		{AB2041C3-6547-33C7-84F2-121C14A845B5}.RelWithDebInfo|x64.Build.0 = RelWithDebInfo|x64
		{8D733784-13B7-383B-90CD-C0CF27A5BBFD}.Debug|x64.ActiveCfg = Debug|x64
		{8D733784-13B7-383B-90CD-C0CF27A5BBFD}.Debug|x64.Build.0 = Debug|x64
		{8D733784-13B7-383B-90CD-C0CF27A5BBFD}.Release|x64.ActiveCfg = Release|x64
		{8D733784-13B7-383B-90CD-C0CF27A5BBFD}.Release|x64.Build.0 = Release|x64
		{8D733784-13B7-383B-90CD-C0CF27A5BBFD}.MinSizeRel|x64.ActiveCfg = MinSizeRel|x64
		{8D733784-13B7-383B-90CD-C0CF27A5BBFD}.MinSizeRel|x64.Build.0 = MinSizeRel|x64
		{8D733784-13B7-383B-90CD-C0CF27A5BBFD}.RelWithDebInfo|x64.ActiveCfg = RelWithDebInfo|x64
		{8D733784-13B7-383B-90CD-C0CF27A5BBFD}.RelWithDebInfo|x64.Build.0 = RelWithDebInfo|x64
		{9DF0C54A-0BE8-3956-A22B-E4FDD9C1DA61}.Debug|x64.ActiveCfg = Debug|x64
		{9DF0C54A-0BE8-3956-A22B-E4FDD9C1DA61}.Debug|x64.Build.0 = Debug|x64
		{9DF0C54A-0BE8-3956-A22B-E4FDD9C1DA61}.Release|x64.ActiveCfg = Release|x64
		{9DF0C54A-0BE8-3956-A22B-E4FDD9C1DA61}.Release|x64.Build.0 = Release|x64
		{9DF0C54A-0BE8-3956-A22B-E4FDD9C1DA61}.MinSizeRel|x64.ActiveCfg = MinSizeRel|x64
		{9DF0C54A-0BE8-3956-A22B-E4FDD9C1DA61}.MinSizeRel|x64.Build.0 = MinSizeRel|x64
		{9DF0C54A-0BE8-3956-A22B-E4FDD9C1DA61}.RelWithDebInfo|x64.ActiveCfg = RelWithDebInfo|x64
		{9DF0C54A-0BE8-3956-A22B-E4FDD9C1DA61}.RelWithDebInfo|x64.Build.0 = RelWithDebInfo|x64
		{04F69F84-315B-3C1B-B62E-065C5D0690B8}.Debug|x64.ActiveCfg = Debug|x64
		{04F69F84-315B-3C1B-B62E-065C5D0690B8}.Debug|x64.Build.0 = Debug|x64
		{04F69F84-315B-3C1B-B62E-065C5D0690B8}.Release|x64.ActiveCfg = Release|x64
		{04F69F84-315B-3C1B-B62E-065C5D0690B8}.Release|x64.Build.0 = Release|x64
		{04F69F84-315B-3C1B-B62E-065C5D0690B8}.MinSizeRel|x64.ActiveCfg = MinSizeRel|x64
		{04F69F84-315B-3C1B-B62E-065C5D0690B8}.MinSizeRel|x64.Build.0 = MinSizeRel|x64
		{04F69F84-315B-3C1B-B62E-065C5D0690B8}.RelWithDebInfo|x64.ActiveCfg = RelWithDebInfo|x64
		{04F69F84-315B-3C1B-B62E-065C5D0690B8}.RelWithDebInfo|x64.Build.0 = RelWithDebInfo|x64
		{E9AA983A-14FB-3009-9080-F53D10875055}.Debug|x64.ActiveCfg = Debug|x64
		{E9AA983A-14FB-3009-9080-F53D10875055}.Debug|x64.Build.0 = Debug|x64
		{E9AA983A-14FB-3009-9080-F53D10875055}.Release|x64.ActiveCfg = Release|x64
		{E9AA983A-14FB-3009-9080-F53D10875055}.Release|x64.Build.0 = Release|x64
		{E9AA983A-14FB-3009-9080-F53D10875055}.MinSizeRel|x64.ActiveCfg = MinSizeRel|x64
		{E9AA983A-14FB-3009-9080-F53D10875055}.MinSizeRel|x64.Build.0 = MinSizeRel|x64
		{E9AA983A-14FB-3009-9080-F53D10875055}.RelWithDebInfo|x64.ActiveCfg = RelWithDebInfo|x64
		{E9AA983A-14FB-3009-9080-F53D10875055}.RelWithDebInfo|x64.Build.0 = RelWithDebInfo|x64
		{7C6234EF-B521-386A-ABF2-50FF3A088A1E}.Debug|x64.ActiveCfg = Debug|x64
		{7C6234EF-B521-386A-ABF2-50FF3A088A1E}.Debug|x64.Build.0 = Debug|x64
		{7C6234EF-B521-386A-ABF2-50FF3A088A1E}.Release|x64.ActiveCfg = Release|x64
		{7C6234EF-B521-386A-ABF2-50FF3A088A1E}.Release|x64.Build.0 = Release|x64
		{7C6234EF-B521-386A-ABF2-50FF3A088A1E}.MinSizeRel|x64.ActiveCfg = MinSizeRel|x64
		{7C6234EF-B521-386A-ABF2-50FF3A088A1E}.MinSizeRel|x64.Build.0 = MinSizeRel|x64
		{7C6234EF-B521-386A-ABF2-50FF3A088A1E}.RelWithDebInfo|x64.ActiveCfg = RelWithDebInfo|x64
		{7C6234EF-B521-386A-ABF2-50FF3A088A1E}.RelWithDebInfo|x64.Build.0 = RelWithDebInfo|x64
		{E55D0E6F-A47C-3D18-8A46-2A641E2D7EF9}.Debug|x64.ActiveCfg = Debug|x64
		{E55D0E6F-A47C-3D18-8A46-2A641E2D7EF9}.Debug|x64.Build.0 = Debug|x64
		{E55D0E6F-A47C-3D18-8A46-2A641E2D7EF9}.Release|x64.ActiveCfg = Release|x64
		{E55D0E6F-A47C-3D18-8A46-2A641E2D7EF9}.Release|x64.Build.0 = Release|x64
		{E55D0E6F-A47C-3D18-8A46-2A641E2D7EF9}.MinSizeRel|x64.ActiveCfg = MinSizeRel|x64
		{E55D0E6F-A47C-3D18-8A46-2A641E2D7EF9}.MinSizeRel|x64.Build.0 = MinSizeRel|x64
		{E55D0E6F-A47C-3D18-8A46-2A641E2D7EF9}.RelWithDebInfo|x64.ActiveCfg = RelWithDebInfo|x64
		{E55D0E6F-A47C-3D18-8A46-2A641E2D7EF9}.RelWithDebInfo|x64.Build.0 = RelWithDebInfo|x64
		{B1EFCAE3-4126-3F60-9F42-69E00A7C88A7}.Debug|x64.ActiveCfg = Debug|x64
		{B1EFCAE3-4126-3F60-9F42-69E00A7C88A7}.Debug|x64.Build.0 = Debug|x64
		{B1EFCAE3-4126-3F60-9F42-69E00A7C88A7}.Release|x64.ActiveCfg = Release|x64
		{B1EFCAE3-4126-3F60-9F42-69E00A7C88A7}.Release|x64.Build.0 = Release|x64
		{B1EFCAE3-4126-3F60-9F42-69E00A7C88A7}.MinSizeRel|x64.ActiveCfg = MinSizeRel|x64
		{B1EFCAE3-4126-3F60-9F42-69E00A7C88A7}.MinSizeRel|x64.Build.0 = MinSizeRel|x64
		{B1EFCAE3-4126-3F60-9F42-69E00A7C88A7}.RelWithDebInfo|x64.ActiveCfg = RelWithDebInfo|x64
		{B1EFCAE3-4126-3F60-9F42-69E00A7C88A7}.RelWithDebInfo|x64.Build.0 = RelWithDebInfo|x64
		{EB36ACD9-ABEF-3A35-836C-B188DB8F390C}.Debug|x64.ActiveCfg = Debug|x64
		{EB36ACD9-ABEF-3A35-836C-B188DB8F390C}.Debug|x64.Build.0 = Debug|x64
		{EB36ACD9-ABEF-3A35-836C-B188DB8F390C}.Release|x64.ActiveCfg = Release|x64
		{EB36ACD9-ABEF-3A35-836C-B188DB8F390C}.Release|x64.Build.0 = Release|x64
		{EB36ACD9-ABEF-3A35-836C-B188DB8F390C}.MinSizeRel|x64.ActiveCfg = MinSizeRel|x64
		{EB36ACD9-ABEF-3A35-836C-B188DB8F390C}.MinSizeRel|x64.Build.0 = MinSizeRel|x64
		{EB36ACD9-ABEF-3A35-836C-B188DB8F390C}.RelWithDebInfo|x64.ActiveCfg = RelWithDebInfo|x64
		{EB36ACD9-ABEF-3A35-836C-B188DB8F390C}.RelWithDebInfo|x64.Build.0 = RelWithDebInfo|x64
		{6FD93C38-57F1-39E8-A60B-43C59EF1F67A}.Debug|x64.ActiveCfg = Debug|x64
		{6FD93C38-57F1-39E8-A60B-43C59EF1F67A}.Debug|x64.Build.0 = Debug|x64
		{6FD93C38-57F1-39E8-A60B-43C59EF1F67A}.Release|x64.ActiveCfg = Release|x64
		{6FD93C38-57F1-39E8-A60B-43C59EF1F67A}.Release|x64.Build.0 = Release|x64
		{6FD93C38-57F1-39E8-A60B-43C59EF1F67A}.MinSizeRel|x64.ActiveCfg = MinSizeRel|x64
		{6FD93C38-57F1-39E8-A60B-43C59EF1F67A}.MinSizeRel|x64.Build.0 = MinSizeRel|x64
		{6FD93C38-57F1-39E8-A60B-43C59EF1F67A}.RelWithDebInfo|x64.ActiveCfg = RelWithDebInfo|x64
		{6FD93C38-57F1-39E8-A60B-43C59EF1F67A}.RelWithDebInfo|x64.Build.0 = RelWithDebInfo|x64
		{5D00CA3F-EC93-3817-B921-EBB0D19795CF}.Debug|x64.ActiveCfg = Debug|x64
		{5D00CA3F-EC93-3817-B921-EBB0D19795CF}.Debug|x64.Build.0 = Debug|x64
		{5D00CA3F-EC93-3817-B921-EBB0D19795CF}.Release|x64.ActiveCfg = Release|x64
		{5D00CA3F-EC93-3817-B921-EBB0D19795CF}.Release|x64.Build.0 = Release|x64
		{5D00CA3F-EC93-3817-B921-EBB0D19795CF}.MinSizeRel|x64.ActiveCfg = MinSizeRel|x64
		{5D00CA3F-EC93-3817-B921-EBB0D19795CF}.MinSizeRel|x64.Build.0 = MinSizeRel|x64
		{5D00CA3F-EC93-3817-B921-EBB0D19795CF}.RelWithDebInfo|x64.ActiveCfg = RelWithDebInfo|x64
		{5D00CA3F-EC93-3817-B921-EBB0D19795CF}.RelWithDebInfo|x64.Build.0 = RelWithDebInfo|x64
		{916DCF79-771B-381A-AE4D-A50272DDA168}.Debug|x64.ActiveCfg = Debug|x64
		{916DCF79-771B-381A-AE4D-A50272DDA168}.Debug|x64.Build.0 = Debug|x64
		{916DCF79-771B-381A-AE4D-A50272DDA168}.Release|x64.ActiveCfg = Release|x64
		{916DCF79-771B-381A-AE4D-A50272DDA168}.Release|x64.Build.0 = Release|x64
		{916DCF79-771B-381A-AE4D-A50272DDA168}.MinSizeRel|x64.ActiveCfg = MinSizeRel|x64
		{916DCF79-771B-381A-AE4D-A50272DDA168}.MinSizeRel|x64.Build.0 = MinSizeRel|x64
		{916DCF79-771B-381A-AE4D-A50272DDA168}.RelWithDebInfo|x64.ActiveCfg = RelWithDebInfo|x64
		{916DCF79-771B-381A-AE4D-A50272DDA168}.RelWithDebInfo|x64.Build.0 = RelWithDebInfo|x64
	EndGlobalSection
	GlobalSection(NestedProjects) = preSolution
		{9DF0C54A-0BE8-3956-A22B-E4FDD9C1DA61} = {B3314759-EA6B-31BE-93A5-2676E9178A75}
		{E9AA983A-14FB-3009-9080-F53D10875055} = {B3314759-EA6B-31BE-93A5-2676E9178A75}
		{6FD93C38-57F1-39E8-A60B-43C59EF1F67A} = {B3314759-EA6B-31BE-93A5-2676E9178A75}
		{5D00CA3F-EC93-3817-B921-EBB0D19795CF} = {B3314759-EA6B-31BE-93A5-2676E9178A75}
		{916DCF79-771B-381A-AE4D-A50272DDA168} = {B3314759-EA6B-31BE-93A5-2676E9178A75}
		{98C150DE-7D0D-3C96-B412-13E6C5EE7006} = {6E74E681-86DF-366A-88C3-18501B5E8851}
		{8D733784-13B7-383B-90CD-C0CF27A5BBFD} = {6E74E681-86DF-366A-88C3-18501B5E8851}
		{B1EFCAE3-4126-3F60-9F42-69E00A7C88A7} = {BB5F1CA6-F60C-31CE-935B-4F1643244A8C}
		{EB36ACD9-ABEF-3A35-836C-B188DB8F390C} = {43F16AF6-6ED7-37BC-848E-72E90F68412F}
	EndGlobalSection
	GlobalSection(ExtensibilityGlobals) = postSolution
		SolutionGuid = {0825983A-F78C-3416-B5FB-EB1CFCDF9F91}
	EndGlobalSection
	GlobalSection(ExtensibilityAddIns) = postSolution
	EndGlobalSection
EndGlobal
