
Microsoft Visual Studio Solution File, Format Version 12.00
# Visual Studio Version 16
Project("{2150E333-8FDC-42A3-9474-1A3956D46DE8}") = "Libraries", "Libraries", "{0C0CB85C-9422-361B-9E67-4173FE6ED60A}"
EndProject
Project("{2150E333-8FDC-42A3-9474-1A3956D46DE8}") = "Predefined", "Predefined", "{FAD8BF08-2676-35B7-8772-A95720E4471A}"
EndProject
Project("{2150E333-8FDC-42A3-9474-1A3956D46DE8}") = "VSTGUI Tools", "VSTGUI Tools", "{0880EF8C-1CFD-34EC-9A5C-7BAAEFBE2E20}"
EndProject
Project("{2150E333-8FDC-42A3-9474-1A3956D46DE8}") = "Validator", "Validator", "{E2888C00-DF28-34DE-93BF-6226B0934E2D}"
EndProject
Project("{8BC9CEB8-8B4A-11D0-8D11-00A0C91BC942}") = "ALL_BUILD", "ALL_BUILD.vcxproj", "{03933386-6574-3225-9A61-DBE4512A0134}"
	ProjectSection(ProjectDependencies) = postProject
		{00E5D0B3-420A-3BB9-A936-B3CB5F77B1EE} = {00E5D0B3-420A-3BB9-A936-B3CB5F77B1EE}
		{304AC19C-1224-3DA4-9E9B-D069DB497252} = {304AC19C-1224-3DA4-9E9B-D069DB497252}
		{03AA288C-33F4-3B52-9334-91A3AEE41E11} = {03AA288C-33F4-3B52-9334-91A3AEE41E11}
		{7246B32F-F9A6-3F1B-8F0B-2F53F7D2547C} = {7246B32F-F9A6-3F1B-8F0B-2F53F7D2547C}
		{F1CF6991-9F00-3B84-AAB9-09AAAC17195D} = {F1CF6991-9F00-3B84-AAB9-09AAAC17195D}
		{19D722C0-30C4-31A4-A5AF-3C8916938BCD} = {19D722C0-30C4-31A4-A5AF-3C8916938BCD}
		{F8D1172C-EB31-355C-B83B-25B5DFC6892A} = {F8D1172C-EB31-355C-B83B-25B5DFC6892A}
		{246DF427-1172-36D3-BF9A-54A6B4C88D1D} = {246DF427-1172-36D3-BF9A-54A6B4C88D1D}
		{8E66C33B-538D-305C-9E71-B41A304C6B49} = {8E66C33B-538D-305C-9E71-B41A304C6B49}
		{7123B462-4931-35E6-99DB-0DC59D46D26D} = {7123B462-4931-35E6-99DB-0DC59D46D26D}
		{91EE838E-37B6-30DB-A7C5-064D4FDA0095} = {91EE838E-37B6-30DB-A7C5-064D4FDA0095}
		{78DD9C92-6203-3611-AF14-8B145912DB56} = {78DD9C92-6203-3611-AF14-8B145912DB56}
	EndProjectSection
EndProject
Project("{8BC9CEB8-8B4A-11D0-8D11-00A0C91BC942}") = "Volume", "project_source\cmake\vst_cmake\Volume.vcxproj", "{00E5D0B3-420A-3BB9-A936-B3CB5F77B1EE}"
	ProjectSection(ProjectDependencies) = postProject
		{304AC19C-1224-3DA4-9E9B-D069DB497252} = {304AC19C-1224-3DA4-9E9B-D069DB497252}
		{03AA288C-33F4-3B52-9334-91A3AEE41E11} = {03AA288C-33F4-3B52-9334-91A3AEE41E11}
		{7246B32F-F9A6-3F1B-8F0B-2F53F7D2547C} = {7246B32F-F9A6-3F1B-8F0B-2F53F7D2547C}
		{F1CF6991-9F00-3B84-AAB9-09AAAC17195D} = {F1CF6991-9F00-3B84-AAB9-09AAAC17195D}
		{19D722C0-30C4-31A4-A5AF-3C8916938BCD} = {19D722C0-30C4-31A4-A5AF-3C8916938BCD}
		{8E66C33B-538D-305C-9E71-B41A304C6B49} = {8E66C33B-538D-305C-9E71-B41A304C6B49}
		{7123B462-4931-35E6-99DB-0DC59D46D26D} = {7123B462-4931-35E6-99DB-0DC59D46D26D}
		{91EE838E-37B6-30DB-A7C5-064D4FDA0095} = {91EE838E-37B6-30DB-A7C5-064D4FDA0095}
		{78DD9C92-6203-3611-AF14-8B145912DB56} = {78DD9C92-6203-3611-AF14-8B145912DB56}
	EndProjectSection
EndProject
Project("{8BC9CEB8-8B4A-11D0-8D11-00A0C91BC942}") = "ZERO_CHECK", "ZERO_CHECK.vcxproj", "{304AC19C-1224-3DA4-9E9B-D069DB497252}"
	ProjectSection(ProjectDependencies) = postProject
	EndProjectSection
EndProject
Project("{8BC9CEB8-8B4A-11D0-8D11-00A0C91BC942}") = "base", "cmake\vst_cmake\base\base.vcxproj", "{03AA288C-33F4-3B52-9334-91A3AEE41E11}"
	ProjectSection(ProjectDependencies) = postProject
		{304AC19C-1224-3DA4-9E9B-D069DB497252} = {304AC19C-1224-3DA4-9E9B-D069DB497252}
	EndProjectSection
EndProject
Project("{8BC9CEB8-8B4A-11D0-8D11-00A0C91BC942}") = "pluginterfaces", "cmake\vst_cmake\pluginterfaces\pluginterfaces.vcxproj", "{7246B32F-F9A6-3F1B-8F0B-2F53F7D2547C}"
	ProjectSection(ProjectDependencies) = postProject
		{304AC19C-1224-3DA4-9E9B-D069DB497252} = {304AC19C-1224-3DA4-9E9B-D069DB497252}
	EndProjectSection
EndProject
Project("{8BC9CEB8-8B4A-11D0-8D11-00A0C91BC942}") = "sdk", "cmake\vst_cmake\public.sdk\sdk.vcxproj", "{F1CF6991-9F00-3B84-AAB9-09AAAC17195D}"
	ProjectSection(ProjectDependencies) = postProject
		{304AC19C-1224-3DA4-9E9B-D069DB497252} = {304AC19C-1224-3DA4-9E9B-D069DB497252}
		{03AA288C-33F4-3B52-9334-91A3AEE41E11} = {03AA288C-33F4-3B52-9334-91A3AEE41E11}
		{7246B32F-F9A6-3F1B-8F0B-2F53F7D2547C} = {7246B32F-F9A6-3F1B-8F0B-2F53F7D2547C}
		{19D722C0-30C4-31A4-A5AF-3C8916938BCD} = {19D722C0-30C4-31A4-A5AF-3C8916938BCD}
	EndProjectSection
EndProject
Project("{8BC9CEB8-8B4A-11D0-8D11-00A0C91BC942}") = "sdk_common", "cmake\vst_cmake\public.sdk\sdk_common.vcxproj", "{19D722C0-30C4-31A4-A5AF-3C8916938BCD}"
	ProjectSection(ProjectDependencies) = postProject
		{304AC19C-1224-3DA4-9E9B-D069DB497252} = {304AC19C-1224-3DA4-9E9B-D069DB497252}
		{03AA288C-33F4-3B52-9334-91A3AEE41E11} = {03AA288C-33F4-3B52-9334-91A3AEE41E11}
		{7246B32F-F9A6-3F1B-8F0B-2F53F7D2547C} = {7246B32F-F9A6-3F1B-8F0B-2F53F7D2547C}
	EndProjectSection
EndProject
Project("{8BC9CEB8-8B4A-11D0-8D11-00A0C91BC942}") = "sdk_hosting", "cmake\vst_cmake\public.sdk\sdk_hosting.vcxproj", "{F8D1172C-EB31-355C-B83B-25B5DFC6892A}"
	ProjectSection(ProjectDependencies) = postProject
		{304AC19C-1224-3DA4-9E9B-D069DB497252} = {304AC19C-1224-3DA4-9E9B-D069DB497252}
		{03AA288C-33F4-3B52-9334-91A3AEE41E11} = {03AA288C-33F4-3B52-9334-91A3AEE41E11}
		{7246B32F-F9A6-3F1B-8F0B-2F53F7D2547C} = {7246B32F-F9A6-3F1B-8F0B-2F53F7D2547C}
		{19D722C0-30C4-31A4-A5AF-3C8916938BCD} = {19D722C0-30C4-31A4-A5AF-3C8916938BCD}
	EndProjectSection
EndProject
Project("{8BC9CEB8-8B4A-11D0-8D11-00A0C91BC942}") = "uidesccompressor", "cmake\vst_cmake\vstgui4\vstgui\tools\uidesccompressor\uidesccompressor.vcxproj", "{246DF427-1172-36D3-BF9A-54A6B4C88D1D}"
	ProjectSection(ProjectDependencies) = postProject
		{304AC19C-1224-3DA4-9E9B-D069DB497252} = {304AC19C-1224-3DA4-9E9B-D069DB497252}
		{7123B462-4931-35E6-99DB-0DC59D46D26D} = {7123B462-4931-35E6-99DB-0DC59D46D26D}
		{78DD9C92-6203-3611-AF14-8B145912DB56} = {78DD9C92-6203-3611-AF14-8B145912DB56}
	EndProjectSection
EndProject
Project("{8BC9CEB8-8B4A-11D0-8D11-00A0C91BC942}") = "validator", "cmake\vst_cmake\public.sdk\samples\vst-hosting\validator\validator.vcxproj", "{8E66C33B-538D-305C-9E71-B41A304C6B49}"
	ProjectSection(ProjectDependencies) = postProject
		{304AC19C-1224-3DA4-9E9B-D069DB497252} = {304AC19C-1224-3DA4-9E9B-D069DB497252}
		{03AA288C-33F4-3B52-9334-91A3AEE41E11} = {03AA288C-33F4-3B52-9334-91A3AEE41E11}
		{7246B32F-F9A6-3F1B-8F0B-2F53F7D2547C} = {7246B32F-F9A6-3F1B-8F0B-2F53F7D2547C}
		{19D722C0-30C4-31A4-A5AF-3C8916938BCD} = {19D722C0-30C4-31A4-A5AF-3C8916938BCD}
		{F8D1172C-EB31-355C-B83B-25B5DFC6892A} = {F8D1172C-EB31-355C-B83B-25B5DFC6892A}
	EndProjectSection
EndProject
Project("{8BC9CEB8-8B4A-11D0-8D11-00A0C91BC942}") = "vstgui", "cmake\vst_cmake\vstgui4\vstgui\lib\vstgui.vcxproj", "{7123B462-4931-35E6-99DB-0DC59D46D26D}"
	ProjectSection(ProjectDependencies) = postProject
		{304AC19C-1224-3DA4-9E9B-D069DB497252} = {304AC19C-1224-3DA4-9E9B-D069DB497252}
	EndProjectSection
EndProject
Project("{8BC9CEB8-8B4A-11D0-8D11-00A0C91BC942}") = "vstgui_support", "cmake\vst_cmake\vstgui_support.vcxproj", "{91EE838E-37B6-30DB-A7C5-064D4FDA0095}"
	ProjectSection(ProjectDependencies) = postProject
		{304AC19C-1224-3DA4-9E9B-D069DB497252} = {304AC19C-1224-3DA4-9E9B-D069DB497252}
		{7123B462-4931-35E6-99DB-0DC59D46D26D} = {7123B462-4931-35E6-99DB-0DC59D46D26D}
		{78DD9C92-6203-3611-AF14-8B145912DB56} = {78DD9C92-6203-3611-AF14-8B145912DB56}
	EndProjectSection
EndProject
Project("{8BC9CEB8-8B4A-11D0-8D11-00A0C91BC942}") = "vstgui_uidescription", "cmake\vst_cmake\vstgui4\vstgui\uidescription\vstgui_uidescription.vcxproj", "{78DD9C92-6203-3611-AF14-8B145912DB56}"
	ProjectSection(ProjectDependencies) = postProject
		{304AC19C-1224-3DA4-9E9B-D069DB497252} = {304AC19C-1224-3DA4-9E9B-D069DB497252}
		{7123B462-4931-35E6-99DB-0DC59D46D26D} = {7123B462-4931-35E6-99DB-0DC59D46D26D}
	EndProjectSection
EndProject
Global
	GlobalSection(SolutionConfigurationPlatforms) = preSolution
		Debug|x64 = Debug|x64
		Release|x64 = Release|x64
		MinSizeRel|x64 = MinSizeRel|x64
		RelWithDebInfo|x64 = RelWithDebInfo|x64
	EndGlobalSection
	GlobalSection(ProjectConfigurationPlatforms) = postSolution
		{03933386-6574-3225-9A61-DBE4512A0134}.Debug|x64.ActiveCfg = Debug|x64
		{03933386-6574-3225-9A61-DBE4512A0134}.Release|x64.ActiveCfg = Release|x64
		{03933386-6574-3225-9A61-DBE4512A0134}.MinSizeRel|x64.ActiveCfg = MinSizeRel|x64
		{03933386-6574-3225-9A61-DBE4512A0134}.RelWithDebInfo|x64.ActiveCfg = RelWithDebInfo|x64
		{00E5D0B3-420A-3BB9-A936-B3CB5F77B1EE}.Debug|x64.ActiveCfg = Debug|x64
		{00E5D0B3-420A-3BB9-A936-B3CB5F77B1EE}.Debug|x64.Build.0 = Debug|x64
		{00E5D0B3-420A-3BB9-A936-B3CB5F77B1EE}.Release|x64.ActiveCfg = Release|x64
		{00E5D0B3-420A-3BB9-A936-B3CB5F77B1EE}.Release|x64.Build.0 = Release|x64
		{00E5D0B3-420A-3BB9-A936-B3CB5F77B1EE}.MinSizeRel|x64.ActiveCfg = MinSizeRel|x64
		{00E5D0B3-420A-3BB9-A936-B3CB5F77B1EE}.MinSizeRel|x64.Build.0 = MinSizeRel|x64
		{00E5D0B3-420A-3BB9-A936-B3CB5F77B1EE}.RelWithDebInfo|x64.ActiveCfg = RelWithDebInfo|x64
		{00E5D0B3-420A-3BB9-A936-B3CB5F77B1EE}.RelWithDebInfo|x64.Build.0 = RelWithDebInfo|x64
		{304AC19C-1224-3DA4-9E9B-D069DB497252}.Debug|x64.ActiveCfg = Debug|x64
		{304AC19C-1224-3DA4-9E9B-D069DB497252}.Debug|x64.Build.0 = Debug|x64
		{304AC19C-1224-3DA4-9E9B-D069DB497252}.Release|x64.ActiveCfg = Release|x64
		{304AC19C-1224-3DA4-9E9B-D069DB497252}.Release|x64.Build.0 = Release|x64
		{304AC19C-1224-3DA4-9E9B-D069DB497252}.MinSizeRel|x64.ActiveCfg = MinSizeRel|x64
		{304AC19C-1224-3DA4-9E9B-D069DB497252}.MinSizeRel|x64.Build.0 = MinSizeRel|x64
		{304AC19C-1224-3DA4-9E9B-D069DB497252}.RelWithDebInfo|x64.ActiveCfg = RelWithDebInfo|x64
		{304AC19C-1224-3DA4-9E9B-D069DB497252}.RelWithDebInfo|x64.Build.0 = RelWithDebInfo|x64
		{03AA288C-33F4-3B52-9334-91A3AEE41E11}.Debug|x64.ActiveCfg = Debug|x64
		{03AA288C-33F4-3B52-9334-91A3AEE41E11}.Debug|x64.Build.0 = Debug|x64
		{03AA288C-33F4-3B52-9334-91A3AEE41E11}.Release|x64.ActiveCfg = Release|x64
		{03AA288C-33F4-3B52-9334-91A3AEE41E11}.Release|x64.Build.0 = Release|x64
		{03AA288C-33F4-3B52-9334-91A3AEE41E11}.MinSizeRel|x64.ActiveCfg = MinSizeRel|x64
		{03AA288C-33F4-3B52-9334-91A3AEE41E11}.MinSizeRel|x64.Build.0 = MinSizeRel|x64
		{03AA288C-33F4-3B52-9334-91A3AEE41E11}.RelWithDebInfo|x64.ActiveCfg = RelWithDebInfo|x64
		{03AA288C-33F4-3B52-9334-91A3AEE41E11}.RelWithDebInfo|x64.Build.0 = RelWithDebInfo|x64
		{7246B32F-F9A6-3F1B-8F0B-2F53F7D2547C}.Debug|x64.ActiveCfg = Debug|x64
		{7246B32F-F9A6-3F1B-8F0B-2F53F7D2547C}.Debug|x64.Build.0 = Debug|x64
		{7246B32F-F9A6-3F1B-8F0B-2F53F7D2547C}.Release|x64.ActiveCfg = Release|x64
		{7246B32F-F9A6-3F1B-8F0B-2F53F7D2547C}.Release|x64.Build.0 = Release|x64
		{7246B32F-F9A6-3F1B-8F0B-2F53F7D2547C}.MinSizeRel|x64.ActiveCfg = MinSizeRel|x64
		{7246B32F-F9A6-3F1B-8F0B-2F53F7D2547C}.MinSizeRel|x64.Build.0 = MinSizeRel|x64
		{7246B32F-F9A6-3F1B-8F0B-2F53F7D2547C}.RelWithDebInfo|x64.ActiveCfg = RelWithDebInfo|x64
		{7246B32F-F9A6-3F1B-8F0B-2F53F7D2547C}.RelWithDebInfo|x64.Build.0 = RelWithDebInfo|x64
		{F1CF6991-9F00-3B84-AAB9-09AAAC17195D}.Debug|x64.ActiveCfg = Debug|x64
		{F1CF6991-9F00-3B84-AAB9-09AAAC17195D}.Debug|x64.Build.0 = Debug|x64
		{F1CF6991-9F00-3B84-AAB9-09AAAC17195D}.Release|x64.ActiveCfg = Release|x64
		{F1CF6991-9F00-3B84-AAB9-09AAAC17195D}.Release|x64.Build.0 = Release|x64
		{F1CF6991-9F00-3B84-AAB9-09AAAC17195D}.MinSizeRel|x64.ActiveCfg = MinSizeRel|x64
		{F1CF6991-9F00-3B84-AAB9-09AAAC17195D}.MinSizeRel|x64.Build.0 = MinSizeRel|x64
		{F1CF6991-9F00-3B84-AAB9-09AAAC17195D}.RelWithDebInfo|x64.ActiveCfg = RelWithDebInfo|x64
		{F1CF6991-9F00-3B84-AAB9-09AAAC17195D}.RelWithDebInfo|x64.Build.0 = RelWithDebInfo|x64
		{19D722C0-30C4-31A4-A5AF-3C8916938BCD}.Debug|x64.ActiveCfg = Debug|x64
		{19D722C0-30C4-31A4-A5AF-3C8916938BCD}.Debug|x64.Build.0 = Debug|x64
		{19D722C0-30C4-31A4-A5AF-3C8916938BCD}.Release|x64.ActiveCfg = Release|x64
		{19D722C0-30C4-31A4-A5AF-3C8916938BCD}.Release|x64.Build.0 = Release|x64
		{19D722C0-30C4-31A4-A5AF-3C8916938BCD}.MinSizeRel|x64.ActiveCfg = MinSizeRel|x64
		{19D722C0-30C4-31A4-A5AF-3C8916938BCD}.MinSizeRel|x64.Build.0 = MinSizeRel|x64
		{19D722C0-30C4-31A4-A5AF-3C8916938BCD}.RelWithDebInfo|x64.ActiveCfg = RelWithDebInfo|x64
		{19D722C0-30C4-31A4-A5AF-3C8916938BCD}.RelWithDebInfo|x64.Build.0 = RelWithDebInfo|x64
		{F8D1172C-EB31-355C-B83B-25B5DFC6892A}.Debug|x64.ActiveCfg = Debug|x64
		{F8D1172C-EB31-355C-B83B-25B5DFC6892A}.Debug|x64.Build.0 = Debug|x64
		{F8D1172C-EB31-355C-B83B-25B5DFC6892A}.Release|x64.ActiveCfg = Release|x64
		{F8D1172C-EB31-355C-B83B-25B5DFC6892A}.Release|x64.Build.0 = Release|x64
		{F8D1172C-EB31-355C-B83B-25B5DFC6892A}.MinSizeRel|x64.ActiveCfg = MinSizeRel|x64
		{F8D1172C-EB31-355C-B83B-25B5DFC6892A}.MinSizeRel|x64.Build.0 = MinSizeRel|x64
		{F8D1172C-EB31-355C-B83B-25B5DFC6892A}.RelWithDebInfo|x64.ActiveCfg = RelWithDebInfo|x64
		{F8D1172C-EB31-355C-B83B-25B5DFC6892A}.RelWithDebInfo|x64.Build.0 = RelWithDebInfo|x64
		{246DF427-1172-36D3-BF9A-54A6B4C88D1D}.Debug|x64.ActiveCfg = Debug|x64
		{246DF427-1172-36D3-BF9A-54A6B4C88D1D}.Debug|x64.Build.0 = Debug|x64
		{246DF427-1172-36D3-BF9A-54A6B4C88D1D}.Release|x64.ActiveCfg = Release|x64
		{246DF427-1172-36D3-BF9A-54A6B4C88D1D}.Release|x64.Build.0 = Release|x64
		{246DF427-1172-36D3-BF9A-54A6B4C88D1D}.MinSizeRel|x64.ActiveCfg = MinSizeRel|x64
		{246DF427-1172-36D3-BF9A-54A6B4C88D1D}.MinSizeRel|x64.Build.0 = MinSizeRel|x64
		{246DF427-1172-36D3-BF9A-54A6B4C88D1D}.RelWithDebInfo|x64.ActiveCfg = RelWithDebInfo|x64
		{246DF427-1172-36D3-BF9A-54A6B4C88D1D}.RelWithDebInfo|x64.Build.0 = RelWithDebInfo|x64
		{8E66C33B-538D-305C-9E71-B41A304C6B49}.Debug|x64.ActiveCfg = Debug|x64
		{8E66C33B-538D-305C-9E71-B41A304C6B49}.Debug|x64.Build.0 = Debug|x64
		{8E66C33B-538D-305C-9E71-B41A304C6B49}.Release|x64.ActiveCfg = Release|x64
		{8E66C33B-538D-305C-9E71-B41A304C6B49}.Release|x64.Build.0 = Release|x64
		{8E66C33B-538D-305C-9E71-B41A304C6B49}.MinSizeRel|x64.ActiveCfg = MinSizeRel|x64
		{8E66C33B-538D-305C-9E71-B41A304C6B49}.MinSizeRel|x64.Build.0 = MinSizeRel|x64
		{8E66C33B-538D-305C-9E71-B41A304C6B49}.RelWithDebInfo|x64.ActiveCfg = RelWithDebInfo|x64
		{8E66C33B-538D-305C-9E71-B41A304C6B49}.RelWithDebInfo|x64.Build.0 = RelWithDebInfo|x64
		{7123B462-4931-35E6-99DB-0DC59D46D26D}.Debug|x64.ActiveCfg = Debug|x64
		{7123B462-4931-35E6-99DB-0DC59D46D26D}.Debug|x64.Build.0 = Debug|x64
		{7123B462-4931-35E6-99DB-0DC59D46D26D}.Release|x64.ActiveCfg = Release|x64
		{7123B462-4931-35E6-99DB-0DC59D46D26D}.Release|x64.Build.0 = Release|x64
		{7123B462-4931-35E6-99DB-0DC59D46D26D}.MinSizeRel|x64.ActiveCfg = MinSizeRel|x64
		{7123B462-4931-35E6-99DB-0DC59D46D26D}.MinSizeRel|x64.Build.0 = MinSizeRel|x64
		{7123B462-4931-35E6-99DB-0DC59D46D26D}.RelWithDebInfo|x64.ActiveCfg = RelWithDebInfo|x64
		{7123B462-4931-35E6-99DB-0DC59D46D26D}.RelWithDebInfo|x64.Build.0 = RelWithDebInfo|x64
		{91EE838E-37B6-30DB-A7C5-064D4FDA0095}.Debug|x64.ActiveCfg = Debug|x64
		{91EE838E-37B6-30DB-A7C5-064D4FDA0095}.Debug|x64.Build.0 = Debug|x64
		{91EE838E-37B6-30DB-A7C5-064D4FDA0095}.Release|x64.ActiveCfg = Release|x64
		{91EE838E-37B6-30DB-A7C5-064D4FDA0095}.Release|x64.Build.0 = Release|x64
		{91EE838E-37B6-30DB-A7C5-064D4FDA0095}.MinSizeRel|x64.ActiveCfg = MinSizeRel|x64
		{91EE838E-37B6-30DB-A7C5-064D4FDA0095}.MinSizeRel|x64.Build.0 = MinSizeRel|x64
		{91EE838E-37B6-30DB-A7C5-064D4FDA0095}.RelWithDebInfo|x64.ActiveCfg = RelWithDebInfo|x64
		{91EE838E-37B6-30DB-A7C5-064D4FDA0095}.RelWithDebInfo|x64.Build.0 = RelWithDebInfo|x64
		{78DD9C92-6203-3611-AF14-8B145912DB56}.Debug|x64.ActiveCfg = Debug|x64
		{78DD9C92-6203-3611-AF14-8B145912DB56}.Debug|x64.Build.0 = Debug|x64
		{78DD9C92-6203-3611-AF14-8B145912DB56}.Release|x64.ActiveCfg = Release|x64
		{78DD9C92-6203-3611-AF14-8B145912DB56}.Release|x64.Build.0 = Release|x64
		{78DD9C92-6203-3611-AF14-8B145912DB56}.MinSizeRel|x64.ActiveCfg = MinSizeRel|x64
		{78DD9C92-6203-3611-AF14-8B145912DB56}.MinSizeRel|x64.Build.0 = MinSizeRel|x64
		{78DD9C92-6203-3611-AF14-8B145912DB56}.RelWithDebInfo|x64.ActiveCfg = RelWithDebInfo|x64
		{78DD9C92-6203-3611-AF14-8B145912DB56}.RelWithDebInfo|x64.Build.0 = RelWithDebInfo|x64
	EndGlobalSection
	GlobalSection(NestedProjects) = preSolution
		{03AA288C-33F4-3B52-9334-91A3AEE41E11} = {0C0CB85C-9422-361B-9E67-4173FE6ED60A}
		{F1CF6991-9F00-3B84-AAB9-09AAAC17195D} = {0C0CB85C-9422-361B-9E67-4173FE6ED60A}
		{7123B462-4931-35E6-99DB-0DC59D46D26D} = {0C0CB85C-9422-361B-9E67-4173FE6ED60A}
		{91EE838E-37B6-30DB-A7C5-064D4FDA0095} = {0C0CB85C-9422-361B-9E67-4173FE6ED60A}
		{78DD9C92-6203-3611-AF14-8B145912DB56} = {0C0CB85C-9422-361B-9E67-4173FE6ED60A}
		{03933386-6574-3225-9A61-DBE4512A0134} = {FAD8BF08-2676-35B7-8772-A95720E4471A}
		{304AC19C-1224-3DA4-9E9B-D069DB497252} = {FAD8BF08-2676-35B7-8772-A95720E4471A}
		{246DF427-1172-36D3-BF9A-54A6B4C88D1D} = {0880EF8C-1CFD-34EC-9A5C-7BAAEFBE2E20}
		{8E66C33B-538D-305C-9E71-B41A304C6B49} = {E2888C00-DF28-34DE-93BF-6226B0934E2D}
	EndGlobalSection
	GlobalSection(ExtensibilityGlobals) = postSolution
		SolutionGuid = {70F20222-F42A-39BE-999C-7CF202C371D0}
	EndGlobalSection
	GlobalSection(ExtensibilityAddIns) = postSolution
	EndGlobalSection
EndGlobal
