
Microsoft Visual Studio Solution File, Format Version 12.00
# Visual Studio Version 16
Project("{2150E333-8FDC-42A3-9474-1A3956D46DE8}") = "Libraries", "Libraries", "{71EE9239-A899-3357-9EC2-5E2E92611C2A}"
EndProject
Project("{2150E333-8FDC-42A3-9474-1A3956D46DE8}") = "Predefined", "Predefined", "{5F303615-2668-33B2-8676-52305765442D}"
EndProject
Project("{2150E333-8FDC-42A3-9474-1A3956D46DE8}") = "VSTGUI Tools", "VSTGUI Tools", "{5324B309-DD59-36DA-BE8D-77739A03676E}"
EndProject
Project("{2150E333-8FDC-42A3-9474-1A3956D46DE8}") = "Validator", "Validator", "{79C089F9-567D-3135-BFE7-C393EB998304}"
EndProject
Project("{8BC9CEB8-8B4A-11D0-8D11-00A0C91BC942}") = "ALL_BUILD", "ALL_BUILD.vcxproj", "{4A111886-2CDF-3E49-9BAC-3B4411DFB032}"
	ProjectSection(ProjectDependencies) = postProject
		{67FE0791-F45B-34C7-9160-347419859183} = {67FE0791-F45B-34C7-9160-347419859183}
		{8D580982-8092-35CB-B9AD-1543F3A72F61} = {8D580982-8092-35CB-B9AD-1543F3A72F61}
		{8047F48B-EB57-3224-B846-A21E91877060} = {8047F48B-EB57-3224-B846-A21E91877060}
		{FDADFCF6-E5F2-34A3-97D6-11BE34EB081C} = {FDADFCF6-E5F2-34A3-97D6-11BE34EB081C}
		{9625E2FD-5353-36A0-91DA-82AE9F8BC6BE} = {9625E2FD-5353-36A0-91DA-82AE9F8BC6BE}
		{5514ADA1-6793-3FC3-9F8D-1036F2B8D476} = {5514ADA1-6793-3FC3-9F8D-1036F2B8D476}
		{D5A14A3E-0998-3147-9FF8-F25450E16CCA} = {D5A14A3E-0998-3147-9FF8-F25450E16CCA}
		{41284971-A727-31E2-B0E0-BAA52436E875} = {41284971-A727-31E2-B0E0-BAA52436E875}
		{71BBA9E7-9577-3AF5-A084-2E6FC357FC8C} = {71BBA9E7-9577-3AF5-A084-2E6FC357FC8C}
		{DDD9E2FB-62DB-3857-8ADF-B73F2A78AEBE} = {DDD9E2FB-62DB-3857-8ADF-B73F2A78AEBE}
		{CFE3201E-2F0B-32B6-B899-8BE0864BD0A7} = {CFE3201E-2F0B-32B6-B899-8BE0864BD0A7}
		{569F5609-46FB-38AA-9C91-0F95D9DF7C74} = {569F5609-46FB-38AA-9C91-0F95D9DF7C74}
	EndProjectSection
EndProject
Project("{8BC9CEB8-8B4A-11D0-8D11-00A0C91BC942}") = "Memento", "project_source\cmake\vst_cmake\Memento.vcxproj", "{67FE0791-F45B-34C7-9160-347419859183}"
	ProjectSection(ProjectDependencies) = postProject
		{8D580982-8092-35CB-B9AD-1543F3A72F61} = {8D580982-8092-35CB-B9AD-1543F3A72F61}
		{8047F48B-EB57-3224-B846-A21E91877060} = {8047F48B-EB57-3224-B846-A21E91877060}
		{FDADFCF6-E5F2-34A3-97D6-11BE34EB081C} = {FDADFCF6-E5F2-34A3-97D6-11BE34EB081C}
		{9625E2FD-5353-36A0-91DA-82AE9F8BC6BE} = {9625E2FD-5353-36A0-91DA-82AE9F8BC6BE}
		{5514ADA1-6793-3FC3-9F8D-1036F2B8D476} = {5514ADA1-6793-3FC3-9F8D-1036F2B8D476}
		{71BBA9E7-9577-3AF5-A084-2E6FC357FC8C} = {71BBA9E7-9577-3AF5-A084-2E6FC357FC8C}
		{DDD9E2FB-62DB-3857-8ADF-B73F2A78AEBE} = {DDD9E2FB-62DB-3857-8ADF-B73F2A78AEBE}
		{CFE3201E-2F0B-32B6-B899-8BE0864BD0A7} = {CFE3201E-2F0B-32B6-B899-8BE0864BD0A7}
		{569F5609-46FB-38AA-9C91-0F95D9DF7C74} = {569F5609-46FB-38AA-9C91-0F95D9DF7C74}
	EndProjectSection
EndProject
Project("{8BC9CEB8-8B4A-11D0-8D11-00A0C91BC942}") = "ZERO_CHECK", "ZERO_CHECK.vcxproj", "{8D580982-8092-35CB-B9AD-1543F3A72F61}"
	ProjectSection(ProjectDependencies) = postProject
	EndProjectSection
EndProject
Project("{8BC9CEB8-8B4A-11D0-8D11-00A0C91BC942}") = "base", "cmake\vst_cmake\base\base.vcxproj", "{8047F48B-EB57-3224-B846-A21E91877060}"
	ProjectSection(ProjectDependencies) = postProject
		{8D580982-8092-35CB-B9AD-1543F3A72F61} = {8D580982-8092-35CB-B9AD-1543F3A72F61}
	EndProjectSection
EndProject
Project("{8BC9CEB8-8B4A-11D0-8D11-00A0C91BC942}") = "pluginterfaces", "cmake\vst_cmake\pluginterfaces\pluginterfaces.vcxproj", "{FDADFCF6-E5F2-34A3-97D6-11BE34EB081C}"
	ProjectSection(ProjectDependencies) = postProject
		{8D580982-8092-35CB-B9AD-1543F3A72F61} = {8D580982-8092-35CB-B9AD-1543F3A72F61}
	EndProjectSection
EndProject
Project("{8BC9CEB8-8B4A-11D0-8D11-00A0C91BC942}") = "sdk", "cmake\vst_cmake\public.sdk\sdk.vcxproj", "{9625E2FD-5353-36A0-91DA-82AE9F8BC6BE}"
	ProjectSection(ProjectDependencies) = postProject
		{8D580982-8092-35CB-B9AD-1543F3A72F61} = {8D580982-8092-35CB-B9AD-1543F3A72F61}
		{8047F48B-EB57-3224-B846-A21E91877060} = {8047F48B-EB57-3224-B846-A21E91877060}
		{FDADFCF6-E5F2-34A3-97D6-11BE34EB081C} = {FDADFCF6-E5F2-34A3-97D6-11BE34EB081C}
		{5514ADA1-6793-3FC3-9F8D-1036F2B8D476} = {5514ADA1-6793-3FC3-9F8D-1036F2B8D476}
	EndProjectSection
EndProject
Project("{8BC9CEB8-8B4A-11D0-8D11-00A0C91BC942}") = "sdk_common", "cmake\vst_cmake\public.sdk\sdk_common.vcxproj", "{5514ADA1-6793-3FC3-9F8D-1036F2B8D476}"
	ProjectSection(ProjectDependencies) = postProject
		{8D580982-8092-35CB-B9AD-1543F3A72F61} = {8D580982-8092-35CB-B9AD-1543F3A72F61}
		{8047F48B-EB57-3224-B846-A21E91877060} = {8047F48B-EB57-3224-B846-A21E91877060}
		{FDADFCF6-E5F2-34A3-97D6-11BE34EB081C} = {FDADFCF6-E5F2-34A3-97D6-11BE34EB081C}
	EndProjectSection
EndProject
Project("{8BC9CEB8-8B4A-11D0-8D11-00A0C91BC942}") = "sdk_hosting", "cmake\vst_cmake\public.sdk\sdk_hosting.vcxproj", "{D5A14A3E-0998-3147-9FF8-F25450E16CCA}"
	ProjectSection(ProjectDependencies) = postProject
		{8D580982-8092-35CB-B9AD-1543F3A72F61} = {8D580982-8092-35CB-B9AD-1543F3A72F61}
		{8047F48B-EB57-3224-B846-A21E91877060} = {8047F48B-EB57-3224-B846-A21E91877060}
		{FDADFCF6-E5F2-34A3-97D6-11BE34EB081C} = {FDADFCF6-E5F2-34A3-97D6-11BE34EB081C}
		{5514ADA1-6793-3FC3-9F8D-1036F2B8D476} = {5514ADA1-6793-3FC3-9F8D-1036F2B8D476}
	EndProjectSection
EndProject
Project("{8BC9CEB8-8B4A-11D0-8D11-00A0C91BC942}") = "uidesccompressor", "cmake\vst_cmake\vstgui4\vstgui\tools\uidesccompressor\uidesccompressor.vcxproj", "{41284971-A727-31E2-B0E0-BAA52436E875}"
	ProjectSection(ProjectDependencies) = postProject
		{8D580982-8092-35CB-B9AD-1543F3A72F61} = {8D580982-8092-35CB-B9AD-1543F3A72F61}
		{DDD9E2FB-62DB-3857-8ADF-B73F2A78AEBE} = {DDD9E2FB-62DB-3857-8ADF-B73F2A78AEBE}
		{569F5609-46FB-38AA-9C91-0F95D9DF7C74} = {569F5609-46FB-38AA-9C91-0F95D9DF7C74}
	EndProjectSection
EndProject
Project("{8BC9CEB8-8B4A-11D0-8D11-00A0C91BC942}") = "validator", "cmake\vst_cmake\public.sdk\samples\vst-hosting\validator\validator.vcxproj", "{71BBA9E7-9577-3AF5-A084-2E6FC357FC8C}"
	ProjectSection(ProjectDependencies) = postProject
		{8D580982-8092-35CB-B9AD-1543F3A72F61} = {8D580982-8092-35CB-B9AD-1543F3A72F61}
		{8047F48B-EB57-3224-B846-A21E91877060} = {8047F48B-EB57-3224-B846-A21E91877060}
		{FDADFCF6-E5F2-34A3-97D6-11BE34EB081C} = {FDADFCF6-E5F2-34A3-97D6-11BE34EB081C}
		{5514ADA1-6793-3FC3-9F8D-1036F2B8D476} = {5514ADA1-6793-3FC3-9F8D-1036F2B8D476}
		{D5A14A3E-0998-3147-9FF8-F25450E16CCA} = {D5A14A3E-0998-3147-9FF8-F25450E16CCA}
	EndProjectSection
EndProject
Project("{8BC9CEB8-8B4A-11D0-8D11-00A0C91BC942}") = "vstgui", "cmake\vst_cmake\vstgui4\vstgui\lib\vstgui.vcxproj", "{DDD9E2FB-62DB-3857-8ADF-B73F2A78AEBE}"
	ProjectSection(ProjectDependencies) = postProject
		{8D580982-8092-35CB-B9AD-1543F3A72F61} = {8D580982-8092-35CB-B9AD-1543F3A72F61}
	EndProjectSection
EndProject
Project("{8BC9CEB8-8B4A-11D0-8D11-00A0C91BC942}") = "vstgui_support", "cmake\vst_cmake\vstgui_support.vcxproj", "{CFE3201E-2F0B-32B6-B899-8BE0864BD0A7}"
	ProjectSection(ProjectDependencies) = postProject
		{8D580982-8092-35CB-B9AD-1543F3A72F61} = {8D580982-8092-35CB-B9AD-1543F3A72F61}
		{DDD9E2FB-62DB-3857-8ADF-B73F2A78AEBE} = {DDD9E2FB-62DB-3857-8ADF-B73F2A78AEBE}
		{569F5609-46FB-38AA-9C91-0F95D9DF7C74} = {569F5609-46FB-38AA-9C91-0F95D9DF7C74}
	EndProjectSection
EndProject
Project("{8BC9CEB8-8B4A-11D0-8D11-00A0C91BC942}") = "vstgui_uidescription", "cmake\vst_cmake\vstgui4\vstgui\uidescription\vstgui_uidescription.vcxproj", "{569F5609-46FB-38AA-9C91-0F95D9DF7C74}"
	ProjectSection(ProjectDependencies) = postProject
		{8D580982-8092-35CB-B9AD-1543F3A72F61} = {8D580982-8092-35CB-B9AD-1543F3A72F61}
		{DDD9E2FB-62DB-3857-8ADF-B73F2A78AEBE} = {DDD9E2FB-62DB-3857-8ADF-B73F2A78AEBE}
	EndProjectSection
EndProject
Global
	GlobalSection(SolutionConfigurationPlatforms) = preSolution
		Debug|x64 = Debug|x64
		Release|x64 = Release|x64
		MinSizeRel|x64 = MinSizeRel|x64
		RelWithDebInfo|x64 = RelWithDebInfo|x64
	EndGlobalSection
	GlobalSection(ProjectConfigurationPlatforms) = postSolution
		{4A111886-2CDF-3E49-9BAC-3B4411DFB032}.Debug|x64.ActiveCfg = Debug|x64
		{4A111886-2CDF-3E49-9BAC-3B4411DFB032}.Release|x64.ActiveCfg = Release|x64
		{4A111886-2CDF-3E49-9BAC-3B4411DFB032}.MinSizeRel|x64.ActiveCfg = MinSizeRel|x64
		{4A111886-2CDF-3E49-9BAC-3B4411DFB032}.RelWithDebInfo|x64.ActiveCfg = RelWithDebInfo|x64
		{67FE0791-F45B-34C7-9160-347419859183}.Debug|x64.ActiveCfg = Debug|x64
		{67FE0791-F45B-34C7-9160-347419859183}.Debug|x64.Build.0 = Debug|x64
		{67FE0791-F45B-34C7-9160-347419859183}.Release|x64.ActiveCfg = Release|x64
		{67FE0791-F45B-34C7-9160-347419859183}.Release|x64.Build.0 = Release|x64
		{67FE0791-F45B-34C7-9160-347419859183}.MinSizeRel|x64.ActiveCfg = MinSizeRel|x64
		{67FE0791-F45B-34C7-9160-347419859183}.MinSizeRel|x64.Build.0 = MinSizeRel|x64
		{67FE0791-F45B-34C7-9160-347419859183}.RelWithDebInfo|x64.ActiveCfg = RelWithDebInfo|x64
		{67FE0791-F45B-34C7-9160-347419859183}.RelWithDebInfo|x64.Build.0 = RelWithDebInfo|x64
		{8D580982-8092-35CB-B9AD-1543F3A72F61}.Debug|x64.ActiveCfg = Debug|x64
		{8D580982-8092-35CB-B9AD-1543F3A72F61}.Debug|x64.Build.0 = Debug|x64
		{8D580982-8092-35CB-B9AD-1543F3A72F61}.Release|x64.ActiveCfg = Release|x64
		{8D580982-8092-35CB-B9AD-1543F3A72F61}.Release|x64.Build.0 = Release|x64
		{8D580982-8092-35CB-B9AD-1543F3A72F61}.MinSizeRel|x64.ActiveCfg = MinSizeRel|x64
		{8D580982-8092-35CB-B9AD-1543F3A72F61}.MinSizeRel|x64.Build.0 = MinSizeRel|x64
		{8D580982-8092-35CB-B9AD-1543F3A72F61}.RelWithDebInfo|x64.ActiveCfg = RelWithDebInfo|x64
		{8D580982-8092-35CB-B9AD-1543F3A72F61}.RelWithDebInfo|x64.Build.0 = RelWithDebInfo|x64
		{8047F48B-EB57-3224-B846-A21E91877060}.Debug|x64.ActiveCfg = Debug|x64
		{8047F48B-EB57-3224-B846-A21E91877060}.Debug|x64.Build.0 = Debug|x64
		{8047F48B-EB57-3224-B846-A21E91877060}.Release|x64.ActiveCfg = Release|x64
		{8047F48B-EB57-3224-B846-A21E91877060}.Release|x64.Build.0 = Release|x64
		{8047F48B-EB57-3224-B846-A21E91877060}.MinSizeRel|x64.ActiveCfg = MinSizeRel|x64
		{8047F48B-EB57-3224-B846-A21E91877060}.MinSizeRel|x64.Build.0 = MinSizeRel|x64
		{8047F48B-EB57-3224-B846-A21E91877060}.RelWithDebInfo|x64.ActiveCfg = RelWithDebInfo|x64
		{8047F48B-EB57-3224-B846-A21E91877060}.RelWithDebInfo|x64.Build.0 = RelWithDebInfo|x64
		{FDADFCF6-E5F2-34A3-97D6-11BE34EB081C}.Debug|x64.ActiveCfg = Debug|x64
		{FDADFCF6-E5F2-34A3-97D6-11BE34EB081C}.Debug|x64.Build.0 = Debug|x64
		{FDADFCF6-E5F2-34A3-97D6-11BE34EB081C}.Release|x64.ActiveCfg = Release|x64
		{FDADFCF6-E5F2-34A3-97D6-11BE34EB081C}.Release|x64.Build.0 = Release|x64
		{FDADFCF6-E5F2-34A3-97D6-11BE34EB081C}.MinSizeRel|x64.ActiveCfg = MinSizeRel|x64
		{FDADFCF6-E5F2-34A3-97D6-11BE34EB081C}.MinSizeRel|x64.Build.0 = MinSizeRel|x64
		{FDADFCF6-E5F2-34A3-97D6-11BE34EB081C}.RelWithDebInfo|x64.ActiveCfg = RelWithDebInfo|x64
		{FDADFCF6-E5F2-34A3-97D6-11BE34EB081C}.RelWithDebInfo|x64.Build.0 = RelWithDebInfo|x64
		{9625E2FD-5353-36A0-91DA-82AE9F8BC6BE}.Debug|x64.ActiveCfg = Debug|x64
		{9625E2FD-5353-36A0-91DA-82AE9F8BC6BE}.Debug|x64.Build.0 = Debug|x64
		{9625E2FD-5353-36A0-91DA-82AE9F8BC6BE}.Release|x64.ActiveCfg = Release|x64
		{9625E2FD-5353-36A0-91DA-82AE9F8BC6BE}.Release|x64.Build.0 = Release|x64
		{9625E2FD-5353-36A0-91DA-82AE9F8BC6BE}.MinSizeRel|x64.ActiveCfg = MinSizeRel|x64
		{9625E2FD-5353-36A0-91DA-82AE9F8BC6BE}.MinSizeRel|x64.Build.0 = MinSizeRel|x64
		{9625E2FD-5353-36A0-91DA-82AE9F8BC6BE}.RelWithDebInfo|x64.ActiveCfg = RelWithDebInfo|x64
		{9625E2FD-5353-36A0-91DA-82AE9F8BC6BE}.RelWithDebInfo|x64.Build.0 = RelWithDebInfo|x64
		{5514ADA1-6793-3FC3-9F8D-1036F2B8D476}.Debug|x64.ActiveCfg = Debug|x64
		{5514ADA1-6793-3FC3-9F8D-1036F2B8D476}.Debug|x64.Build.0 = Debug|x64
		{5514ADA1-6793-3FC3-9F8D-1036F2B8D476}.Release|x64.ActiveCfg = Release|x64
		{5514ADA1-6793-3FC3-9F8D-1036F2B8D476}.Release|x64.Build.0 = Release|x64
		{5514ADA1-6793-3FC3-9F8D-1036F2B8D476}.MinSizeRel|x64.ActiveCfg = MinSizeRel|x64
		{5514ADA1-6793-3FC3-9F8D-1036F2B8D476}.MinSizeRel|x64.Build.0 = MinSizeRel|x64
		{5514ADA1-6793-3FC3-9F8D-1036F2B8D476}.RelWithDebInfo|x64.ActiveCfg = RelWithDebInfo|x64
		{5514ADA1-6793-3FC3-9F8D-1036F2B8D476}.RelWithDebInfo|x64.Build.0 = RelWithDebInfo|x64
		{D5A14A3E-0998-3147-9FF8-F25450E16CCA}.Debug|x64.ActiveCfg = Debug|x64
		{D5A14A3E-0998-3147-9FF8-F25450E16CCA}.Debug|x64.Build.0 = Debug|x64
		{D5A14A3E-0998-3147-9FF8-F25450E16CCA}.Release|x64.ActiveCfg = Release|x64
		{D5A14A3E-0998-3147-9FF8-F25450E16CCA}.Release|x64.Build.0 = Release|x64
		{D5A14A3E-0998-3147-9FF8-F25450E16CCA}.MinSizeRel|x64.ActiveCfg = MinSizeRel|x64
		{D5A14A3E-0998-3147-9FF8-F25450E16CCA}.MinSizeRel|x64.Build.0 = MinSizeRel|x64
		{D5A14A3E-0998-3147-9FF8-F25450E16CCA}.RelWithDebInfo|x64.ActiveCfg = RelWithDebInfo|x64
		{D5A14A3E-0998-3147-9FF8-F25450E16CCA}.RelWithDebInfo|x64.Build.0 = RelWithDebInfo|x64
		{41284971-A727-31E2-B0E0-BAA52436E875}.Debug|x64.ActiveCfg = Debug|x64
		{41284971-A727-31E2-B0E0-BAA52436E875}.Debug|x64.Build.0 = Debug|x64
		{41284971-A727-31E2-B0E0-BAA52436E875}.Release|x64.ActiveCfg = Release|x64
		{41284971-A727-31E2-B0E0-BAA52436E875}.Release|x64.Build.0 = Release|x64
		{41284971-A727-31E2-B0E0-BAA52436E875}.MinSizeRel|x64.ActiveCfg = MinSizeRel|x64
		{41284971-A727-31E2-B0E0-BAA52436E875}.MinSizeRel|x64.Build.0 = MinSizeRel|x64
		{41284971-A727-31E2-B0E0-BAA52436E875}.RelWithDebInfo|x64.ActiveCfg = RelWithDebInfo|x64
		{41284971-A727-31E2-B0E0-BAA52436E875}.RelWithDebInfo|x64.Build.0 = RelWithDebInfo|x64
		{71BBA9E7-9577-3AF5-A084-2E6FC357FC8C}.Debug|x64.ActiveCfg = Debug|x64
		{71BBA9E7-9577-3AF5-A084-2E6FC357FC8C}.Debug|x64.Build.0 = Debug|x64
		{71BBA9E7-9577-3AF5-A084-2E6FC357FC8C}.Release|x64.ActiveCfg = Release|x64
		{71BBA9E7-9577-3AF5-A084-2E6FC357FC8C}.Release|x64.Build.0 = Release|x64
		{71BBA9E7-9577-3AF5-A084-2E6FC357FC8C}.MinSizeRel|x64.ActiveCfg = MinSizeRel|x64
		{71BBA9E7-9577-3AF5-A084-2E6FC357FC8C}.MinSizeRel|x64.Build.0 = MinSizeRel|x64
		{71BBA9E7-9577-3AF5-A084-2E6FC357FC8C}.RelWithDebInfo|x64.ActiveCfg = RelWithDebInfo|x64
		{71BBA9E7-9577-3AF5-A084-2E6FC357FC8C}.RelWithDebInfo|x64.Build.0 = RelWithDebInfo|x64
		{DDD9E2FB-62DB-3857-8ADF-B73F2A78AEBE}.Debug|x64.ActiveCfg = Debug|x64
		{DDD9E2FB-62DB-3857-8ADF-B73F2A78AEBE}.Debug|x64.Build.0 = Debug|x64
		{DDD9E2FB-62DB-3857-8ADF-B73F2A78AEBE}.Release|x64.ActiveCfg = Release|x64
		{DDD9E2FB-62DB-3857-8ADF-B73F2A78AEBE}.Release|x64.Build.0 = Release|x64
		{DDD9E2FB-62DB-3857-8ADF-B73F2A78AEBE}.MinSizeRel|x64.ActiveCfg = MinSizeRel|x64
		{DDD9E2FB-62DB-3857-8ADF-B73F2A78AEBE}.MinSizeRel|x64.Build.0 = MinSizeRel|x64
		{DDD9E2FB-62DB-3857-8ADF-B73F2A78AEBE}.RelWithDebInfo|x64.ActiveCfg = RelWithDebInfo|x64
		{DDD9E2FB-62DB-3857-8ADF-B73F2A78AEBE}.RelWithDebInfo|x64.Build.0 = RelWithDebInfo|x64
		{CFE3201E-2F0B-32B6-B899-8BE0864BD0A7}.Debug|x64.ActiveCfg = Debug|x64
		{CFE3201E-2F0B-32B6-B899-8BE0864BD0A7}.Debug|x64.Build.0 = Debug|x64
		{CFE3201E-2F0B-32B6-B899-8BE0864BD0A7}.Release|x64.ActiveCfg = Release|x64
		{CFE3201E-2F0B-32B6-B899-8BE0864BD0A7}.Release|x64.Build.0 = Release|x64
		{CFE3201E-2F0B-32B6-B899-8BE0864BD0A7}.MinSizeRel|x64.ActiveCfg = MinSizeRel|x64
		{CFE3201E-2F0B-32B6-B899-8BE0864BD0A7}.MinSizeRel|x64.Build.0 = MinSizeRel|x64
		{CFE3201E-2F0B-32B6-B899-8BE0864BD0A7}.RelWithDebInfo|x64.ActiveCfg = RelWithDebInfo|x64
		{CFE3201E-2F0B-32B6-B899-8BE0864BD0A7}.RelWithDebInfo|x64.Build.0 = RelWithDebInfo|x64
		{569F5609-46FB-38AA-9C91-0F95D9DF7C74}.Debug|x64.ActiveCfg = Debug|x64
		{569F5609-46FB-38AA-9C91-0F95D9DF7C74}.Debug|x64.Build.0 = Debug|x64
		{569F5609-46FB-38AA-9C91-0F95D9DF7C74}.Release|x64.ActiveCfg = Release|x64
		{569F5609-46FB-38AA-9C91-0F95D9DF7C74}.Release|x64.Build.0 = Release|x64
		{569F5609-46FB-38AA-9C91-0F95D9DF7C74}.MinSizeRel|x64.ActiveCfg = MinSizeRel|x64
		{569F5609-46FB-38AA-9C91-0F95D9DF7C74}.MinSizeRel|x64.Build.0 = MinSizeRel|x64
		{569F5609-46FB-38AA-9C91-0F95D9DF7C74}.RelWithDebInfo|x64.ActiveCfg = RelWithDebInfo|x64
		{569F5609-46FB-38AA-9C91-0F95D9DF7C74}.RelWithDebInfo|x64.Build.0 = RelWithDebInfo|x64
	EndGlobalSection
	GlobalSection(NestedProjects) = preSolution
		{8047F48B-EB57-3224-B846-A21E91877060} = {71EE9239-A899-3357-9EC2-5E2E92611C2A}
		{9625E2FD-5353-36A0-91DA-82AE9F8BC6BE} = {71EE9239-A899-3357-9EC2-5E2E92611C2A}
		{DDD9E2FB-62DB-3857-8ADF-B73F2A78AEBE} = {71EE9239-A899-3357-9EC2-5E2E92611C2A}
		{CFE3201E-2F0B-32B6-B899-8BE0864BD0A7} = {71EE9239-A899-3357-9EC2-5E2E92611C2A}
		{569F5609-46FB-38AA-9C91-0F95D9DF7C74} = {71EE9239-A899-3357-9EC2-5E2E92611C2A}
		{4A111886-2CDF-3E49-9BAC-3B4411DFB032} = {5F303615-2668-33B2-8676-52305765442D}
		{8D580982-8092-35CB-B9AD-1543F3A72F61} = {5F303615-2668-33B2-8676-52305765442D}
		{41284971-A727-31E2-B0E0-BAA52436E875} = {5324B309-DD59-36DA-BE8D-77739A03676E}
		{71BBA9E7-9577-3AF5-A084-2E6FC357FC8C} = {79C089F9-567D-3135-BFE7-C393EB998304}
	EndGlobalSection
	GlobalSection(ExtensibilityGlobals) = postSolution
		SolutionGuid = {1E0A84CA-89AD-32AD-B3F9-1E5275A0A427}
	EndGlobalSection
	GlobalSection(ExtensibilityAddIns) = postSolution
	EndGlobalSection
EndGlobal
