
Microsoft Visual Studio Solution File, Format Version 12.00
# Visual Studio Version 16
Project("{2150E333-8FDC-42A3-9474-1A3956D46DE8}") = "Predefined", "Predefined", "{6262ADA2-E9C9-3430-993D-8EF477604C04}"
EndProject
Project("{8BC9CEB8-8B4A-11D0-8D11-00A0C91BC942}") = "ALL_BUILD", "ALL_BUILD.vcxproj", "{DA9DC4AB-08C1-336B-90CE-DFBAE36767EB}"
	ProjectSection(ProjectDependencies) = postProject
		{27159AE6-968D-3E82-8629-67AB1F541979} = {27159AE6-968D-3E82-8629-67AB1F541979}
		{D7965FB7-51FA-3694-9299-D572F56579D3} = {D7965FB7-51FA-3694-9299-D572F56579D3}
	EndProjectSection
EndProject
Project("{8BC9CEB8-8B4A-11D0-8D11-00A0C91BC942}") = "ZERO_CHECK", "..\..\..\\ZERO_CHECK.vcxproj", "{27159AE6-968D-3E82-8629-67AB1F541979}"
	ProjectSection(ProjectDependencies) = postProject
	EndProjectSection
EndProject
Project("{8BC9CEB8-8B4A-11D0-8D11-00A0C91BC942}") = "pluginterfaces", "pluginterfaces.vcxproj", "{D7965FB7-51FA-3694-9299-D572F56579D3}"
	ProjectSection(ProjectDependencies) = postProject
		{27159AE6-968D-3E82-8629-67AB1F541979} = {27159AE6-968D-3E82-8629-67AB1F541979}
	EndProjectSection
EndProject
Global
	GlobalSection(SolutionConfigurationPlatforms) = preSolution
		Debug|x64 = Debug|x64
		Release|x64 = Release|x64
	EndGlobalSection
	GlobalSection(ProjectConfigurationPlatforms) = postSolution
		{DA9DC4AB-08C1-336B-90CE-DFBAE36767EB}.Debug|x64.ActiveCfg = Debug|x64
		{DA9DC4AB-08C1-336B-90CE-DFBAE36767EB}.Release|x64.ActiveCfg = Release|x64
		{27159AE6-968D-3E82-8629-67AB1F541979}.Debug|x64.ActiveCfg = Debug|x64
		{27159AE6-968D-3E82-8629-67AB1F541979}.Debug|x64.Build.0 = Debug|x64
		{27159AE6-968D-3E82-8629-67AB1F541979}.Release|x64.ActiveCfg = Release|x64
		{27159AE6-968D-3E82-8629-67AB1F541979}.Release|x64.Build.0 = Release|x64
		{D7965FB7-51FA-3694-9299-D572F56579D3}.Debug|x64.ActiveCfg = Debug|x64
		{D7965FB7-51FA-3694-9299-D572F56579D3}.Debug|x64.Build.0 = Debug|x64
		{D7965FB7-51FA-3694-9299-D572F56579D3}.Release|x64.ActiveCfg = Release|x64
		{D7965FB7-51FA-3694-9299-D572F56579D3}.Release|x64.Build.0 = Release|x64
	EndGlobalSection
	GlobalSection(NestedProjects) = preSolution
		{DA9DC4AB-08C1-336B-90CE-DFBAE36767EB} = {6262ADA2-E9C9-3430-993D-8EF477604C04}
		{27159AE6-968D-3E82-8629-67AB1F541979} = {6262ADA2-E9C9-3430-993D-8EF477604C04}
	EndGlobalSection
	GlobalSection(ExtensibilityGlobals) = postSolution
		SolutionGuid = {5223DF28-BABB-3653-BD89-BE251D9AF8A1}
	EndGlobalSection
	GlobalSection(ExtensibilityAddIns) = postSolution
	EndGlobalSection
EndGlobal
