<?xml version="1.0" encoding="utf-8"?>
<Project ToolsVersion="16.0" xmlns="http://schemas.microsoft.com/developer/msbuild/2003">
  <ItemGroup>
    <ClCompile Include="D:\Documents\Source\Repos\VST_SDK\VST3_SDK\myprojects\Howler\project_source\source\PluginKernel\pluginbase.cpp">
      <Filter>PluginKernel</Filter>
    </ClCompile>
    <ClCompile Include="D:\Documents\Source\Repos\VST_SDK\VST3_SDK\myprojects\Howler\project_source\source\PluginKernel\plugincore.cpp">
      <Filter>PluginKernel</Filter>
    </ClCompile>
    <ClCompile Include="D:\Documents\Source\Repos\VST_SDK\VST3_SDK\myprojects\Howler\project_source\source\PluginKernel\plugingui.cpp">
      <Filter>PluginKernel</Filter>
    </ClCompile>
    <ClCompile Include="D:\Documents\Source\Repos\VST_SDK\VST3_SDK\myprojects\Howler\project_source\source\PluginKernel\pluginparameter.cpp">
      <Filter>PluginKernel</Filter>
    </ClCompile>
    <ClCompile Include="D:\Documents\Source\Repos\VST_SDK\VST3_SDK\myprojects\Howler\project_source\source\PluginObjects\fxobjects.cpp">
      <Filter>PluginObjects</Filter>
    </ClCompile>
    <ClCompile Include="D:\Documents\Source\Repos\VST_SDK\VST3_SDK\ASPiKCommon\dsp\customfxobjects.cpp">
      <Filter>Source Files</Filter>
    </ClCompile>
    <ClCompile Include="D:\Documents\Source\Repos\VST_SDK\VST3_SDK\myprojects\Howler\project_source\source\vst_source\factory.cpp">
      <Filter>VST3Core</Filter>
    </ClCompile>
    <ClCompile Include="D:\Documents\Source\Repos\VST_SDK\VST3_SDK\myprojects\Howler\project_source\source\vst_source\customparameters.cpp">
      <Filter>VST3Core</Filter>
    </ClCompile>
    <ClCompile Include="D:\Documents\Source\Repos\VST_SDK\VST3_SDK\myprojects\Howler\project_source\source\vst_source\vst3plugin.cpp">
      <Filter>VST3Core</Filter>
    </ClCompile>
    <ClCompile Include="D:\Documents\Source\Repos\VST_SDK\VST3_SDK\myprojects\Howler\project_source\source\CustomControls\customcontrols.cpp">
      <Filter>CustomVSTGUI</Filter>
    </ClCompile>
    <ClCompile Include="D:\Documents\Source\Repos\VST_SDK\VST3_SDK\myprojects\Howler\project_source\source\CustomControls\customviews.cpp">
      <Filter>CustomVSTGUI</Filter>
    </ClCompile>
    <ClCompile Include="D:\Documents\Source\Repos\VST_SDK\VST3_SDK\public.sdk\source\vst\vstsinglecomponenteffect.cpp">
      <Filter>VST3SDK</Filter>
    </ClCompile>
    <ClCompile Include="D:\Documents\Source\Repos\VST_SDK\VST3_SDK\public.sdk\source\main\dllmain.cpp">
      <Filter>Source Files</Filter>
    </ClCompile>
  </ItemGroup>
  <ItemGroup>
    <ClInclude Include="D:\Documents\Source\Repos\VST_SDK\VST3_SDK\myprojects\Howler\project_source\source\PluginKernel\guiconstants.h">
      <Filter>PluginKernel</Filter>
    </ClInclude>
    <ClInclude Include="D:\Documents\Source\Repos\VST_SDK\VST3_SDK\myprojects\Howler\project_source\source\PluginKernel\pluginbase.h">
      <Filter>PluginKernel</Filter>
    </ClInclude>
    <ClInclude Include="D:\Documents\Source\Repos\VST_SDK\VST3_SDK\myprojects\Howler\project_source\source\PluginKernel\plugincore.h">
      <Filter>PluginKernel</Filter>
    </ClInclude>
    <ClInclude Include="D:\Documents\Source\Repos\VST_SDK\VST3_SDK\myprojects\Howler\project_source\source\PluginKernel\plugindescription.h">
      <Filter>PluginKernel</Filter>
    </ClInclude>
    <ClInclude Include="D:\Documents\Source\Repos\VST_SDK\VST3_SDK\myprojects\Howler\project_source\source\PluginKernel\plugingui.h">
      <Filter>PluginKernel</Filter>
    </ClInclude>
    <ClInclude Include="D:\Documents\Source\Repos\VST_SDK\VST3_SDK\myprojects\Howler\project_source\source\PluginKernel\pluginparameter.h">
      <Filter>PluginKernel</Filter>
    </ClInclude>
    <ClInclude Include="D:\Documents\Source\Repos\VST_SDK\VST3_SDK\myprojects\Howler\project_source\source\PluginKernel\pluginstructures.h">
      <Filter>PluginKernel</Filter>
    </ClInclude>
    <ClInclude Include="D:\Documents\Source\Repos\VST_SDK\VST3_SDK\myprojects\Howler\project_source\source\PluginObjects\fxobjects.h">
      <Filter>PluginObjects</Filter>
    </ClInclude>
    <ClInclude Include="D:\Documents\Source\Repos\VST_SDK\VST3_SDK\myprojects\Howler\project_source\source\PluginObjects\filters.h">
      <Filter>PluginObjects</Filter>
    </ClInclude>
    <ClInclude Include="D:\Documents\Source\Repos\VST_SDK\VST3_SDK\ASPiKCommon\dsp\customfxobjects.h">
      <Filter>Header Files</Filter>
    </ClInclude>
    <ClInclude Include="D:\Documents\Source\Repos\VST_SDK\VST3_SDK\ASPiKCommon\dsp\utilities.h">
      <Filter>Header Files</Filter>
    </ClInclude>
    <ClInclude Include="D:\Documents\Source\Repos\VST_SDK\VST3_SDK\myprojects\Howler\project_source\source\vst_source\customparameters.h">
      <Filter>VST3Core</Filter>
    </ClInclude>
    <ClInclude Include="D:\Documents\Source\Repos\VST_SDK\VST3_SDK\myprojects\Howler\project_source\source\vst_source\channelformats.h">
      <Filter>VST3Core</Filter>
    </ClInclude>
    <ClInclude Include="D:\Documents\Source\Repos\VST_SDK\VST3_SDK\myprojects\Howler\project_source\source\vst_source\vst3plugin.h">
      <Filter>VST3Core</Filter>
    </ClInclude>
    <ClInclude Include="D:\Documents\Source\Repos\VST_SDK\VST3_SDK\myprojects\Howler\project_source\source\CustomControls\atomicops.h">
      <Filter>CustomVSTGUI</Filter>
    </ClInclude>
    <ClInclude Include="D:\Documents\Source\Repos\VST_SDK\VST3_SDK\myprojects\Howler\project_source\source\CustomControls\customcontrols.h">
      <Filter>CustomVSTGUI</Filter>
    </ClInclude>
    <ClInclude Include="D:\Documents\Source\Repos\VST_SDK\VST3_SDK\myprojects\Howler\project_source\source\CustomControls\readerwriterqueue.h">
      <Filter>CustomVSTGUI</Filter>
    </ClInclude>
    <ClInclude Include="D:\Documents\Source\Repos\VST_SDK\VST3_SDK\myprojects\Howler\project_source\source\CustomControls\customviews.h">
      <Filter>CustomVSTGUI</Filter>
    </ClInclude>
    <ClInclude Include="D:\Documents\Source\Repos\VST_SDK\VST3_SDK\ASPiKCommon\gui\custompedalviews.h">
      <Filter>Header Files</Filter>
    </ClInclude>
    <ClInclude Include="D:\Documents\Source\Repos\VST_SDK\VST3_SDK\public.sdk\source\vst\vstsinglecomponenteffect.h">
      <Filter>VST3SDK</Filter>
    </ClInclude>
  </ItemGroup>
  <ItemGroup>
    <CustomBuild Include="D:\Documents\Source\Repos\VST_SDK\VST3_SDK\myprojects\Howler\project_source\cmake\vst_cmake\CMakeLists.txt" />
  </ItemGroup>
  <ItemGroup>
    <None Include="D:\Documents\Source\Repos\VST_SDK\VST3_SDK\myprojects\Howler\project_source\resources\PluginGUI.uidesc" />
  </ItemGroup>
  <ItemGroup>
    <ResourceCompile Include="D:\Documents\Source\Repos\VST_SDK\VST3_SDK\myprojects\Howler\project_source\win\vst\PluginGUIMain.rc">
      <Filter>Source Files</Filter>
    </ResourceCompile>
  </ItemGroup>
  <ItemGroup>
    <Filter Include="CustomVSTGUI">
      <UniqueIdentifier>{D716F055-EF33-3D49-923B-B0D710470074}</UniqueIdentifier>
    </Filter>
    <Filter Include="Header Files">
      <UniqueIdentifier>{ABCF9D80-7B7F-3E5B-80CF-58033CFE4335}</UniqueIdentifier>
    </Filter>
    <Filter Include="PluginKernel">
      <UniqueIdentifier>{5BA4F581-618D-3403-A5FF-427853218ED1}</UniqueIdentifier>
    </Filter>
    <Filter Include="PluginObjects">
      <UniqueIdentifier>{237121A4-4078-3CDB-80A4-870F76A16D2F}</UniqueIdentifier>
    </Filter>
    <Filter Include="Source Files">
      <UniqueIdentifier>{F2C37FEA-2227-3005-AC29-ED3E65BF0158}</UniqueIdentifier>
    </Filter>
    <Filter Include="VST3Core">
      <UniqueIdentifier>{7A127C37-CA70-37A9-822F-0C5B94F422FF}</UniqueIdentifier>
    </Filter>
    <Filter Include="VST3SDK">
      <UniqueIdentifier>{38A7182C-89FD-3EB9-BC22-FBA5979BB48B}</UniqueIdentifier>
    </Filter>
  </ItemGroup>
</Project>
