
Microsoft Visual Studio Solution File, Format Version 12.00
# Visual Studio Version 16
Project("{2150E333-8FDC-42A3-9474-1A3956D46DE8}") = "Libraries", "Libraries", "{71EE9239-A899-3357-9EC2-5E2E92611C2A}"
EndProject
Project("{2150E333-8FDC-42A3-9474-1A3956D46DE8}") = "Predefined", "Predefined", "{5F303615-2668-33B2-8676-52305765442D}"
EndProject
Project("{8BC9CEB8-8B4A-11D0-8D11-00A0C91BC942}") = "ALL_BUILD", "ALL_BUILD.vcxproj", "{4A111886-2CDF-3E49-9BAC-3B4411DFB032}"
	ProjectSection(ProjectDependencies) = postProject
		{8D580982-8092-35CB-B9AD-1543F3A72F61} = {8D580982-8092-35CB-B9AD-1543F3A72F61}
		{9625E2FD-5353-36A0-91DA-82AE9F8BC6BE} = {9625E2FD-5353-36A0-91DA-82AE9F8BC6BE}
		{5514ADA1-6793-3FC3-9F8D-1036F2B8D476} = {5514ADA1-6793-3FC3-9F8D-1036F2B8D476}
		{D5A14A3E-0998-3147-9FF8-F25450E16CCA} = {D5A14A3E-0998-3147-9FF8-F25450E16CCA}
	EndProjectSection
EndProject
Project("{8BC9CEB8-8B4A-11D0-8D11-00A0C91BC942}") = "ZERO_CHECK", "..\..\..\\ZERO_CHECK.vcxproj", "{8D580982-8092-35CB-B9AD-1543F3A72F61}"
	ProjectSection(ProjectDependencies) = postProject
	EndProjectSection
EndProject
Project("{8BC9CEB8-8B4A-11D0-8D11-00A0C91BC942}") = "base", "..\base\base.vcxproj", "{8047F48B-EB57-3224-B846-A21E91877060}"
	ProjectSection(ProjectDependencies) = postProject
		{8D580982-8092-35CB-B9AD-1543F3A72F61} = {8D580982-8092-35CB-B9AD-1543F3A72F61}
	EndProjectSection
EndProject
Project("{8BC9CEB8-8B4A-11D0-8D11-00A0C91BC942}") = "pluginterfaces", "..\pluginterfaces\pluginterfaces.vcxproj", "{FDADFCF6-E5F2-34A3-97D6-11BE34EB081C}"
	ProjectSection(ProjectDependencies) = postProject
		{8D580982-8092-35CB-B9AD-1543F3A72F61} = {8D580982-8092-35CB-B9AD-1543F3A72F61}
	EndProjectSection
EndProject
Project("{8BC9CEB8-8B4A-11D0-8D11-00A0C91BC942}") = "sdk", "sdk.vcxproj", "{9625E2FD-5353-36A0-91DA-82AE9F8BC6BE}"
	ProjectSection(ProjectDependencies) = postProject
		{8D580982-8092-35CB-B9AD-1543F3A72F61} = {8D580982-8092-35CB-B9AD-1543F3A72F61}
		{8047F48B-EB57-3224-B846-A21E91877060} = {8047F48B-EB57-3224-B846-A21E91877060}
		{FDADFCF6-E5F2-34A3-97D6-11BE34EB081C} = {FDADFCF6-E5F2-34A3-97D6-11BE34EB081C}
		{5514ADA1-6793-3FC3-9F8D-1036F2B8D476} = {5514ADA1-6793-3FC3-9F8D-1036F2B8D476}
	EndProjectSection
EndProject
Project("{8BC9CEB8-8B4A-11D0-8D11-00A0C91BC942}") = "sdk_common", "sdk_common.vcxproj", "{5514ADA1-6793-3FC3-9F8D-1036F2B8D476}"
	ProjectSection(ProjectDependencies) = postProject
		{8D580982-8092-35CB-B9AD-1543F3A72F61} = {8D580982-8092-35CB-B9AD-1543F3A72F61}
		{8047F48B-EB57-3224-B846-A21E91877060} = {8047F48B-EB57-3224-B846-A21E91877060}
		{FDADFCF6-E5F2-34A3-97D6-11BE34EB081C} = {FDADFCF6-E5F2-34A3-97D6-11BE34EB081C}
	EndProjectSection
EndProject
Project("{8BC9CEB8-8B4A-11D0-8D11-00A0C91BC942}") = "sdk_hosting", "sdk_hosting.vcxproj", "{D5A14A3E-0998-3147-9FF8-F25450E16CCA}"
	ProjectSection(ProjectDependencies) = postProject
		{8D580982-8092-35CB-B9AD-1543F3A72F61} = {8D580982-8092-35CB-B9AD-1543F3A72F61}
		{8047F48B-EB57-3224-B846-A21E91877060} = {8047F48B-EB57-3224-B846-A21E91877060}
		{FDADFCF6-E5F2-34A3-97D6-11BE34EB081C} = {FDADFCF6-E5F2-34A3-97D6-11BE34EB081C}
		{5514ADA1-6793-3FC3-9F8D-1036F2B8D476} = {5514ADA1-6793-3FC3-9F8D-1036F2B8D476}
	EndProjectSection
EndProject
Global
	GlobalSection(SolutionConfigurationPlatforms) = preSolution
		Debug|x64 = Debug|x64
		Release|x64 = Release|x64
	EndGlobalSection
	GlobalSection(ProjectConfigurationPlatforms) = postSolution
		{4A111886-2CDF-3E49-9BAC-3B4411DFB032}.Debug|x64.ActiveCfg = Debug|x64
		{4A111886-2CDF-3E49-9BAC-3B4411DFB032}.Release|x64.ActiveCfg = Release|x64
		{8D580982-8092-35CB-B9AD-1543F3A72F61}.Debug|x64.ActiveCfg = Debug|x64
		{8D580982-8092-35CB-B9AD-1543F3A72F61}.Debug|x64.Build.0 = Debug|x64
		{8D580982-8092-35CB-B9AD-1543F3A72F61}.Release|x64.ActiveCfg = Release|x64
		{8D580982-8092-35CB-B9AD-1543F3A72F61}.Release|x64.Build.0 = Release|x64
		{8047F48B-EB57-3224-B846-A21E91877060}.Debug|x64.ActiveCfg = Debug|x64
		{8047F48B-EB57-3224-B846-A21E91877060}.Debug|x64.Build.0 = Debug|x64
		{8047F48B-EB57-3224-B846-A21E91877060}.Release|x64.ActiveCfg = Release|x64
		{8047F48B-EB57-3224-B846-A21E91877060}.Release|x64.Build.0 = Release|x64
		{FDADFCF6-E5F2-34A3-97D6-11BE34EB081C}.Debug|x64.ActiveCfg = Debug|x64
		{FDADFCF6-E5F2-34A3-97D6-11BE34EB081C}.Debug|x64.Build.0 = Debug|x64
		{FDADFCF6-E5F2-34A3-97D6-11BE34EB081C}.Release|x64.ActiveCfg = Release|x64
		{FDADFCF6-E5F2-34A3-97D6-11BE34EB081C}.Release|x64.Build.0 = Release|x64
		{9625E2FD-5353-36A0-91DA-82AE9F8BC6BE}.Debug|x64.ActiveCfg = Debug|x64
		{9625E2FD-5353-36A0-91DA-82AE9F8BC6BE}.Debug|x64.Build.0 = Debug|x64
		{9625E2FD-5353-36A0-91DA-82AE9F8BC6BE}.Release|x64.ActiveCfg = Release|x64
		{9625E2FD-5353-36A0-91DA-82AE9F8BC6BE}.Release|x64.Build.0 = Release|x64
		{5514ADA1-6793-3FC3-9F8D-1036F2B8D476}.Debug|x64.ActiveCfg = Debug|x64
		{5514ADA1-6793-3FC3-9F8D-1036F2B8D476}.Debug|x64.Build.0 = Debug|x64
		{5514ADA1-6793-3FC3-9F8D-1036F2B8D476}.Release|x64.ActiveCfg = Release|x64
		{5514ADA1-6793-3FC3-9F8D-1036F2B8D476}.Release|x64.Build.0 = Release|x64
		{D5A14A3E-0998-3147-9FF8-F25450E16CCA}.Debug|x64.ActiveCfg = Debug|x64
		{D5A14A3E-0998-3147-9FF8-F25450E16CCA}.Debug|x64.Build.0 = Debug|x64
		{D5A14A3E-0998-3147-9FF8-F25450E16CCA}.Release|x64.ActiveCfg = Release|x64
		{D5A14A3E-0998-3147-9FF8-F25450E16CCA}.Release|x64.Build.0 = Release|x64
	EndGlobalSection
	GlobalSection(NestedProjects) = preSolution
		{8047F48B-EB57-3224-B846-A21E91877060} = {71EE9239-A899-3357-9EC2-5E2E92611C2A}
		{9625E2FD-5353-36A0-91DA-82AE9F8BC6BE} = {71EE9239-A899-3357-9EC2-5E2E92611C2A}
		{4A111886-2CDF-3E49-9BAC-3B4411DFB032} = {5F303615-2668-33B2-8676-52305765442D}
		{8D580982-8092-35CB-B9AD-1543F3A72F61} = {5F303615-2668-33B2-8676-52305765442D}
	EndGlobalSection
	GlobalSection(ExtensibilityGlobals) = postSolution
		SolutionGuid = {7E13C028-3852-3D05-BDBA-8690CC3E03EC}
	EndGlobalSection
	GlobalSection(ExtensibilityAddIns) = postSolution
	EndGlobalSection
EndGlobal
