
Microsoft Visual Studio Solution File, Format Version 12.00
# Visual Studio Version 16
Project("{2150E333-8FDC-42A3-9474-1A3956D46DE8}") = "Libraries", "Libraries", "{2DB3284A-B924-32FA-82C0-60D87F19852C}"
EndProject
Project("{2150E333-8FDC-42A3-9474-1A3956D46DE8}") = "Predefined", "Predefined", "{FADA1044-405F-3800-BEF7-AE02BF7E506B}"
EndProject
Project("{2150E333-8FDC-42A3-9474-1A3956D46DE8}") = "VSTGUI Tools", "VSTGUI Tools", "{4F6642ED-E261-3961-9BDB-E4449D66D654}"
EndProject
Project("{2150E333-8FDC-42A3-9474-1A3956D46DE8}") = "Validator", "Validator", "{CCE95494-333F-340A-BE8B-4CC771046345}"
EndProject
Project("{8BC9CEB8-8B4A-11D0-8D11-00A0C91BC942}") = "ALL_BUILD", "ALL_BUILD.vcxproj", "{AC17CF78-1960-3546-B806-2698733081D8}"
	ProjectSection(ProjectDependencies) = postProject
		{6706435E-7F1D-3C33-9786-F17E883B3B04} = {6706435E-7F1D-3C33-9786-F17E883B3B04}
		{A367F5AE-9917-387A-9617-779F22467C0D} = {A367F5AE-9917-387A-9617-779F22467C0D}
		{23FC1F24-3202-3C59-9300-D752A0BF7D64} = {23FC1F24-3202-3C59-9300-D752A0BF7D64}
		{0B4A1F92-BD45-3C77-A83A-778650B86D33} = {0B4A1F92-BD45-3C77-A83A-778650B86D33}
		{A19129D6-1CB1-3360-8AA4-4A3E5F1D1462} = {A19129D6-1CB1-3360-8AA4-4A3E5F1D1462}
		{F56AAD24-B018-3524-9EE1-A4741A6CA775} = {F56AAD24-B018-3524-9EE1-A4741A6CA775}
		{BD8B7CCD-D795-3447-AAE3-C0A6C98DDB10} = {BD8B7CCD-D795-3447-AAE3-C0A6C98DDB10}
		{D02496DA-04C7-3DF7-B9FC-4923408CD5C2} = {D02496DA-04C7-3DF7-B9FC-4923408CD5C2}
		{6C532B8C-BA24-332A-943B-2E64CE01E342} = {6C532B8C-BA24-332A-943B-2E64CE01E342}
		{922B4BDC-8C4B-34CA-A628-053AB78F5360} = {922B4BDC-8C4B-34CA-A628-053AB78F5360}
		{4CE9965C-F7E9-375F-A944-D6078C90AEC6} = {4CE9965C-F7E9-375F-A944-D6078C90AEC6}
		{F34D8C31-23F8-3981-AC35-57789388318B} = {F34D8C31-23F8-3981-AC35-57789388318B}
	EndProjectSection
EndProject
Project("{8BC9CEB8-8B4A-11D0-8D11-00A0C91BC942}") = "Phaser", "project_source\cmake\vst_cmake\Phaser.vcxproj", "{6706435E-7F1D-3C33-9786-F17E883B3B04}"
	ProjectSection(ProjectDependencies) = postProject
		{A367F5AE-9917-387A-9617-779F22467C0D} = {A367F5AE-9917-387A-9617-779F22467C0D}
		{23FC1F24-3202-3C59-9300-D752A0BF7D64} = {23FC1F24-3202-3C59-9300-D752A0BF7D64}
		{0B4A1F92-BD45-3C77-A83A-778650B86D33} = {0B4A1F92-BD45-3C77-A83A-778650B86D33}
		{A19129D6-1CB1-3360-8AA4-4A3E5F1D1462} = {A19129D6-1CB1-3360-8AA4-4A3E5F1D1462}
		{F56AAD24-B018-3524-9EE1-A4741A6CA775} = {F56AAD24-B018-3524-9EE1-A4741A6CA775}
		{6C532B8C-BA24-332A-943B-2E64CE01E342} = {6C532B8C-BA24-332A-943B-2E64CE01E342}
		{922B4BDC-8C4B-34CA-A628-053AB78F5360} = {922B4BDC-8C4B-34CA-A628-053AB78F5360}
		{4CE9965C-F7E9-375F-A944-D6078C90AEC6} = {4CE9965C-F7E9-375F-A944-D6078C90AEC6}
		{F34D8C31-23F8-3981-AC35-57789388318B} = {F34D8C31-23F8-3981-AC35-57789388318B}
	EndProjectSection
EndProject
Project("{8BC9CEB8-8B4A-11D0-8D11-00A0C91BC942}") = "ZERO_CHECK", "ZERO_CHECK.vcxproj", "{A367F5AE-9917-387A-9617-779F22467C0D}"
	ProjectSection(ProjectDependencies) = postProject
	EndProjectSection
EndProject
Project("{8BC9CEB8-8B4A-11D0-8D11-00A0C91BC942}") = "base", "cmake\vst_cmake\base\base.vcxproj", "{23FC1F24-3202-3C59-9300-D752A0BF7D64}"
	ProjectSection(ProjectDependencies) = postProject
		{A367F5AE-9917-387A-9617-779F22467C0D} = {A367F5AE-9917-387A-9617-779F22467C0D}
	EndProjectSection
EndProject
Project("{8BC9CEB8-8B4A-11D0-8D11-00A0C91BC942}") = "pluginterfaces", "cmake\vst_cmake\pluginterfaces\pluginterfaces.vcxproj", "{0B4A1F92-BD45-3C77-A83A-778650B86D33}"
	ProjectSection(ProjectDependencies) = postProject
		{A367F5AE-9917-387A-9617-779F22467C0D} = {A367F5AE-9917-387A-9617-779F22467C0D}
	EndProjectSection
EndProject
Project("{8BC9CEB8-8B4A-11D0-8D11-00A0C91BC942}") = "sdk", "cmake\vst_cmake\public.sdk\sdk.vcxproj", "{A19129D6-1CB1-3360-8AA4-4A3E5F1D1462}"
	ProjectSection(ProjectDependencies) = postProject
		{A367F5AE-9917-387A-9617-779F22467C0D} = {A367F5AE-9917-387A-9617-779F22467C0D}
		{23FC1F24-3202-3C59-9300-D752A0BF7D64} = {23FC1F24-3202-3C59-9300-D752A0BF7D64}
		{0B4A1F92-BD45-3C77-A83A-778650B86D33} = {0B4A1F92-BD45-3C77-A83A-778650B86D33}
		{F56AAD24-B018-3524-9EE1-A4741A6CA775} = {F56AAD24-B018-3524-9EE1-A4741A6CA775}
	EndProjectSection
EndProject
Project("{8BC9CEB8-8B4A-11D0-8D11-00A0C91BC942}") = "sdk_common", "cmake\vst_cmake\public.sdk\sdk_common.vcxproj", "{F56AAD24-B018-3524-9EE1-A4741A6CA775}"
	ProjectSection(ProjectDependencies) = postProject
		{A367F5AE-9917-387A-9617-779F22467C0D} = {A367F5AE-9917-387A-9617-779F22467C0D}
		{23FC1F24-3202-3C59-9300-D752A0BF7D64} = {23FC1F24-3202-3C59-9300-D752A0BF7D64}
		{0B4A1F92-BD45-3C77-A83A-778650B86D33} = {0B4A1F92-BD45-3C77-A83A-778650B86D33}
	EndProjectSection
EndProject
Project("{8BC9CEB8-8B4A-11D0-8D11-00A0C91BC942}") = "sdk_hosting", "cmake\vst_cmake\public.sdk\sdk_hosting.vcxproj", "{BD8B7CCD-D795-3447-AAE3-C0A6C98DDB10}"
	ProjectSection(ProjectDependencies) = postProject
		{A367F5AE-9917-387A-9617-779F22467C0D} = {A367F5AE-9917-387A-9617-779F22467C0D}
		{23FC1F24-3202-3C59-9300-D752A0BF7D64} = {23FC1F24-3202-3C59-9300-D752A0BF7D64}
		{0B4A1F92-BD45-3C77-A83A-778650B86D33} = {0B4A1F92-BD45-3C77-A83A-778650B86D33}
		{F56AAD24-B018-3524-9EE1-A4741A6CA775} = {F56AAD24-B018-3524-9EE1-A4741A6CA775}
	EndProjectSection
EndProject
Project("{8BC9CEB8-8B4A-11D0-8D11-00A0C91BC942}") = "uidesccompressor", "cmake\vst_cmake\vstgui4\vstgui\tools\uidesccompressor\uidesccompressor.vcxproj", "{D02496DA-04C7-3DF7-B9FC-4923408CD5C2}"
	ProjectSection(ProjectDependencies) = postProject
		{A367F5AE-9917-387A-9617-779F22467C0D} = {A367F5AE-9917-387A-9617-779F22467C0D}
		{922B4BDC-8C4B-34CA-A628-053AB78F5360} = {922B4BDC-8C4B-34CA-A628-053AB78F5360}
		{F34D8C31-23F8-3981-AC35-57789388318B} = {F34D8C31-23F8-3981-AC35-57789388318B}
	EndProjectSection
EndProject
Project("{8BC9CEB8-8B4A-11D0-8D11-00A0C91BC942}") = "validator", "cmake\vst_cmake\public.sdk\samples\vst-hosting\validator\validator.vcxproj", "{6C532B8C-BA24-332A-943B-2E64CE01E342}"
	ProjectSection(ProjectDependencies) = postProject
		{A367F5AE-9917-387A-9617-779F22467C0D} = {A367F5AE-9917-387A-9617-779F22467C0D}
		{23FC1F24-3202-3C59-9300-D752A0BF7D64} = {23FC1F24-3202-3C59-9300-D752A0BF7D64}
		{0B4A1F92-BD45-3C77-A83A-778650B86D33} = {0B4A1F92-BD45-3C77-A83A-778650B86D33}
		{F56AAD24-B018-3524-9EE1-A4741A6CA775} = {F56AAD24-B018-3524-9EE1-A4741A6CA775}
		{BD8B7CCD-D795-3447-AAE3-C0A6C98DDB10} = {BD8B7CCD-D795-3447-AAE3-C0A6C98DDB10}
	EndProjectSection
EndProject
Project("{8BC9CEB8-8B4A-11D0-8D11-00A0C91BC942}") = "vstgui", "cmake\vst_cmake\vstgui4\vstgui\lib\vstgui.vcxproj", "{922B4BDC-8C4B-34CA-A628-053AB78F5360}"
	ProjectSection(ProjectDependencies) = postProject
		{A367F5AE-9917-387A-9617-779F22467C0D} = {A367F5AE-9917-387A-9617-779F22467C0D}
	EndProjectSection
EndProject
Project("{8BC9CEB8-8B4A-11D0-8D11-00A0C91BC942}") = "vstgui_support", "cmake\vst_cmake\vstgui_support.vcxproj", "{4CE9965C-F7E9-375F-A944-D6078C90AEC6}"
	ProjectSection(ProjectDependencies) = postProject
		{A367F5AE-9917-387A-9617-779F22467C0D} = {A367F5AE-9917-387A-9617-779F22467C0D}
		{922B4BDC-8C4B-34CA-A628-053AB78F5360} = {922B4BDC-8C4B-34CA-A628-053AB78F5360}
		{F34D8C31-23F8-3981-AC35-57789388318B} = {F34D8C31-23F8-3981-AC35-57789388318B}
	EndProjectSection
EndProject
Project("{8BC9CEB8-8B4A-11D0-8D11-00A0C91BC942}") = "vstgui_uidescription", "cmake\vst_cmake\vstgui4\vstgui\uidescription\vstgui_uidescription.vcxproj", "{F34D8C31-23F8-3981-AC35-57789388318B}"
	ProjectSection(ProjectDependencies) = postProject
		{A367F5AE-9917-387A-9617-779F22467C0D} = {A367F5AE-9917-387A-9617-779F22467C0D}
		{922B4BDC-8C4B-34CA-A628-053AB78F5360} = {922B4BDC-8C4B-34CA-A628-053AB78F5360}
	EndProjectSection
EndProject
Global
	GlobalSection(SolutionConfigurationPlatforms) = preSolution
		Debug|x64 = Debug|x64
		Release|x64 = Release|x64
		MinSizeRel|x64 = MinSizeRel|x64
		RelWithDebInfo|x64 = RelWithDebInfo|x64
	EndGlobalSection
	GlobalSection(ProjectConfigurationPlatforms) = postSolution
		{AC17CF78-1960-3546-B806-2698733081D8}.Debug|x64.ActiveCfg = Debug|x64
		{AC17CF78-1960-3546-B806-2698733081D8}.Release|x64.ActiveCfg = Release|x64
		{AC17CF78-1960-3546-B806-2698733081D8}.MinSizeRel|x64.ActiveCfg = MinSizeRel|x64
		{AC17CF78-1960-3546-B806-2698733081D8}.RelWithDebInfo|x64.ActiveCfg = RelWithDebInfo|x64
		{6706435E-7F1D-3C33-9786-F17E883B3B04}.Debug|x64.ActiveCfg = Debug|x64
		{6706435E-7F1D-3C33-9786-F17E883B3B04}.Debug|x64.Build.0 = Debug|x64
		{6706435E-7F1D-3C33-9786-F17E883B3B04}.Release|x64.ActiveCfg = Release|x64
		{6706435E-7F1D-3C33-9786-F17E883B3B04}.Release|x64.Build.0 = Release|x64
		{6706435E-7F1D-3C33-9786-F17E883B3B04}.MinSizeRel|x64.ActiveCfg = MinSizeRel|x64
		{6706435E-7F1D-3C33-9786-F17E883B3B04}.MinSizeRel|x64.Build.0 = MinSizeRel|x64
		{6706435E-7F1D-3C33-9786-F17E883B3B04}.RelWithDebInfo|x64.ActiveCfg = RelWithDebInfo|x64
		{6706435E-7F1D-3C33-9786-F17E883B3B04}.RelWithDebInfo|x64.Build.0 = RelWithDebInfo|x64
		{A367F5AE-9917-387A-9617-779F22467C0D}.Debug|x64.ActiveCfg = Debug|x64
		{A367F5AE-9917-387A-9617-779F22467C0D}.Debug|x64.Build.0 = Debug|x64
		{A367F5AE-9917-387A-9617-779F22467C0D}.Release|x64.ActiveCfg = Release|x64
		{A367F5AE-9917-387A-9617-779F22467C0D}.Release|x64.Build.0 = Release|x64
		{A367F5AE-9917-387A-9617-779F22467C0D}.MinSizeRel|x64.ActiveCfg = MinSizeRel|x64
		{A367F5AE-9917-387A-9617-779F22467C0D}.MinSizeRel|x64.Build.0 = MinSizeRel|x64
		{A367F5AE-9917-387A-9617-779F22467C0D}.RelWithDebInfo|x64.ActiveCfg = RelWithDebInfo|x64
		{A367F5AE-9917-387A-9617-779F22467C0D}.RelWithDebInfo|x64.Build.0 = RelWithDebInfo|x64
		{23FC1F24-3202-3C59-9300-D752A0BF7D64}.Debug|x64.ActiveCfg = Debug|x64
		{23FC1F24-3202-3C59-9300-D752A0BF7D64}.Debug|x64.Build.0 = Debug|x64
		{23FC1F24-3202-3C59-9300-D752A0BF7D64}.Release|x64.ActiveCfg = Release|x64
		{23FC1F24-3202-3C59-9300-D752A0BF7D64}.Release|x64.Build.0 = Release|x64
		{23FC1F24-3202-3C59-9300-D752A0BF7D64}.MinSizeRel|x64.ActiveCfg = MinSizeRel|x64
		{23FC1F24-3202-3C59-9300-D752A0BF7D64}.MinSizeRel|x64.Build.0 = MinSizeRel|x64
		{23FC1F24-3202-3C59-9300-D752A0BF7D64}.RelWithDebInfo|x64.ActiveCfg = RelWithDebInfo|x64
		{23FC1F24-3202-3C59-9300-D752A0BF7D64}.RelWithDebInfo|x64.Build.0 = RelWithDebInfo|x64
		{0B4A1F92-BD45-3C77-A83A-778650B86D33}.Debug|x64.ActiveCfg = Debug|x64
		{0B4A1F92-BD45-3C77-A83A-778650B86D33}.Debug|x64.Build.0 = Debug|x64
		{0B4A1F92-BD45-3C77-A83A-778650B86D33}.Release|x64.ActiveCfg = Release|x64
		{0B4A1F92-BD45-3C77-A83A-778650B86D33}.Release|x64.Build.0 = Release|x64
		{0B4A1F92-BD45-3C77-A83A-778650B86D33}.MinSizeRel|x64.ActiveCfg = MinSizeRel|x64
		{0B4A1F92-BD45-3C77-A83A-778650B86D33}.MinSizeRel|x64.Build.0 = MinSizeRel|x64
		{0B4A1F92-BD45-3C77-A83A-778650B86D33}.RelWithDebInfo|x64.ActiveCfg = RelWithDebInfo|x64
		{0B4A1F92-BD45-3C77-A83A-778650B86D33}.RelWithDebInfo|x64.Build.0 = RelWithDebInfo|x64
		{A19129D6-1CB1-3360-8AA4-4A3E5F1D1462}.Debug|x64.ActiveCfg = Debug|x64
		{A19129D6-1CB1-3360-8AA4-4A3E5F1D1462}.Debug|x64.Build.0 = Debug|x64
		{A19129D6-1CB1-3360-8AA4-4A3E5F1D1462}.Release|x64.ActiveCfg = Release|x64
		{A19129D6-1CB1-3360-8AA4-4A3E5F1D1462}.Release|x64.Build.0 = Release|x64
		{A19129D6-1CB1-3360-8AA4-4A3E5F1D1462}.MinSizeRel|x64.ActiveCfg = MinSizeRel|x64
		{A19129D6-1CB1-3360-8AA4-4A3E5F1D1462}.MinSizeRel|x64.Build.0 = MinSizeRel|x64
		{A19129D6-1CB1-3360-8AA4-4A3E5F1D1462}.RelWithDebInfo|x64.ActiveCfg = RelWithDebInfo|x64
		{A19129D6-1CB1-3360-8AA4-4A3E5F1D1462}.RelWithDebInfo|x64.Build.0 = RelWithDebInfo|x64
		{F56AAD24-B018-3524-9EE1-A4741A6CA775}.Debug|x64.ActiveCfg = Debug|x64
		{F56AAD24-B018-3524-9EE1-A4741A6CA775}.Debug|x64.Build.0 = Debug|x64
		{F56AAD24-B018-3524-9EE1-A4741A6CA775}.Release|x64.ActiveCfg = Release|x64
		{F56AAD24-B018-3524-9EE1-A4741A6CA775}.Release|x64.Build.0 = Release|x64
		{F56AAD24-B018-3524-9EE1-A4741A6CA775}.MinSizeRel|x64.ActiveCfg = MinSizeRel|x64
		{F56AAD24-B018-3524-9EE1-A4741A6CA775}.MinSizeRel|x64.Build.0 = MinSizeRel|x64
		{F56AAD24-B018-3524-9EE1-A4741A6CA775}.RelWithDebInfo|x64.ActiveCfg = RelWithDebInfo|x64
		{F56AAD24-B018-3524-9EE1-A4741A6CA775}.RelWithDebInfo|x64.Build.0 = RelWithDebInfo|x64
		{BD8B7CCD-D795-3447-AAE3-C0A6C98DDB10}.Debug|x64.ActiveCfg = Debug|x64
		{BD8B7CCD-D795-3447-AAE3-C0A6C98DDB10}.Debug|x64.Build.0 = Debug|x64
		{BD8B7CCD-D795-3447-AAE3-C0A6C98DDB10}.Release|x64.ActiveCfg = Release|x64
		{BD8B7CCD-D795-3447-AAE3-C0A6C98DDB10}.Release|x64.Build.0 = Release|x64
		{BD8B7CCD-D795-3447-AAE3-C0A6C98DDB10}.MinSizeRel|x64.ActiveCfg = MinSizeRel|x64
		{BD8B7CCD-D795-3447-AAE3-C0A6C98DDB10}.MinSizeRel|x64.Build.0 = MinSizeRel|x64
		{BD8B7CCD-D795-3447-AAE3-C0A6C98DDB10}.RelWithDebInfo|x64.ActiveCfg = RelWithDebInfo|x64
		{BD8B7CCD-D795-3447-AAE3-C0A6C98DDB10}.RelWithDebInfo|x64.Build.0 = RelWithDebInfo|x64
		{D02496DA-04C7-3DF7-B9FC-4923408CD5C2}.Debug|x64.ActiveCfg = Debug|x64
		{D02496DA-04C7-3DF7-B9FC-4923408CD5C2}.Debug|x64.Build.0 = Debug|x64
		{D02496DA-04C7-3DF7-B9FC-4923408CD5C2}.Release|x64.ActiveCfg = Release|x64
		{D02496DA-04C7-3DF7-B9FC-4923408CD5C2}.Release|x64.Build.0 = Release|x64
		{D02496DA-04C7-3DF7-B9FC-4923408CD5C2}.MinSizeRel|x64.ActiveCfg = MinSizeRel|x64
		{D02496DA-04C7-3DF7-B9FC-4923408CD5C2}.MinSizeRel|x64.Build.0 = MinSizeRel|x64
		{D02496DA-04C7-3DF7-B9FC-4923408CD5C2}.RelWithDebInfo|x64.ActiveCfg = RelWithDebInfo|x64
		{D02496DA-04C7-3DF7-B9FC-4923408CD5C2}.RelWithDebInfo|x64.Build.0 = RelWithDebInfo|x64
		{6C532B8C-BA24-332A-943B-2E64CE01E342}.Debug|x64.ActiveCfg = Debug|x64
		{6C532B8C-BA24-332A-943B-2E64CE01E342}.Debug|x64.Build.0 = Debug|x64
		{6C532B8C-BA24-332A-943B-2E64CE01E342}.Release|x64.ActiveCfg = Release|x64
		{6C532B8C-BA24-332A-943B-2E64CE01E342}.Release|x64.Build.0 = Release|x64
		{6C532B8C-BA24-332A-943B-2E64CE01E342}.MinSizeRel|x64.ActiveCfg = MinSizeRel|x64
		{6C532B8C-BA24-332A-943B-2E64CE01E342}.MinSizeRel|x64.Build.0 = MinSizeRel|x64
		{6C532B8C-BA24-332A-943B-2E64CE01E342}.RelWithDebInfo|x64.ActiveCfg = RelWithDebInfo|x64
		{6C532B8C-BA24-332A-943B-2E64CE01E342}.RelWithDebInfo|x64.Build.0 = RelWithDebInfo|x64
		{922B4BDC-8C4B-34CA-A628-053AB78F5360}.Debug|x64.ActiveCfg = Debug|x64
		{922B4BDC-8C4B-34CA-A628-053AB78F5360}.Debug|x64.Build.0 = Debug|x64
		{922B4BDC-8C4B-34CA-A628-053AB78F5360}.Release|x64.ActiveCfg = Release|x64
		{922B4BDC-8C4B-34CA-A628-053AB78F5360}.Release|x64.Build.0 = Release|x64
		{922B4BDC-8C4B-34CA-A628-053AB78F5360}.MinSizeRel|x64.ActiveCfg = MinSizeRel|x64
		{922B4BDC-8C4B-34CA-A628-053AB78F5360}.MinSizeRel|x64.Build.0 = MinSizeRel|x64
		{922B4BDC-8C4B-34CA-A628-053AB78F5360}.RelWithDebInfo|x64.ActiveCfg = RelWithDebInfo|x64
		{922B4BDC-8C4B-34CA-A628-053AB78F5360}.RelWithDebInfo|x64.Build.0 = RelWithDebInfo|x64
		{4CE9965C-F7E9-375F-A944-D6078C90AEC6}.Debug|x64.ActiveCfg = Debug|x64
		{4CE9965C-F7E9-375F-A944-D6078C90AEC6}.Debug|x64.Build.0 = Debug|x64
		{4CE9965C-F7E9-375F-A944-D6078C90AEC6}.Release|x64.ActiveCfg = Release|x64
		{4CE9965C-F7E9-375F-A944-D6078C90AEC6}.Release|x64.Build.0 = Release|x64
		{4CE9965C-F7E9-375F-A944-D6078C90AEC6}.MinSizeRel|x64.ActiveCfg = MinSizeRel|x64
		{4CE9965C-F7E9-375F-A944-D6078C90AEC6}.MinSizeRel|x64.Build.0 = MinSizeRel|x64
		{4CE9965C-F7E9-375F-A944-D6078C90AEC6}.RelWithDebInfo|x64.ActiveCfg = RelWithDebInfo|x64
		{4CE9965C-F7E9-375F-A944-D6078C90AEC6}.RelWithDebInfo|x64.Build.0 = RelWithDebInfo|x64
		{F34D8C31-23F8-3981-AC35-57789388318B}.Debug|x64.ActiveCfg = Debug|x64
		{F34D8C31-23F8-3981-AC35-57789388318B}.Debug|x64.Build.0 = Debug|x64
		{F34D8C31-23F8-3981-AC35-57789388318B}.Release|x64.ActiveCfg = Release|x64
		{F34D8C31-23F8-3981-AC35-57789388318B}.Release|x64.Build.0 = Release|x64
		{F34D8C31-23F8-3981-AC35-57789388318B}.MinSizeRel|x64.ActiveCfg = MinSizeRel|x64
		{F34D8C31-23F8-3981-AC35-57789388318B}.MinSizeRel|x64.Build.0 = MinSizeRel|x64
		{F34D8C31-23F8-3981-AC35-57789388318B}.RelWithDebInfo|x64.ActiveCfg = RelWithDebInfo|x64
		{F34D8C31-23F8-3981-AC35-57789388318B}.RelWithDebInfo|x64.Build.0 = RelWithDebInfo|x64
	EndGlobalSection
	GlobalSection(NestedProjects) = preSolution
		{23FC1F24-3202-3C59-9300-D752A0BF7D64} = {2DB3284A-B924-32FA-82C0-60D87F19852C}
		{A19129D6-1CB1-3360-8AA4-4A3E5F1D1462} = {2DB3284A-B924-32FA-82C0-60D87F19852C}
		{922B4BDC-8C4B-34CA-A628-053AB78F5360} = {2DB3284A-B924-32FA-82C0-60D87F19852C}
		{4CE9965C-F7E9-375F-A944-D6078C90AEC6} = {2DB3284A-B924-32FA-82C0-60D87F19852C}
		{F34D8C31-23F8-3981-AC35-57789388318B} = {2DB3284A-B924-32FA-82C0-60D87F19852C}
		{AC17CF78-1960-3546-B806-2698733081D8} = {FADA1044-405F-3800-BEF7-AE02BF7E506B}
		{A367F5AE-9917-387A-9617-779F22467C0D} = {FADA1044-405F-3800-BEF7-AE02BF7E506B}
		{D02496DA-04C7-3DF7-B9FC-4923408CD5C2} = {4F6642ED-E261-3961-9BDB-E4449D66D654}
		{6C532B8C-BA24-332A-943B-2E64CE01E342} = {CCE95494-333F-340A-BE8B-4CC771046345}
	EndGlobalSection
	GlobalSection(ExtensibilityGlobals) = postSolution
		SolutionGuid = {28EF9F61-A6DB-3D54-9314-D635709C37C1}
	EndGlobalSection
	GlobalSection(ExtensibilityAddIns) = postSolution
	EndGlobalSection
EndGlobal
