
Microsoft Visual Studio Solution File, Format Version 12.00
# Visual Studio Version 16
Project("{2150E333-8FDC-42A3-9474-1A3956D46DE8}") = "Libraries", "Libraries", "{1FAED799-8ECD-32CF-A603-A5FB17143CE6}"
EndProject
Project("{2150E333-8FDC-42A3-9474-1A3956D46DE8}") = "Predefined", "Predefined", "{6643BFC3-53FA-3EAB-BAA4-4849E308CB1C}"
EndProject
Project("{2150E333-8FDC-42A3-9474-1A3956D46DE8}") = "VSTGUI Tools", "VSTGUI Tools", "{56925334-677E-307D-9C12-0787B8A85D29}"
EndProject
Project("{2150E333-8FDC-42A3-9474-1A3956D46DE8}") = "Validator", "Validator", "{CA80789C-6F39-33D1-B398-8B8F33D18CEA}"
EndProject
Project("{8BC9CEB8-8B4A-11D0-8D11-00A0C91BC942}") = "ALL_BUILD", "ALL_BUILD.vcxproj", "{E6F5D10A-8FF4-3F3F-8645-63CA71E4C17B}"
	ProjectSection(ProjectDependencies) = postProject
		{D8645124-5E78-38C7-BDA1-ABCBF1862D5A} = {D8645124-5E78-38C7-BDA1-ABCBF1862D5A}
		{FCB0E41B-61DF-31C2-8C4D-6AB656BD3BF5} = {FCB0E41B-61DF-31C2-8C4D-6AB656BD3BF5}
		{A1193BA9-5258-3B3E-A8D9-15ECD7D86CC1} = {A1193BA9-5258-3B3E-A8D9-15ECD7D86CC1}
		{FD3D8567-E0DF-31D3-BD00-DF54EC009D65} = {FD3D8567-E0DF-31D3-BD00-DF54EC009D65}
		{F719289E-461F-38DB-AAA5-040B5F031E00} = {F719289E-461F-38DB-AAA5-040B5F031E00}
		{145D41AA-42F0-3982-AC58-931E16E9F6D5} = {145D41AA-42F0-3982-AC58-931E16E9F6D5}
		{320C4D3F-924C-3C59-8C00-DB0414998D70} = {320C4D3F-924C-3C59-8C00-DB0414998D70}
		{576BD950-75D0-31C3-892F-2143DB98E4FD} = {576BD950-75D0-31C3-892F-2143DB98E4FD}
		{7A252CE0-5152-3D0F-98AD-C0014248BD69} = {7A252CE0-5152-3D0F-98AD-C0014248BD69}
		{C07D83E7-CDC5-352F-B248-4120218DA437} = {C07D83E7-CDC5-352F-B248-4120218DA437}
		{DD4C5AC6-72D4-3275-80C3-06F0D2F70DF5} = {DD4C5AC6-72D4-3275-80C3-06F0D2F70DF5}
		{C9644153-8805-3426-90B6-5E5445939318} = {C9644153-8805-3426-90B6-5E5445939318}
	EndProjectSection
EndProject
Project("{8BC9CEB8-8B4A-11D0-8D11-00A0C91BC942}") = "ZERO_CHECK", "ZERO_CHECK.vcxproj", "{D8645124-5E78-38C7-BDA1-ABCBF1862D5A}"
	ProjectSection(ProjectDependencies) = postProject
	EndProjectSection
EndProject
Project("{8BC9CEB8-8B4A-11D0-8D11-00A0C91BC942}") = "ZVAFilters", "project_source\cmake\vst_cmake\ZVAFilters.vcxproj", "{FCB0E41B-61DF-31C2-8C4D-6AB656BD3BF5}"
	ProjectSection(ProjectDependencies) = postProject
		{D8645124-5E78-38C7-BDA1-ABCBF1862D5A} = {D8645124-5E78-38C7-BDA1-ABCBF1862D5A}
		{A1193BA9-5258-3B3E-A8D9-15ECD7D86CC1} = {A1193BA9-5258-3B3E-A8D9-15ECD7D86CC1}
		{FD3D8567-E0DF-31D3-BD00-DF54EC009D65} = {FD3D8567-E0DF-31D3-BD00-DF54EC009D65}
		{F719289E-461F-38DB-AAA5-040B5F031E00} = {F719289E-461F-38DB-AAA5-040B5F031E00}
		{145D41AA-42F0-3982-AC58-931E16E9F6D5} = {145D41AA-42F0-3982-AC58-931E16E9F6D5}
		{7A252CE0-5152-3D0F-98AD-C0014248BD69} = {7A252CE0-5152-3D0F-98AD-C0014248BD69}
		{C07D83E7-CDC5-352F-B248-4120218DA437} = {C07D83E7-CDC5-352F-B248-4120218DA437}
		{DD4C5AC6-72D4-3275-80C3-06F0D2F70DF5} = {DD4C5AC6-72D4-3275-80C3-06F0D2F70DF5}
		{C9644153-8805-3426-90B6-5E5445939318} = {C9644153-8805-3426-90B6-5E5445939318}
	EndProjectSection
EndProject
Project("{8BC9CEB8-8B4A-11D0-8D11-00A0C91BC942}") = "base", "cmake\vst_cmake\base\base.vcxproj", "{A1193BA9-5258-3B3E-A8D9-15ECD7D86CC1}"
	ProjectSection(ProjectDependencies) = postProject
		{D8645124-5E78-38C7-BDA1-ABCBF1862D5A} = {D8645124-5E78-38C7-BDA1-ABCBF1862D5A}
	EndProjectSection
EndProject
Project("{8BC9CEB8-8B4A-11D0-8D11-00A0C91BC942}") = "pluginterfaces", "cmake\vst_cmake\pluginterfaces\pluginterfaces.vcxproj", "{FD3D8567-E0DF-31D3-BD00-DF54EC009D65}"
	ProjectSection(ProjectDependencies) = postProject
		{D8645124-5E78-38C7-BDA1-ABCBF1862D5A} = {D8645124-5E78-38C7-BDA1-ABCBF1862D5A}
	EndProjectSection
EndProject
Project("{8BC9CEB8-8B4A-11D0-8D11-00A0C91BC942}") = "sdk", "cmake\vst_cmake\public.sdk\sdk.vcxproj", "{F719289E-461F-38DB-AAA5-040B5F031E00}"
	ProjectSection(ProjectDependencies) = postProject
		{D8645124-5E78-38C7-BDA1-ABCBF1862D5A} = {D8645124-5E78-38C7-BDA1-ABCBF1862D5A}
		{A1193BA9-5258-3B3E-A8D9-15ECD7D86CC1} = {A1193BA9-5258-3B3E-A8D9-15ECD7D86CC1}
		{FD3D8567-E0DF-31D3-BD00-DF54EC009D65} = {FD3D8567-E0DF-31D3-BD00-DF54EC009D65}
		{145D41AA-42F0-3982-AC58-931E16E9F6D5} = {145D41AA-42F0-3982-AC58-931E16E9F6D5}
	EndProjectSection
EndProject
Project("{8BC9CEB8-8B4A-11D0-8D11-00A0C91BC942}") = "sdk_common", "cmake\vst_cmake\public.sdk\sdk_common.vcxproj", "{145D41AA-42F0-3982-AC58-931E16E9F6D5}"
	ProjectSection(ProjectDependencies) = postProject
		{D8645124-5E78-38C7-BDA1-ABCBF1862D5A} = {D8645124-5E78-38C7-BDA1-ABCBF1862D5A}
		{A1193BA9-5258-3B3E-A8D9-15ECD7D86CC1} = {A1193BA9-5258-3B3E-A8D9-15ECD7D86CC1}
		{FD3D8567-E0DF-31D3-BD00-DF54EC009D65} = {FD3D8567-E0DF-31D3-BD00-DF54EC009D65}
	EndProjectSection
EndProject
Project("{8BC9CEB8-8B4A-11D0-8D11-00A0C91BC942}") = "sdk_hosting", "cmake\vst_cmake\public.sdk\sdk_hosting.vcxproj", "{320C4D3F-924C-3C59-8C00-DB0414998D70}"
	ProjectSection(ProjectDependencies) = postProject
		{D8645124-5E78-38C7-BDA1-ABCBF1862D5A} = {D8645124-5E78-38C7-BDA1-ABCBF1862D5A}
		{A1193BA9-5258-3B3E-A8D9-15ECD7D86CC1} = {A1193BA9-5258-3B3E-A8D9-15ECD7D86CC1}
		{FD3D8567-E0DF-31D3-BD00-DF54EC009D65} = {FD3D8567-E0DF-31D3-BD00-DF54EC009D65}
		{145D41AA-42F0-3982-AC58-931E16E9F6D5} = {145D41AA-42F0-3982-AC58-931E16E9F6D5}
	EndProjectSection
EndProject
Project("{8BC9CEB8-8B4A-11D0-8D11-00A0C91BC942}") = "uidesccompressor", "cmake\vst_cmake\vstgui4\vstgui\tools\uidesccompressor\uidesccompressor.vcxproj", "{576BD950-75D0-31C3-892F-2143DB98E4FD}"
	ProjectSection(ProjectDependencies) = postProject
		{D8645124-5E78-38C7-BDA1-ABCBF1862D5A} = {D8645124-5E78-38C7-BDA1-ABCBF1862D5A}
		{C07D83E7-CDC5-352F-B248-4120218DA437} = {C07D83E7-CDC5-352F-B248-4120218DA437}
		{C9644153-8805-3426-90B6-5E5445939318} = {C9644153-8805-3426-90B6-5E5445939318}
	EndProjectSection
EndProject
Project("{8BC9CEB8-8B4A-11D0-8D11-00A0C91BC942}") = "validator", "cmake\vst_cmake\public.sdk\samples\vst-hosting\validator\validator.vcxproj", "{7A252CE0-5152-3D0F-98AD-C0014248BD69}"
	ProjectSection(ProjectDependencies) = postProject
		{D8645124-5E78-38C7-BDA1-ABCBF1862D5A} = {D8645124-5E78-38C7-BDA1-ABCBF1862D5A}
		{A1193BA9-5258-3B3E-A8D9-15ECD7D86CC1} = {A1193BA9-5258-3B3E-A8D9-15ECD7D86CC1}
		{FD3D8567-E0DF-31D3-BD00-DF54EC009D65} = {FD3D8567-E0DF-31D3-BD00-DF54EC009D65}
		{145D41AA-42F0-3982-AC58-931E16E9F6D5} = {145D41AA-42F0-3982-AC58-931E16E9F6D5}
		{320C4D3F-924C-3C59-8C00-DB0414998D70} = {320C4D3F-924C-3C59-8C00-DB0414998D70}
	EndProjectSection
EndProject
Project("{8BC9CEB8-8B4A-11D0-8D11-00A0C91BC942}") = "vstgui", "cmake\vst_cmake\vstgui4\vstgui\lib\vstgui.vcxproj", "{C07D83E7-CDC5-352F-B248-4120218DA437}"
	ProjectSection(ProjectDependencies) = postProject
		{D8645124-5E78-38C7-BDA1-ABCBF1862D5A} = {D8645124-5E78-38C7-BDA1-ABCBF1862D5A}
	EndProjectSection
EndProject
Project("{8BC9CEB8-8B4A-11D0-8D11-00A0C91BC942}") = "vstgui_support", "cmake\vst_cmake\vstgui_support.vcxproj", "{DD4C5AC6-72D4-3275-80C3-06F0D2F70DF5}"
	ProjectSection(ProjectDependencies) = postProject
		{D8645124-5E78-38C7-BDA1-ABCBF1862D5A} = {D8645124-5E78-38C7-BDA1-ABCBF1862D5A}
		{C07D83E7-CDC5-352F-B248-4120218DA437} = {C07D83E7-CDC5-352F-B248-4120218DA437}
		{C9644153-8805-3426-90B6-5E5445939318} = {C9644153-8805-3426-90B6-5E5445939318}
	EndProjectSection
EndProject
Project("{8BC9CEB8-8B4A-11D0-8D11-00A0C91BC942}") = "vstgui_uidescription", "cmake\vst_cmake\vstgui4\vstgui\uidescription\vstgui_uidescription.vcxproj", "{C9644153-8805-3426-90B6-5E5445939318}"
	ProjectSection(ProjectDependencies) = postProject
		{D8645124-5E78-38C7-BDA1-ABCBF1862D5A} = {D8645124-5E78-38C7-BDA1-ABCBF1862D5A}
		{C07D83E7-CDC5-352F-B248-4120218DA437} = {C07D83E7-CDC5-352F-B248-4120218DA437}
	EndProjectSection
EndProject
Global
	GlobalSection(SolutionConfigurationPlatforms) = preSolution
		Debug|x64 = Debug|x64
		Release|x64 = Release|x64
		MinSizeRel|x64 = MinSizeRel|x64
		RelWithDebInfo|x64 = RelWithDebInfo|x64
	EndGlobalSection
	GlobalSection(ProjectConfigurationPlatforms) = postSolution
		{E6F5D10A-8FF4-3F3F-8645-63CA71E4C17B}.Debug|x64.ActiveCfg = Debug|x64
		{E6F5D10A-8FF4-3F3F-8645-63CA71E4C17B}.Release|x64.ActiveCfg = Release|x64
		{E6F5D10A-8FF4-3F3F-8645-63CA71E4C17B}.MinSizeRel|x64.ActiveCfg = MinSizeRel|x64
		{E6F5D10A-8FF4-3F3F-8645-63CA71E4C17B}.RelWithDebInfo|x64.ActiveCfg = RelWithDebInfo|x64
		{D8645124-5E78-38C7-BDA1-ABCBF1862D5A}.Debug|x64.ActiveCfg = Debug|x64
		{D8645124-5E78-38C7-BDA1-ABCBF1862D5A}.Debug|x64.Build.0 = Debug|x64
		{D8645124-5E78-38C7-BDA1-ABCBF1862D5A}.Release|x64.ActiveCfg = Release|x64
		{D8645124-5E78-38C7-BDA1-ABCBF1862D5A}.Release|x64.Build.0 = Release|x64
		{D8645124-5E78-38C7-BDA1-ABCBF1862D5A}.MinSizeRel|x64.ActiveCfg = MinSizeRel|x64
		{D8645124-5E78-38C7-BDA1-ABCBF1862D5A}.MinSizeRel|x64.Build.0 = MinSizeRel|x64
		{D8645124-5E78-38C7-BDA1-ABCBF1862D5A}.RelWithDebInfo|x64.ActiveCfg = RelWithDebInfo|x64
		{D8645124-5E78-38C7-BDA1-ABCBF1862D5A}.RelWithDebInfo|x64.Build.0 = RelWithDebInfo|x64
		{FCB0E41B-61DF-31C2-8C4D-6AB656BD3BF5}.Debug|x64.ActiveCfg = Debug|x64
		{FCB0E41B-61DF-31C2-8C4D-6AB656BD3BF5}.Debug|x64.Build.0 = Debug|x64
		{FCB0E41B-61DF-31C2-8C4D-6AB656BD3BF5}.Release|x64.ActiveCfg = Release|x64
		{FCB0E41B-61DF-31C2-8C4D-6AB656BD3BF5}.Release|x64.Build.0 = Release|x64
		{FCB0E41B-61DF-31C2-8C4D-6AB656BD3BF5}.MinSizeRel|x64.ActiveCfg = MinSizeRel|x64
		{FCB0E41B-61DF-31C2-8C4D-6AB656BD3BF5}.MinSizeRel|x64.Build.0 = MinSizeRel|x64
		{FCB0E41B-61DF-31C2-8C4D-6AB656BD3BF5}.RelWithDebInfo|x64.ActiveCfg = RelWithDebInfo|x64
		{FCB0E41B-61DF-31C2-8C4D-6AB656BD3BF5}.RelWithDebInfo|x64.Build.0 = RelWithDebInfo|x64
		{A1193BA9-5258-3B3E-A8D9-15ECD7D86CC1}.Debug|x64.ActiveCfg = Debug|x64
		{A1193BA9-5258-3B3E-A8D9-15ECD7D86CC1}.Debug|x64.Build.0 = Debug|x64
		{A1193BA9-5258-3B3E-A8D9-15ECD7D86CC1}.Release|x64.ActiveCfg = Release|x64
		{A1193BA9-5258-3B3E-A8D9-15ECD7D86CC1}.Release|x64.Build.0 = Release|x64
		{A1193BA9-5258-3B3E-A8D9-15ECD7D86CC1}.MinSizeRel|x64.ActiveCfg = MinSizeRel|x64
		{A1193BA9-5258-3B3E-A8D9-15ECD7D86CC1}.MinSizeRel|x64.Build.0 = MinSizeRel|x64
		{A1193BA9-5258-3B3E-A8D9-15ECD7D86CC1}.RelWithDebInfo|x64.ActiveCfg = RelWithDebInfo|x64
		{A1193BA9-5258-3B3E-A8D9-15ECD7D86CC1}.RelWithDebInfo|x64.Build.0 = RelWithDebInfo|x64
		{FD3D8567-E0DF-31D3-BD00-DF54EC009D65}.Debug|x64.ActiveCfg = Debug|x64
		{FD3D8567-E0DF-31D3-BD00-DF54EC009D65}.Debug|x64.Build.0 = Debug|x64
		{FD3D8567-E0DF-31D3-BD00-DF54EC009D65}.Release|x64.ActiveCfg = Release|x64
		{FD3D8567-E0DF-31D3-BD00-DF54EC009D65}.Release|x64.Build.0 = Release|x64
		{FD3D8567-E0DF-31D3-BD00-DF54EC009D65}.MinSizeRel|x64.ActiveCfg = MinSizeRel|x64
		{FD3D8567-E0DF-31D3-BD00-DF54EC009D65}.MinSizeRel|x64.Build.0 = MinSizeRel|x64
		{FD3D8567-E0DF-31D3-BD00-DF54EC009D65}.RelWithDebInfo|x64.ActiveCfg = RelWithDebInfo|x64
		{FD3D8567-E0DF-31D3-BD00-DF54EC009D65}.RelWithDebInfo|x64.Build.0 = RelWithDebInfo|x64
		{F719289E-461F-38DB-AAA5-040B5F031E00}.Debug|x64.ActiveCfg = Debug|x64
		{F719289E-461F-38DB-AAA5-040B5F031E00}.Debug|x64.Build.0 = Debug|x64
		{F719289E-461F-38DB-AAA5-040B5F031E00}.Release|x64.ActiveCfg = Release|x64
		{F719289E-461F-38DB-AAA5-040B5F031E00}.Release|x64.Build.0 = Release|x64
		{F719289E-461F-38DB-AAA5-040B5F031E00}.MinSizeRel|x64.ActiveCfg = MinSizeRel|x64
		{F719289E-461F-38DB-AAA5-040B5F031E00}.MinSizeRel|x64.Build.0 = MinSizeRel|x64
		{F719289E-461F-38DB-AAA5-040B5F031E00}.RelWithDebInfo|x64.ActiveCfg = RelWithDebInfo|x64
		{F719289E-461F-38DB-AAA5-040B5F031E00}.RelWithDebInfo|x64.Build.0 = RelWithDebInfo|x64
		{145D41AA-42F0-3982-AC58-931E16E9F6D5}.Debug|x64.ActiveCfg = Debug|x64
		{145D41AA-42F0-3982-AC58-931E16E9F6D5}.Debug|x64.Build.0 = Debug|x64
		{145D41AA-42F0-3982-AC58-931E16E9F6D5}.Release|x64.ActiveCfg = Release|x64
		{145D41AA-42F0-3982-AC58-931E16E9F6D5}.Release|x64.Build.0 = Release|x64
		{145D41AA-42F0-3982-AC58-931E16E9F6D5}.MinSizeRel|x64.ActiveCfg = MinSizeRel|x64
		{145D41AA-42F0-3982-AC58-931E16E9F6D5}.MinSizeRel|x64.Build.0 = MinSizeRel|x64
		{145D41AA-42F0-3982-AC58-931E16E9F6D5}.RelWithDebInfo|x64.ActiveCfg = RelWithDebInfo|x64
		{145D41AA-42F0-3982-AC58-931E16E9F6D5}.RelWithDebInfo|x64.Build.0 = RelWithDebInfo|x64
		{320C4D3F-924C-3C59-8C00-DB0414998D70}.Debug|x64.ActiveCfg = Debug|x64
		{320C4D3F-924C-3C59-8C00-DB0414998D70}.Debug|x64.Build.0 = Debug|x64
		{320C4D3F-924C-3C59-8C00-DB0414998D70}.Release|x64.ActiveCfg = Release|x64
		{320C4D3F-924C-3C59-8C00-DB0414998D70}.Release|x64.Build.0 = Release|x64
		{320C4D3F-924C-3C59-8C00-DB0414998D70}.MinSizeRel|x64.ActiveCfg = MinSizeRel|x64
		{320C4D3F-924C-3C59-8C00-DB0414998D70}.MinSizeRel|x64.Build.0 = MinSizeRel|x64
		{320C4D3F-924C-3C59-8C00-DB0414998D70}.RelWithDebInfo|x64.ActiveCfg = RelWithDebInfo|x64
		{320C4D3F-924C-3C59-8C00-DB0414998D70}.RelWithDebInfo|x64.Build.0 = RelWithDebInfo|x64
		{576BD950-75D0-31C3-892F-2143DB98E4FD}.Debug|x64.ActiveCfg = Debug|x64
		{576BD950-75D0-31C3-892F-2143DB98E4FD}.Debug|x64.Build.0 = Debug|x64
		{576BD950-75D0-31C3-892F-2143DB98E4FD}.Release|x64.ActiveCfg = Release|x64
		{576BD950-75D0-31C3-892F-2143DB98E4FD}.Release|x64.Build.0 = Release|x64
		{576BD950-75D0-31C3-892F-2143DB98E4FD}.MinSizeRel|x64.ActiveCfg = MinSizeRel|x64
		{576BD950-75D0-31C3-892F-2143DB98E4FD}.MinSizeRel|x64.Build.0 = MinSizeRel|x64
		{576BD950-75D0-31C3-892F-2143DB98E4FD}.RelWithDebInfo|x64.ActiveCfg = RelWithDebInfo|x64
		{576BD950-75D0-31C3-892F-2143DB98E4FD}.RelWithDebInfo|x64.Build.0 = RelWithDebInfo|x64
		{7A252CE0-5152-3D0F-98AD-C0014248BD69}.Debug|x64.ActiveCfg = Debug|x64
		{7A252CE0-5152-3D0F-98AD-C0014248BD69}.Debug|x64.Build.0 = Debug|x64
		{7A252CE0-5152-3D0F-98AD-C0014248BD69}.Release|x64.ActiveCfg = Release|x64
		{7A252CE0-5152-3D0F-98AD-C0014248BD69}.Release|x64.Build.0 = Release|x64
		{7A252CE0-5152-3D0F-98AD-C0014248BD69}.MinSizeRel|x64.ActiveCfg = MinSizeRel|x64
		{7A252CE0-5152-3D0F-98AD-C0014248BD69}.MinSizeRel|x64.Build.0 = MinSizeRel|x64
		{7A252CE0-5152-3D0F-98AD-C0014248BD69}.RelWithDebInfo|x64.ActiveCfg = RelWithDebInfo|x64
		{7A252CE0-5152-3D0F-98AD-C0014248BD69}.RelWithDebInfo|x64.Build.0 = RelWithDebInfo|x64
		{C07D83E7-CDC5-352F-B248-4120218DA437}.Debug|x64.ActiveCfg = Debug|x64
		{C07D83E7-CDC5-352F-B248-4120218DA437}.Debug|x64.Build.0 = Debug|x64
		{C07D83E7-CDC5-352F-B248-4120218DA437}.Release|x64.ActiveCfg = Release|x64
		{C07D83E7-CDC5-352F-B248-4120218DA437}.Release|x64.Build.0 = Release|x64
		{C07D83E7-CDC5-352F-B248-4120218DA437}.MinSizeRel|x64.ActiveCfg = MinSizeRel|x64
		{C07D83E7-CDC5-352F-B248-4120218DA437}.MinSizeRel|x64.Build.0 = MinSizeRel|x64
		{C07D83E7-CDC5-352F-B248-4120218DA437}.RelWithDebInfo|x64.ActiveCfg = RelWithDebInfo|x64
		{C07D83E7-CDC5-352F-B248-4120218DA437}.RelWithDebInfo|x64.Build.0 = RelWithDebInfo|x64
		{DD4C5AC6-72D4-3275-80C3-06F0D2F70DF5}.Debug|x64.ActiveCfg = Debug|x64
		{DD4C5AC6-72D4-3275-80C3-06F0D2F70DF5}.Debug|x64.Build.0 = Debug|x64
		{DD4C5AC6-72D4-3275-80C3-06F0D2F70DF5}.Release|x64.ActiveCfg = Release|x64
		{DD4C5AC6-72D4-3275-80C3-06F0D2F70DF5}.Release|x64.Build.0 = Release|x64
		{DD4C5AC6-72D4-3275-80C3-06F0D2F70DF5}.MinSizeRel|x64.ActiveCfg = MinSizeRel|x64
		{DD4C5AC6-72D4-3275-80C3-06F0D2F70DF5}.MinSizeRel|x64.Build.0 = MinSizeRel|x64
		{DD4C5AC6-72D4-3275-80C3-06F0D2F70DF5}.RelWithDebInfo|x64.ActiveCfg = RelWithDebInfo|x64
		{DD4C5AC6-72D4-3275-80C3-06F0D2F70DF5}.RelWithDebInfo|x64.Build.0 = RelWithDebInfo|x64
		{C9644153-8805-3426-90B6-5E5445939318}.Debug|x64.ActiveCfg = Debug|x64
		{C9644153-8805-3426-90B6-5E5445939318}.Debug|x64.Build.0 = Debug|x64
		{C9644153-8805-3426-90B6-5E5445939318}.Release|x64.ActiveCfg = Release|x64
		{C9644153-8805-3426-90B6-5E5445939318}.Release|x64.Build.0 = Release|x64
		{C9644153-8805-3426-90B6-5E5445939318}.MinSizeRel|x64.ActiveCfg = MinSizeRel|x64
		{C9644153-8805-3426-90B6-5E5445939318}.MinSizeRel|x64.Build.0 = MinSizeRel|x64
		{C9644153-8805-3426-90B6-5E5445939318}.RelWithDebInfo|x64.ActiveCfg = RelWithDebInfo|x64
		{C9644153-8805-3426-90B6-5E5445939318}.RelWithDebInfo|x64.Build.0 = RelWithDebInfo|x64
	EndGlobalSection
	GlobalSection(NestedProjects) = preSolution
		{A1193BA9-5258-3B3E-A8D9-15ECD7D86CC1} = {1FAED799-8ECD-32CF-A603-A5FB17143CE6}
		{F719289E-461F-38DB-AAA5-040B5F031E00} = {1FAED799-8ECD-32CF-A603-A5FB17143CE6}
		{C07D83E7-CDC5-352F-B248-4120218DA437} = {1FAED799-8ECD-32CF-A603-A5FB17143CE6}
		{DD4C5AC6-72D4-3275-80C3-06F0D2F70DF5} = {1FAED799-8ECD-32CF-A603-A5FB17143CE6}
		{C9644153-8805-3426-90B6-5E5445939318} = {1FAED799-8ECD-32CF-A603-A5FB17143CE6}
		{E6F5D10A-8FF4-3F3F-8645-63CA71E4C17B} = {6643BFC3-53FA-3EAB-BAA4-4849E308CB1C}
		{D8645124-5E78-38C7-BDA1-ABCBF1862D5A} = {6643BFC3-53FA-3EAB-BAA4-4849E308CB1C}
		{576BD950-75D0-31C3-892F-2143DB98E4FD} = {56925334-677E-307D-9C12-0787B8A85D29}
		{7A252CE0-5152-3D0F-98AD-C0014248BD69} = {CA80789C-6F39-33D1-B398-8B8F33D18CEA}
	EndGlobalSection
	GlobalSection(ExtensibilityGlobals) = postSolution
		SolutionGuid = {6739D7F5-9088-3634-ADE2-8F89D7AD2E6E}
	EndGlobalSection
	GlobalSection(ExtensibilityAddIns) = postSolution
	EndGlobalSection
EndGlobal
