<?xml version="1.0" encoding="utf-8"?>
<Project ToolsVersion="16.0" xmlns="http://schemas.microsoft.com/developer/msbuild/2003">
  <ItemGroup>
    <ClCompile Include="D:\Documents\Source\Repos\VST_SDK\VST3_SDK\myprojects\vstgui4\vstgui\plugin-bindings\vst3groupcontroller.cpp">
      <Filter>Source Files</Filter>
    </ClCompile>
    <ClCompile Include="D:\Documents\Source\Repos\VST_SDK\VST3_SDK\myprojects\vstgui4\vstgui\plugin-bindings\vst3padcontroller.cpp">
      <Filter>Source Files</Filter>
    </ClCompile>
    <ClCompile Include="D:\Documents\Source\Repos\VST_SDK\VST3_SDK\myprojects\vstgui4\vstgui\plugin-bindings\vst3editor.cpp">
      <Filter>Source Files</Filter>
    </ClCompile>
    <ClCompile Include="D:\Documents\Source\Repos\VST_SDK\VST3_SDK\public.sdk\source\vst\vstguieditor.cpp">
      <Filter>Source Files</Filter>
    </ClCompile>
  </ItemGroup>
  <ItemGroup>
    <ClInclude Include="D:\Documents\Source\Repos\VST_SDK\VST3_SDK\myprojects\vstgui4\vstgui\plugin-bindings\vst3groupcontroller.h">
      <Filter>Header Files</Filter>
    </ClInclude>
    <ClInclude Include="D:\Documents\Source\Repos\VST_SDK\VST3_SDK\myprojects\vstgui4\vstgui\plugin-bindings\vst3padcontroller.h">
      <Filter>Header Files</Filter>
    </ClInclude>
    <ClInclude Include="D:\Documents\Source\Repos\VST_SDK\VST3_SDK\myprojects\vstgui4\vstgui\plugin-bindings\vst3editor.h">
      <Filter>Header Files</Filter>
    </ClInclude>
  </ItemGroup>
  <ItemGroup>
    <CustomBuild Include="D:\Documents\Source\Repos\VST_SDK\VST3_SDK\myprojects\Volume\cmake\vst_cmake\CMakeLists.txt" />
  </ItemGroup>
  <ItemGroup>
    <Filter Include="Header Files">
      <UniqueIdentifier>{A3FBE2FF-37C4-3495-9A7C-0F78AC8EBB25}</UniqueIdentifier>
    </Filter>
    <Filter Include="Source Files">
      <UniqueIdentifier>{0DE17A0D-B100-3C06-AD57-F9807CA8D903}</UniqueIdentifier>
    </Filter>
  </ItemGroup>
</Project>
