
Microsoft Visual Studio Solution File, Format Version 12.00
# Visual Studio Version 16
Project("{2150E333-8FDC-42A3-9474-1A3956D46DE8}") = "Libraries", "Libraries", "{91AD5E6B-728A-3053-B2D7-18049AC5F2DC}"
EndProject
Project("{2150E333-8FDC-42A3-9474-1A3956D46DE8}") = "Predefined", "Predefined", "{4C32E039-2FED-334E-85E3-D56482189F5F}"
EndProject
Project("{2150E333-8FDC-42A3-9474-1A3956D46DE8}") = "VSTGUI Tools", "VSTGUI Tools", "{6EB06415-DA34-37FD-94A0-875C5B9BFAEA}"
EndProject
Project("{2150E333-8FDC-42A3-9474-1A3956D46DE8}") = "Validator", "Validator", "{062A4EE6-E896-3091-A2F0-34A37614C2E6}"
EndProject
Project("{8BC9CEB8-8B4A-11D0-8D11-00A0C91BC942}") = "ALL_BUILD", "ALL_BUILD.vcxproj", "{DA0939BE-62CE-3828-A65B-0E99B61D0BAC}"
	ProjectSection(ProjectDependencies) = postProject
		{CAF5FFE8-FDE2-3950-9BC0-894A58E404A7} = {CAF5FFE8-FDE2-3950-9BC0-894A58E404A7}
		{9EB481AE-BC50-388E-842F-8061AE334913} = {9EB481AE-BC50-388E-842F-8061AE334913}
		{B184FBFD-4D52-334D-B131-65BD2E3A318B} = {B184FBFD-4D52-334D-B131-65BD2E3A318B}
		{033E71AC-D4F6-38DB-A91F-4052AB5F47B9} = {033E71AC-D4F6-38DB-A91F-4052AB5F47B9}
		{F3F8C3D2-7FC9-32A8-A7AF-D5B0694F3DDB} = {F3F8C3D2-7FC9-32A8-A7AF-D5B0694F3DDB}
		{D58CD1E8-F695-35FA-AB4F-AC34CC9720CC} = {D58CD1E8-F695-35FA-AB4F-AC34CC9720CC}
		{5601965E-39DD-3812-A35E-74B0E685FA3B} = {5601965E-39DD-3812-A35E-74B0E685FA3B}
		{145FB1DA-A618-34AA-A8BD-D418B21C1C1F} = {145FB1DA-A618-34AA-A8BD-D418B21C1C1F}
		{18A3DFE6-DE5D-338A-B513-D81F93BB8CCD} = {18A3DFE6-DE5D-338A-B513-D81F93BB8CCD}
		{2AA524F3-A51F-3AA4-8029-1E36B800FBED} = {2AA524F3-A51F-3AA4-8029-1E36B800FBED}
		{17431411-9331-3A8F-9525-D0EEE4C422F9} = {17431411-9331-3A8F-9525-D0EEE4C422F9}
		{56CAE1B0-14AB-3A8D-A389-82FAEC0EF421} = {56CAE1B0-14AB-3A8D-A389-82FAEC0EF421}
	EndProjectSection
EndProject
Project("{8BC9CEB8-8B4A-11D0-8D11-00A0C91BC942}") = "Howler", "project_source\cmake\vst_cmake\Howler.vcxproj", "{CAF5FFE8-FDE2-3950-9BC0-894A58E404A7}"
	ProjectSection(ProjectDependencies) = postProject
		{9EB481AE-BC50-388E-842F-8061AE334913} = {9EB481AE-BC50-388E-842F-8061AE334913}
		{B184FBFD-4D52-334D-B131-65BD2E3A318B} = {B184FBFD-4D52-334D-B131-65BD2E3A318B}
		{033E71AC-D4F6-38DB-A91F-4052AB5F47B9} = {033E71AC-D4F6-38DB-A91F-4052AB5F47B9}
		{F3F8C3D2-7FC9-32A8-A7AF-D5B0694F3DDB} = {F3F8C3D2-7FC9-32A8-A7AF-D5B0694F3DDB}
		{D58CD1E8-F695-35FA-AB4F-AC34CC9720CC} = {D58CD1E8-F695-35FA-AB4F-AC34CC9720CC}
		{18A3DFE6-DE5D-338A-B513-D81F93BB8CCD} = {18A3DFE6-DE5D-338A-B513-D81F93BB8CCD}
		{2AA524F3-A51F-3AA4-8029-1E36B800FBED} = {2AA524F3-A51F-3AA4-8029-1E36B800FBED}
		{17431411-9331-3A8F-9525-D0EEE4C422F9} = {17431411-9331-3A8F-9525-D0EEE4C422F9}
		{56CAE1B0-14AB-3A8D-A389-82FAEC0EF421} = {56CAE1B0-14AB-3A8D-A389-82FAEC0EF421}
	EndProjectSection
EndProject
Project("{8BC9CEB8-8B4A-11D0-8D11-00A0C91BC942}") = "ZERO_CHECK", "ZERO_CHECK.vcxproj", "{9EB481AE-BC50-388E-842F-8061AE334913}"
	ProjectSection(ProjectDependencies) = postProject
	EndProjectSection
EndProject
Project("{8BC9CEB8-8B4A-11D0-8D11-00A0C91BC942}") = "base", "cmake\vst_cmake\base\base.vcxproj", "{B184FBFD-4D52-334D-B131-65BD2E3A318B}"
	ProjectSection(ProjectDependencies) = postProject
		{9EB481AE-BC50-388E-842F-8061AE334913} = {9EB481AE-BC50-388E-842F-8061AE334913}
	EndProjectSection
EndProject
Project("{8BC9CEB8-8B4A-11D0-8D11-00A0C91BC942}") = "pluginterfaces", "cmake\vst_cmake\pluginterfaces\pluginterfaces.vcxproj", "{033E71AC-D4F6-38DB-A91F-4052AB5F47B9}"
	ProjectSection(ProjectDependencies) = postProject
		{9EB481AE-BC50-388E-842F-8061AE334913} = {9EB481AE-BC50-388E-842F-8061AE334913}
	EndProjectSection
EndProject
Project("{8BC9CEB8-8B4A-11D0-8D11-00A0C91BC942}") = "sdk", "cmake\vst_cmake\public.sdk\sdk.vcxproj", "{F3F8C3D2-7FC9-32A8-A7AF-D5B0694F3DDB}"
	ProjectSection(ProjectDependencies) = postProject
		{9EB481AE-BC50-388E-842F-8061AE334913} = {9EB481AE-BC50-388E-842F-8061AE334913}
		{B184FBFD-4D52-334D-B131-65BD2E3A318B} = {B184FBFD-4D52-334D-B131-65BD2E3A318B}
		{033E71AC-D4F6-38DB-A91F-4052AB5F47B9} = {033E71AC-D4F6-38DB-A91F-4052AB5F47B9}
		{D58CD1E8-F695-35FA-AB4F-AC34CC9720CC} = {D58CD1E8-F695-35FA-AB4F-AC34CC9720CC}
	EndProjectSection
EndProject
Project("{8BC9CEB8-8B4A-11D0-8D11-00A0C91BC942}") = "sdk_common", "cmake\vst_cmake\public.sdk\sdk_common.vcxproj", "{D58CD1E8-F695-35FA-AB4F-AC34CC9720CC}"
	ProjectSection(ProjectDependencies) = postProject
		{9EB481AE-BC50-388E-842F-8061AE334913} = {9EB481AE-BC50-388E-842F-8061AE334913}
		{B184FBFD-4D52-334D-B131-65BD2E3A318B} = {B184FBFD-4D52-334D-B131-65BD2E3A318B}
		{033E71AC-D4F6-38DB-A91F-4052AB5F47B9} = {033E71AC-D4F6-38DB-A91F-4052AB5F47B9}
	EndProjectSection
EndProject
Project("{8BC9CEB8-8B4A-11D0-8D11-00A0C91BC942}") = "sdk_hosting", "cmake\vst_cmake\public.sdk\sdk_hosting.vcxproj", "{5601965E-39DD-3812-A35E-74B0E685FA3B}"
	ProjectSection(ProjectDependencies) = postProject
		{9EB481AE-BC50-388E-842F-8061AE334913} = {9EB481AE-BC50-388E-842F-8061AE334913}
		{B184FBFD-4D52-334D-B131-65BD2E3A318B} = {B184FBFD-4D52-334D-B131-65BD2E3A318B}
		{033E71AC-D4F6-38DB-A91F-4052AB5F47B9} = {033E71AC-D4F6-38DB-A91F-4052AB5F47B9}
		{D58CD1E8-F695-35FA-AB4F-AC34CC9720CC} = {D58CD1E8-F695-35FA-AB4F-AC34CC9720CC}
	EndProjectSection
EndProject
Project("{8BC9CEB8-8B4A-11D0-8D11-00A0C91BC942}") = "uidesccompressor", "cmake\vst_cmake\vstgui4\vstgui\tools\uidesccompressor\uidesccompressor.vcxproj", "{145FB1DA-A618-34AA-A8BD-D418B21C1C1F}"
	ProjectSection(ProjectDependencies) = postProject
		{9EB481AE-BC50-388E-842F-8061AE334913} = {9EB481AE-BC50-388E-842F-8061AE334913}
		{2AA524F3-A51F-3AA4-8029-1E36B800FBED} = {2AA524F3-A51F-3AA4-8029-1E36B800FBED}
		{56CAE1B0-14AB-3A8D-A389-82FAEC0EF421} = {56CAE1B0-14AB-3A8D-A389-82FAEC0EF421}
	EndProjectSection
EndProject
Project("{8BC9CEB8-8B4A-11D0-8D11-00A0C91BC942}") = "validator", "cmake\vst_cmake\public.sdk\samples\vst-hosting\validator\validator.vcxproj", "{18A3DFE6-DE5D-338A-B513-D81F93BB8CCD}"
	ProjectSection(ProjectDependencies) = postProject
		{9EB481AE-BC50-388E-842F-8061AE334913} = {9EB481AE-BC50-388E-842F-8061AE334913}
		{B184FBFD-4D52-334D-B131-65BD2E3A318B} = {B184FBFD-4D52-334D-B131-65BD2E3A318B}
		{033E71AC-D4F6-38DB-A91F-4052AB5F47B9} = {033E71AC-D4F6-38DB-A91F-4052AB5F47B9}
		{D58CD1E8-F695-35FA-AB4F-AC34CC9720CC} = {D58CD1E8-F695-35FA-AB4F-AC34CC9720CC}
		{5601965E-39DD-3812-A35E-74B0E685FA3B} = {5601965E-39DD-3812-A35E-74B0E685FA3B}
	EndProjectSection
EndProject
Project("{8BC9CEB8-8B4A-11D0-8D11-00A0C91BC942}") = "vstgui", "cmake\vst_cmake\vstgui4\vstgui\lib\vstgui.vcxproj", "{2AA524F3-A51F-3AA4-8029-1E36B800FBED}"
	ProjectSection(ProjectDependencies) = postProject
		{9EB481AE-BC50-388E-842F-8061AE334913} = {9EB481AE-BC50-388E-842F-8061AE334913}
	EndProjectSection
EndProject
Project("{8BC9CEB8-8B4A-11D0-8D11-00A0C91BC942}") = "vstgui_support", "cmake\vst_cmake\vstgui_support.vcxproj", "{17431411-9331-3A8F-9525-D0EEE4C422F9}"
	ProjectSection(ProjectDependencies) = postProject
		{9EB481AE-BC50-388E-842F-8061AE334913} = {9EB481AE-BC50-388E-842F-8061AE334913}
		{2AA524F3-A51F-3AA4-8029-1E36B800FBED} = {2AA524F3-A51F-3AA4-8029-1E36B800FBED}
		{56CAE1B0-14AB-3A8D-A389-82FAEC0EF421} = {56CAE1B0-14AB-3A8D-A389-82FAEC0EF421}
	EndProjectSection
EndProject
Project("{8BC9CEB8-8B4A-11D0-8D11-00A0C91BC942}") = "vstgui_uidescription", "cmake\vst_cmake\vstgui4\vstgui\uidescription\vstgui_uidescription.vcxproj", "{56CAE1B0-14AB-3A8D-A389-82FAEC0EF421}"
	ProjectSection(ProjectDependencies) = postProject
		{9EB481AE-BC50-388E-842F-8061AE334913} = {9EB481AE-BC50-388E-842F-8061AE334913}
		{2AA524F3-A51F-3AA4-8029-1E36B800FBED} = {2AA524F3-A51F-3AA4-8029-1E36B800FBED}
	EndProjectSection
EndProject
Global
	GlobalSection(SolutionConfigurationPlatforms) = preSolution
		Debug|x64 = Debug|x64
		Release|x64 = Release|x64
		MinSizeRel|x64 = MinSizeRel|x64
		RelWithDebInfo|x64 = RelWithDebInfo|x64
	EndGlobalSection
	GlobalSection(ProjectConfigurationPlatforms) = postSolution
		{DA0939BE-62CE-3828-A65B-0E99B61D0BAC}.Debug|x64.ActiveCfg = Debug|x64
		{DA0939BE-62CE-3828-A65B-0E99B61D0BAC}.Release|x64.ActiveCfg = Release|x64
		{DA0939BE-62CE-3828-A65B-0E99B61D0BAC}.MinSizeRel|x64.ActiveCfg = MinSizeRel|x64
		{DA0939BE-62CE-3828-A65B-0E99B61D0BAC}.RelWithDebInfo|x64.ActiveCfg = RelWithDebInfo|x64
		{CAF5FFE8-FDE2-3950-9BC0-894A58E404A7}.Debug|x64.ActiveCfg = Debug|x64
		{CAF5FFE8-FDE2-3950-9BC0-894A58E404A7}.Debug|x64.Build.0 = Debug|x64
		{CAF5FFE8-FDE2-3950-9BC0-894A58E404A7}.Release|x64.ActiveCfg = Release|x64
		{CAF5FFE8-FDE2-3950-9BC0-894A58E404A7}.Release|x64.Build.0 = Release|x64
		{CAF5FFE8-FDE2-3950-9BC0-894A58E404A7}.MinSizeRel|x64.ActiveCfg = MinSizeRel|x64
		{CAF5FFE8-FDE2-3950-9BC0-894A58E404A7}.MinSizeRel|x64.Build.0 = MinSizeRel|x64
		{CAF5FFE8-FDE2-3950-9BC0-894A58E404A7}.RelWithDebInfo|x64.ActiveCfg = RelWithDebInfo|x64
		{CAF5FFE8-FDE2-3950-9BC0-894A58E404A7}.RelWithDebInfo|x64.Build.0 = RelWithDebInfo|x64
		{9EB481AE-BC50-388E-842F-8061AE334913}.Debug|x64.ActiveCfg = Debug|x64
		{9EB481AE-BC50-388E-842F-8061AE334913}.Debug|x64.Build.0 = Debug|x64
		{9EB481AE-BC50-388E-842F-8061AE334913}.Release|x64.ActiveCfg = Release|x64
		{9EB481AE-BC50-388E-842F-8061AE334913}.Release|x64.Build.0 = Release|x64
		{9EB481AE-BC50-388E-842F-8061AE334913}.MinSizeRel|x64.ActiveCfg = MinSizeRel|x64
		{9EB481AE-BC50-388E-842F-8061AE334913}.MinSizeRel|x64.Build.0 = MinSizeRel|x64
		{9EB481AE-BC50-388E-842F-8061AE334913}.RelWithDebInfo|x64.ActiveCfg = RelWithDebInfo|x64
		{9EB481AE-BC50-388E-842F-8061AE334913}.RelWithDebInfo|x64.Build.0 = RelWithDebInfo|x64
		{B184FBFD-4D52-334D-B131-65BD2E3A318B}.Debug|x64.ActiveCfg = Debug|x64
		{B184FBFD-4D52-334D-B131-65BD2E3A318B}.Debug|x64.Build.0 = Debug|x64
		{B184FBFD-4D52-334D-B131-65BD2E3A318B}.Release|x64.ActiveCfg = Release|x64
		{B184FBFD-4D52-334D-B131-65BD2E3A318B}.Release|x64.Build.0 = Release|x64
		{B184FBFD-4D52-334D-B131-65BD2E3A318B}.MinSizeRel|x64.ActiveCfg = MinSizeRel|x64
		{B184FBFD-4D52-334D-B131-65BD2E3A318B}.MinSizeRel|x64.Build.0 = MinSizeRel|x64
		{B184FBFD-4D52-334D-B131-65BD2E3A318B}.RelWithDebInfo|x64.ActiveCfg = RelWithDebInfo|x64
		{B184FBFD-4D52-334D-B131-65BD2E3A318B}.RelWithDebInfo|x64.Build.0 = RelWithDebInfo|x64
		{033E71AC-D4F6-38DB-A91F-4052AB5F47B9}.Debug|x64.ActiveCfg = Debug|x64
		{033E71AC-D4F6-38DB-A91F-4052AB5F47B9}.Debug|x64.Build.0 = Debug|x64
		{033E71AC-D4F6-38DB-A91F-4052AB5F47B9}.Release|x64.ActiveCfg = Release|x64
		{033E71AC-D4F6-38DB-A91F-4052AB5F47B9}.Release|x64.Build.0 = Release|x64
		{033E71AC-D4F6-38DB-A91F-4052AB5F47B9}.MinSizeRel|x64.ActiveCfg = MinSizeRel|x64
		{033E71AC-D4F6-38DB-A91F-4052AB5F47B9}.MinSizeRel|x64.Build.0 = MinSizeRel|x64
		{033E71AC-D4F6-38DB-A91F-4052AB5F47B9}.RelWithDebInfo|x64.ActiveCfg = RelWithDebInfo|x64
		{033E71AC-D4F6-38DB-A91F-4052AB5F47B9}.RelWithDebInfo|x64.Build.0 = RelWithDebInfo|x64
		{F3F8C3D2-7FC9-32A8-A7AF-D5B0694F3DDB}.Debug|x64.ActiveCfg = Debug|x64
		{F3F8C3D2-7FC9-32A8-A7AF-D5B0694F3DDB}.Debug|x64.Build.0 = Debug|x64
		{F3F8C3D2-7FC9-32A8-A7AF-D5B0694F3DDB}.Release|x64.ActiveCfg = Release|x64
		{F3F8C3D2-7FC9-32A8-A7AF-D5B0694F3DDB}.Release|x64.Build.0 = Release|x64
		{F3F8C3D2-7FC9-32A8-A7AF-D5B0694F3DDB}.MinSizeRel|x64.ActiveCfg = MinSizeRel|x64
		{F3F8C3D2-7FC9-32A8-A7AF-D5B0694F3DDB}.MinSizeRel|x64.Build.0 = MinSizeRel|x64
		{F3F8C3D2-7FC9-32A8-A7AF-D5B0694F3DDB}.RelWithDebInfo|x64.ActiveCfg = RelWithDebInfo|x64
		{F3F8C3D2-7FC9-32A8-A7AF-D5B0694F3DDB}.RelWithDebInfo|x64.Build.0 = RelWithDebInfo|x64
		{D58CD1E8-F695-35FA-AB4F-AC34CC9720CC}.Debug|x64.ActiveCfg = Debug|x64
		{D58CD1E8-F695-35FA-AB4F-AC34CC9720CC}.Debug|x64.Build.0 = Debug|x64
		{D58CD1E8-F695-35FA-AB4F-AC34CC9720CC}.Release|x64.ActiveCfg = Release|x64
		{D58CD1E8-F695-35FA-AB4F-AC34CC9720CC}.Release|x64.Build.0 = Release|x64
		{D58CD1E8-F695-35FA-AB4F-AC34CC9720CC}.MinSizeRel|x64.ActiveCfg = MinSizeRel|x64
		{D58CD1E8-F695-35FA-AB4F-AC34CC9720CC}.MinSizeRel|x64.Build.0 = MinSizeRel|x64
		{D58CD1E8-F695-35FA-AB4F-AC34CC9720CC}.RelWithDebInfo|x64.ActiveCfg = RelWithDebInfo|x64
		{D58CD1E8-F695-35FA-AB4F-AC34CC9720CC}.RelWithDebInfo|x64.Build.0 = RelWithDebInfo|x64
		{5601965E-39DD-3812-A35E-74B0E685FA3B}.Debug|x64.ActiveCfg = Debug|x64
		{5601965E-39DD-3812-A35E-74B0E685FA3B}.Debug|x64.Build.0 = Debug|x64
		{5601965E-39DD-3812-A35E-74B0E685FA3B}.Release|x64.ActiveCfg = Release|x64
		{5601965E-39DD-3812-A35E-74B0E685FA3B}.Release|x64.Build.0 = Release|x64
		{5601965E-39DD-3812-A35E-74B0E685FA3B}.MinSizeRel|x64.ActiveCfg = MinSizeRel|x64
		{5601965E-39DD-3812-A35E-74B0E685FA3B}.MinSizeRel|x64.Build.0 = MinSizeRel|x64
		{5601965E-39DD-3812-A35E-74B0E685FA3B}.RelWithDebInfo|x64.ActiveCfg = RelWithDebInfo|x64
		{5601965E-39DD-3812-A35E-74B0E685FA3B}.RelWithDebInfo|x64.Build.0 = RelWithDebInfo|x64
		{145FB1DA-A618-34AA-A8BD-D418B21C1C1F}.Debug|x64.ActiveCfg = Debug|x64
		{145FB1DA-A618-34AA-A8BD-D418B21C1C1F}.Debug|x64.Build.0 = Debug|x64
		{145FB1DA-A618-34AA-A8BD-D418B21C1C1F}.Release|x64.ActiveCfg = Release|x64
		{145FB1DA-A618-34AA-A8BD-D418B21C1C1F}.Release|x64.Build.0 = Release|x64
		{145FB1DA-A618-34AA-A8BD-D418B21C1C1F}.MinSizeRel|x64.ActiveCfg = MinSizeRel|x64
		{145FB1DA-A618-34AA-A8BD-D418B21C1C1F}.MinSizeRel|x64.Build.0 = MinSizeRel|x64
		{145FB1DA-A618-34AA-A8BD-D418B21C1C1F}.RelWithDebInfo|x64.ActiveCfg = RelWithDebInfo|x64
		{145FB1DA-A618-34AA-A8BD-D418B21C1C1F}.RelWithDebInfo|x64.Build.0 = RelWithDebInfo|x64
		{18A3DFE6-DE5D-338A-B513-D81F93BB8CCD}.Debug|x64.ActiveCfg = Debug|x64
		{18A3DFE6-DE5D-338A-B513-D81F93BB8CCD}.Debug|x64.Build.0 = Debug|x64
		{18A3DFE6-DE5D-338A-B513-D81F93BB8CCD}.Release|x64.ActiveCfg = Release|x64
		{18A3DFE6-DE5D-338A-B513-D81F93BB8CCD}.Release|x64.Build.0 = Release|x64
		{18A3DFE6-DE5D-338A-B513-D81F93BB8CCD}.MinSizeRel|x64.ActiveCfg = MinSizeRel|x64
		{18A3DFE6-DE5D-338A-B513-D81F93BB8CCD}.MinSizeRel|x64.Build.0 = MinSizeRel|x64
		{18A3DFE6-DE5D-338A-B513-D81F93BB8CCD}.RelWithDebInfo|x64.ActiveCfg = RelWithDebInfo|x64
		{18A3DFE6-DE5D-338A-B513-D81F93BB8CCD}.RelWithDebInfo|x64.Build.0 = RelWithDebInfo|x64
		{2AA524F3-A51F-3AA4-8029-1E36B800FBED}.Debug|x64.ActiveCfg = Debug|x64
		{2AA524F3-A51F-3AA4-8029-1E36B800FBED}.Debug|x64.Build.0 = Debug|x64
		{2AA524F3-A51F-3AA4-8029-1E36B800FBED}.Release|x64.ActiveCfg = Release|x64
		{2AA524F3-A51F-3AA4-8029-1E36B800FBED}.Release|x64.Build.0 = Release|x64
		{2AA524F3-A51F-3AA4-8029-1E36B800FBED}.MinSizeRel|x64.ActiveCfg = MinSizeRel|x64
		{2AA524F3-A51F-3AA4-8029-1E36B800FBED}.MinSizeRel|x64.Build.0 = MinSizeRel|x64
		{2AA524F3-A51F-3AA4-8029-1E36B800FBED}.RelWithDebInfo|x64.ActiveCfg = RelWithDebInfo|x64
		{2AA524F3-A51F-3AA4-8029-1E36B800FBED}.RelWithDebInfo|x64.Build.0 = RelWithDebInfo|x64
		{17431411-9331-3A8F-9525-D0EEE4C422F9}.Debug|x64.ActiveCfg = Debug|x64
		{17431411-9331-3A8F-9525-D0EEE4C422F9}.Debug|x64.Build.0 = Debug|x64
		{17431411-9331-3A8F-9525-D0EEE4C422F9}.Release|x64.ActiveCfg = Release|x64
		{17431411-9331-3A8F-9525-D0EEE4C422F9}.Release|x64.Build.0 = Release|x64
		{17431411-9331-3A8F-9525-D0EEE4C422F9}.MinSizeRel|x64.ActiveCfg = MinSizeRel|x64
		{17431411-9331-3A8F-9525-D0EEE4C422F9}.MinSizeRel|x64.Build.0 = MinSizeRel|x64
		{17431411-9331-3A8F-9525-D0EEE4C422F9}.RelWithDebInfo|x64.ActiveCfg = RelWithDebInfo|x64
		{17431411-9331-3A8F-9525-D0EEE4C422F9}.RelWithDebInfo|x64.Build.0 = RelWithDebInfo|x64
		{56CAE1B0-14AB-3A8D-A389-82FAEC0EF421}.Debug|x64.ActiveCfg = Debug|x64
		{56CAE1B0-14AB-3A8D-A389-82FAEC0EF421}.Debug|x64.Build.0 = Debug|x64
		{56CAE1B0-14AB-3A8D-A389-82FAEC0EF421}.Release|x64.ActiveCfg = Release|x64
		{56CAE1B0-14AB-3A8D-A389-82FAEC0EF421}.Release|x64.Build.0 = Release|x64
		{56CAE1B0-14AB-3A8D-A389-82FAEC0EF421}.MinSizeRel|x64.ActiveCfg = MinSizeRel|x64
		{56CAE1B0-14AB-3A8D-A389-82FAEC0EF421}.MinSizeRel|x64.Build.0 = MinSizeRel|x64
		{56CAE1B0-14AB-3A8D-A389-82FAEC0EF421}.RelWithDebInfo|x64.ActiveCfg = RelWithDebInfo|x64
		{56CAE1B0-14AB-3A8D-A389-82FAEC0EF421}.RelWithDebInfo|x64.Build.0 = RelWithDebInfo|x64
	EndGlobalSection
	GlobalSection(NestedProjects) = preSolution
		{B184FBFD-4D52-334D-B131-65BD2E3A318B} = {91AD5E6B-728A-3053-B2D7-18049AC5F2DC}
		{F3F8C3D2-7FC9-32A8-A7AF-D5B0694F3DDB} = {91AD5E6B-728A-3053-B2D7-18049AC5F2DC}
		{2AA524F3-A51F-3AA4-8029-1E36B800FBED} = {91AD5E6B-728A-3053-B2D7-18049AC5F2DC}
		{17431411-9331-3A8F-9525-D0EEE4C422F9} = {91AD5E6B-728A-3053-B2D7-18049AC5F2DC}
		{56CAE1B0-14AB-3A8D-A389-82FAEC0EF421} = {91AD5E6B-728A-3053-B2D7-18049AC5F2DC}
		{DA0939BE-62CE-3828-A65B-0E99B61D0BAC} = {4C32E039-2FED-334E-85E3-D56482189F5F}
		{9EB481AE-BC50-388E-842F-8061AE334913} = {4C32E039-2FED-334E-85E3-D56482189F5F}
		{145FB1DA-A618-34AA-A8BD-D418B21C1C1F} = {6EB06415-DA34-37FD-94A0-875C5B9BFAEA}
		{18A3DFE6-DE5D-338A-B513-D81F93BB8CCD} = {062A4EE6-E896-3091-A2F0-34A37614C2E6}
	EndGlobalSection
	GlobalSection(ExtensibilityGlobals) = postSolution
		SolutionGuid = {C34674CB-763A-36B1-86B3-AAC8D43F7156}
	EndGlobalSection
	GlobalSection(ExtensibilityAddIns) = postSolution
	EndGlobalSection
EndGlobal
