<?xml version="1.0" encoding="utf-8"?>
<Project ToolsVersion="16.0" xmlns="http://schemas.microsoft.com/developer/msbuild/2003">
  <ItemGroup>
    <ClCompile Include="D:\Documents\Source\Repos\VST_SDK\VST3_SDK\public.sdk\source\vst\hosting\connectionproxy.cpp">
      <Filter>Source Files</Filter>
    </ClCompile>
    <ClCompile Include="D:\Documents\Source\Repos\VST_SDK\VST3_SDK\public.sdk\source\vst\hosting\eventlist.cpp">
      <Filter>Source Files</Filter>
    </ClCompile>
    <ClCompile Include="D:\Documents\Source\Repos\VST_SDK\VST3_SDK\public.sdk\source\vst\hosting\hostclasses.cpp">
      <Filter>Source Files</Filter>
    </ClCompile>
    <ClCompile Include="D:\Documents\Source\Repos\VST_SDK\VST3_SDK\public.sdk\source\vst\hosting\module.cpp">
      <Filter>Source Files</Filter>
    </ClCompile>
    <ClCompile Include="D:\Documents\Source\Repos\VST_SDK\VST3_SDK\public.sdk\source\vst\hosting\parameterchanges.cpp">
      <Filter>Source Files</Filter>
    </ClCompile>
    <ClCompile Include="D:\Documents\Source\Repos\VST_SDK\VST3_SDK\public.sdk\source\vst\hosting\pluginterfacesupport.cpp">
      <Filter>Source Files</Filter>
    </ClCompile>
    <ClCompile Include="D:\Documents\Source\Repos\VST_SDK\VST3_SDK\public.sdk\source\vst\hosting\processdata.cpp">
      <Filter>Source Files</Filter>
    </ClCompile>
    <ClCompile Include="D:\Documents\Source\Repos\VST_SDK\VST3_SDK\public.sdk\source\vst\utility\stringconvert.cpp">
      <Filter>Source Files</Filter>
    </ClCompile>
    <ClCompile Include="D:\Documents\Source\Repos\VST_SDK\VST3_SDK\public.sdk\source\vst\vstinitiids.cpp">
      <Filter>Source Files</Filter>
    </ClCompile>
  </ItemGroup>
  <ItemGroup>
    <ClInclude Include="D:\Documents\Source\Repos\VST_SDK\VST3_SDK\public.sdk\source\vst\hosting\connectionproxy.h">
      <Filter>Header Files</Filter>
    </ClInclude>
    <ClInclude Include="D:\Documents\Source\Repos\VST_SDK\VST3_SDK\public.sdk\source\vst\hosting\eventlist.h">
      <Filter>Header Files</Filter>
    </ClInclude>
    <ClInclude Include="D:\Documents\Source\Repos\VST_SDK\VST3_SDK\public.sdk\source\vst\hosting\hostclasses.h">
      <Filter>Header Files</Filter>
    </ClInclude>
    <ClInclude Include="D:\Documents\Source\Repos\VST_SDK\VST3_SDK\public.sdk\source\vst\hosting\module.h">
      <Filter>Header Files</Filter>
    </ClInclude>
    <ClInclude Include="D:\Documents\Source\Repos\VST_SDK\VST3_SDK\public.sdk\source\vst\hosting\parameterchanges.h">
      <Filter>Header Files</Filter>
    </ClInclude>
    <ClInclude Include="D:\Documents\Source\Repos\VST_SDK\VST3_SDK\public.sdk\source\vst\hosting\pluginterfacesupport.h">
      <Filter>Header Files</Filter>
    </ClInclude>
    <ClInclude Include="D:\Documents\Source\Repos\VST_SDK\VST3_SDK\public.sdk\source\vst\hosting\processdata.h">
      <Filter>Header Files</Filter>
    </ClInclude>
    <ClInclude Include="D:\Documents\Source\Repos\VST_SDK\VST3_SDK\public.sdk\source\vst\utility\optional.h">
      <Filter>Header Files</Filter>
    </ClInclude>
    <ClInclude Include="D:\Documents\Source\Repos\VST_SDK\VST3_SDK\public.sdk\source\vst\utility\stringconvert.h">
      <Filter>Header Files</Filter>
    </ClInclude>
    <ClInclude Include="D:\Documents\Source\Repos\VST_SDK\VST3_SDK\public.sdk\source\vst\utility\uid.h">
      <Filter>Header Files</Filter>
    </ClInclude>
    <ClInclude Include="D:\Documents\Source\Repos\VST_SDK\VST3_SDK\public.sdk\source\vst\utility\versionparser.h">
      <Filter>Header Files</Filter>
    </ClInclude>
  </ItemGroup>
  <ItemGroup>
    <CustomBuild Include="D:\Documents\Source\Repos\VST_SDK\VST3_SDK\public.sdk\CMakeLists.txt" />
  </ItemGroup>
  <ItemGroup>
    <Filter Include="Header Files">
      <UniqueIdentifier>{BACB80B9-5CDF-3D03-ABF5-4E5119B60A06}</UniqueIdentifier>
    </Filter>
    <Filter Include="Source Files">
      <UniqueIdentifier>{C3BC4285-EC27-348B-AA09-ED474E260239}</UniqueIdentifier>
    </Filter>
  </ItemGroup>
</Project>
