
Microsoft Visual Studio Solution File, Format Version 12.00
# Visual Studio Version 16
Project("{2150E333-8FDC-42A3-9474-1A3956D46DE8}") = "Predefined", "Predefined", "{5F303615-2668-33B2-8676-52305765442D}"
EndProject
Project("{8BC9CEB8-8B4A-11D0-8D11-00A0C91BC942}") = "ALL_BUILD", "ALL_BUILD.vcxproj", "{4A111886-2CDF-3E49-9BAC-3B4411DFB032}"
	ProjectSection(ProjectDependencies) = postProject
		{8D580982-8092-35CB-B9AD-1543F3A72F61} = {8D580982-8092-35CB-B9AD-1543F3A72F61}
		{FDADFCF6-E5F2-34A3-97D6-11BE34EB081C} = {FDADFCF6-E5F2-34A3-97D6-11BE34EB081C}
	EndProjectSection
EndProject
Project("{8BC9CEB8-8B4A-11D0-8D11-00A0C91BC942}") = "ZERO_CHECK", "..\..\..\\ZERO_CHECK.vcxproj", "{8D580982-8092-35CB-B9AD-1543F3A72F61}"
	ProjectSection(ProjectDependencies) = postProject
	EndProjectSection
EndProject
Project("{8BC9CEB8-8B4A-11D0-8D11-00A0C91BC942}") = "pluginterfaces", "pluginterfaces.vcxproj", "{FDADFCF6-E5F2-34A3-97D6-11BE34EB081C}"
	ProjectSection(ProjectDependencies) = postProject
		{8D580982-8092-35CB-B9AD-1543F3A72F61} = {8D580982-8092-35CB-B9AD-1543F3A72F61}
	EndProjectSection
EndProject
Global
	GlobalSection(SolutionConfigurationPlatforms) = preSolution
		Debug|x64 = Debug|x64
		Release|x64 = Release|x64
	EndGlobalSection
	GlobalSection(ProjectConfigurationPlatforms) = postSolution
		{4A111886-2CDF-3E49-9BAC-3B4411DFB032}.Debug|x64.ActiveCfg = Debug|x64
		{4A111886-2CDF-3E49-9BAC-3B4411DFB032}.Release|x64.ActiveCfg = Release|x64
		{8D580982-8092-35CB-B9AD-1543F3A72F61}.Debug|x64.ActiveCfg = Debug|x64
		{8D580982-8092-35CB-B9AD-1543F3A72F61}.Debug|x64.Build.0 = Debug|x64
		{8D580982-8092-35CB-B9AD-1543F3A72F61}.Release|x64.ActiveCfg = Release|x64
		{8D580982-8092-35CB-B9AD-1543F3A72F61}.Release|x64.Build.0 = Release|x64
		{FDADFCF6-E5F2-34A3-97D6-11BE34EB081C}.Debug|x64.ActiveCfg = Debug|x64
		{FDADFCF6-E5F2-34A3-97D6-11BE34EB081C}.Debug|x64.Build.0 = Debug|x64
		{FDADFCF6-E5F2-34A3-97D6-11BE34EB081C}.Release|x64.ActiveCfg = Release|x64
		{FDADFCF6-E5F2-34A3-97D6-11BE34EB081C}.Release|x64.Build.0 = Release|x64
	EndGlobalSection
	GlobalSection(NestedProjects) = preSolution
		{4A111886-2CDF-3E49-9BAC-3B4411DFB032} = {5F303615-2668-33B2-8676-52305765442D}
		{8D580982-8092-35CB-B9AD-1543F3A72F61} = {5F303615-2668-33B2-8676-52305765442D}
	EndGlobalSection
	GlobalSection(ExtensibilityGlobals) = postSolution
		SolutionGuid = {5135B66F-A4A2-38AA-81FB-E6F52BBA9FDE}
	EndGlobalSection
	GlobalSection(ExtensibilityAddIns) = postSolution
	EndGlobalSection
EndGlobal
