
Microsoft Visual Studio Solution File, Format Version 12.00
# Visual Studio Version 16
Project("{2150E333-8FDC-42A3-9474-1A3956D46DE8}") = "Predefined", "Predefined", "{4C32E039-2FED-334E-85E3-D56482189F5F}"
EndProject
Project("{8BC9CEB8-8B4A-11D0-8D11-00A0C91BC942}") = "ALL_BUILD", "ALL_BUILD.vcxproj", "{DA0939BE-62CE-3828-A65B-0E99B61D0BAC}"
	ProjectSection(ProjectDependencies) = postProject
		{9EB481AE-BC50-388E-842F-8061AE334913} = {9EB481AE-BC50-388E-842F-8061AE334913}
		{033E71AC-D4F6-38DB-A91F-4052AB5F47B9} = {033E71AC-D4F6-38DB-A91F-4052AB5F47B9}
	EndProjectSection
EndProject
Project("{8BC9CEB8-8B4A-11D0-8D11-00A0C91BC942}") = "ZERO_CHECK", "..\..\..\\ZERO_CHECK.vcxproj", "{9EB481AE-BC50-388E-842F-8061AE334913}"
	ProjectSection(ProjectDependencies) = postProject
	EndProjectSection
EndProject
Project("{8BC9CEB8-8B4A-11D0-8D11-00A0C91BC942}") = "pluginterfaces", "pluginterfaces.vcxproj", "{033E71AC-D4F6-38DB-A91F-4052AB5F47B9}"
	ProjectSection(ProjectDependencies) = postProject
		{9EB481AE-BC50-388E-842F-8061AE334913} = {9EB481AE-BC50-388E-842F-8061AE334913}
	EndProjectSection
EndProject
Global
	GlobalSection(SolutionConfigurationPlatforms) = preSolution
		Debug|x64 = Debug|x64
		Release|x64 = Release|x64
	EndGlobalSection
	GlobalSection(ProjectConfigurationPlatforms) = postSolution
		{DA0939BE-62CE-3828-A65B-0E99B61D0BAC}.Debug|x64.ActiveCfg = Debug|x64
		{DA0939BE-62CE-3828-A65B-0E99B61D0BAC}.Release|x64.ActiveCfg = Release|x64
		{9EB481AE-BC50-388E-842F-8061AE334913}.Debug|x64.ActiveCfg = Debug|x64
		{9EB481AE-BC50-388E-842F-8061AE334913}.Debug|x64.Build.0 = Debug|x64
		{9EB481AE-BC50-388E-842F-8061AE334913}.Release|x64.ActiveCfg = Release|x64
		{9EB481AE-BC50-388E-842F-8061AE334913}.Release|x64.Build.0 = Release|x64
		{033E71AC-D4F6-38DB-A91F-4052AB5F47B9}.Debug|x64.ActiveCfg = Debug|x64
		{033E71AC-D4F6-38DB-A91F-4052AB5F47B9}.Debug|x64.Build.0 = Debug|x64
		{033E71AC-D4F6-38DB-A91F-4052AB5F47B9}.Release|x64.ActiveCfg = Release|x64
		{033E71AC-D4F6-38DB-A91F-4052AB5F47B9}.Release|x64.Build.0 = Release|x64
	EndGlobalSection
	GlobalSection(NestedProjects) = preSolution
		{DA0939BE-62CE-3828-A65B-0E99B61D0BAC} = {4C32E039-2FED-334E-85E3-D56482189F5F}
		{9EB481AE-BC50-388E-842F-8061AE334913} = {4C32E039-2FED-334E-85E3-D56482189F5F}
	EndGlobalSection
	GlobalSection(ExtensibilityGlobals) = postSolution
		SolutionGuid = {006BD10B-244C-3F4A-8CED-1B73258C5681}
	EndGlobalSection
	GlobalSection(ExtensibilityAddIns) = postSolution
	EndGlobalSection
EndGlobal
