
Microsoft Visual Studio Solution File, Format Version 12.00
# Visual Studio Version 16
Project("{2150E333-8FDC-42A3-9474-1A3956D46DE8}") = "Libraries", "Libraries", "{86BABD02-62E3-34C7-A7FB-B83BA63FBC36}"
EndProject
Project("{2150E333-8FDC-42A3-9474-1A3956D46DE8}") = "Predefined", "Predefined", "{8B78DB9D-5BA1-3F7A-AFF9-B3476A417429}"
EndProject
Project("{2150E333-8FDC-42A3-9474-1A3956D46DE8}") = "VSTGUI Tools", "VSTGUI Tools", "{8D065A80-3C2E-325B-AB6E-539D6C6D9D48}"
EndProject
Project("{2150E333-8FDC-42A3-9474-1A3956D46DE8}") = "Validator", "Validator", "{D004DCE0-65B9-39EC-872A-2E129A9F7832}"
EndProject
Project("{8BC9CEB8-8B4A-11D0-8D11-00A0C91BC942}") = "ALL_BUILD", "ALL_BUILD.vcxproj", "{A26103E0-E889-3B4F-A411-90829788B8E9}"
	ProjectSection(ProjectDependencies) = postProject
		{04217FE4-11AB-3904-9870-35966CE20981} = {04217FE4-11AB-3904-9870-35966CE20981}
		{5736ACE8-1844-356F-87AC-3FEC4E44A160} = {5736ACE8-1844-356F-87AC-3FEC4E44A160}
		{0CCC0105-C2A7-3110-A700-707EEC67D1AD} = {0CCC0105-C2A7-3110-A700-707EEC67D1AD}
		{2B67C473-560C-3183-922A-6D23C4A35C91} = {2B67C473-560C-3183-922A-6D23C4A35C91}
		{B7551F5B-DFEF-3E5C-BE65-331FF545E012} = {B7551F5B-DFEF-3E5C-BE65-331FF545E012}
		{630A1686-0213-30BE-AE9E-51A135C820BF} = {630A1686-0213-30BE-AE9E-51A135C820BF}
		{1362D96A-33E0-3AF1-B311-BF1D71CDD90E} = {1362D96A-33E0-3AF1-B311-BF1D71CDD90E}
		{0F5999E1-9038-318B-ACD5-C93CA1238791} = {0F5999E1-9038-318B-ACD5-C93CA1238791}
		{FBC2E59D-51C1-3F09-AFDA-7A0378A0AAA0} = {FBC2E59D-51C1-3F09-AFDA-7A0378A0AAA0}
		{7EF93C67-6CB0-334B-B6A0-77BA42A22934} = {7EF93C67-6CB0-334B-B6A0-77BA42A22934}
		{35EA0BFB-3C07-30DB-AAB7-BD8B7DFC8A47} = {35EA0BFB-3C07-30DB-AAB7-BD8B7DFC8A47}
		{5EC3A417-37BE-33A5-88E4-31DFAB3AC6C6} = {5EC3A417-37BE-33A5-88E4-31DFAB3AC6C6}
	EndProjectSection
EndProject
Project("{8BC9CEB8-8B4A-11D0-8D11-00A0C91BC942}") = "IIRFilters", "project_source\cmake\vst_cmake\IIRFilters.vcxproj", "{04217FE4-11AB-3904-9870-35966CE20981}"
	ProjectSection(ProjectDependencies) = postProject
		{5736ACE8-1844-356F-87AC-3FEC4E44A160} = {5736ACE8-1844-356F-87AC-3FEC4E44A160}
		{0CCC0105-C2A7-3110-A700-707EEC67D1AD} = {0CCC0105-C2A7-3110-A700-707EEC67D1AD}
		{2B67C473-560C-3183-922A-6D23C4A35C91} = {2B67C473-560C-3183-922A-6D23C4A35C91}
		{B7551F5B-DFEF-3E5C-BE65-331FF545E012} = {B7551F5B-DFEF-3E5C-BE65-331FF545E012}
		{630A1686-0213-30BE-AE9E-51A135C820BF} = {630A1686-0213-30BE-AE9E-51A135C820BF}
		{FBC2E59D-51C1-3F09-AFDA-7A0378A0AAA0} = {FBC2E59D-51C1-3F09-AFDA-7A0378A0AAA0}
		{7EF93C67-6CB0-334B-B6A0-77BA42A22934} = {7EF93C67-6CB0-334B-B6A0-77BA42A22934}
		{35EA0BFB-3C07-30DB-AAB7-BD8B7DFC8A47} = {35EA0BFB-3C07-30DB-AAB7-BD8B7DFC8A47}
		{5EC3A417-37BE-33A5-88E4-31DFAB3AC6C6} = {5EC3A417-37BE-33A5-88E4-31DFAB3AC6C6}
	EndProjectSection
EndProject
Project("{8BC9CEB8-8B4A-11D0-8D11-00A0C91BC942}") = "ZERO_CHECK", "ZERO_CHECK.vcxproj", "{5736ACE8-1844-356F-87AC-3FEC4E44A160}"
	ProjectSection(ProjectDependencies) = postProject
	EndProjectSection
EndProject
Project("{8BC9CEB8-8B4A-11D0-8D11-00A0C91BC942}") = "base", "cmake\vst_cmake\base\base.vcxproj", "{0CCC0105-C2A7-3110-A700-707EEC67D1AD}"
	ProjectSection(ProjectDependencies) = postProject
		{5736ACE8-1844-356F-87AC-3FEC4E44A160} = {5736ACE8-1844-356F-87AC-3FEC4E44A160}
	EndProjectSection
EndProject
Project("{8BC9CEB8-8B4A-11D0-8D11-00A0C91BC942}") = "pluginterfaces", "cmake\vst_cmake\pluginterfaces\pluginterfaces.vcxproj", "{2B67C473-560C-3183-922A-6D23C4A35C91}"
	ProjectSection(ProjectDependencies) = postProject
		{5736ACE8-1844-356F-87AC-3FEC4E44A160} = {5736ACE8-1844-356F-87AC-3FEC4E44A160}
	EndProjectSection
EndProject
Project("{8BC9CEB8-8B4A-11D0-8D11-00A0C91BC942}") = "sdk", "cmake\vst_cmake\public.sdk\sdk.vcxproj", "{B7551F5B-DFEF-3E5C-BE65-331FF545E012}"
	ProjectSection(ProjectDependencies) = postProject
		{5736ACE8-1844-356F-87AC-3FEC4E44A160} = {5736ACE8-1844-356F-87AC-3FEC4E44A160}
		{0CCC0105-C2A7-3110-A700-707EEC67D1AD} = {0CCC0105-C2A7-3110-A700-707EEC67D1AD}
		{2B67C473-560C-3183-922A-6D23C4A35C91} = {2B67C473-560C-3183-922A-6D23C4A35C91}
		{630A1686-0213-30BE-AE9E-51A135C820BF} = {630A1686-0213-30BE-AE9E-51A135C820BF}
	EndProjectSection
EndProject
Project("{8BC9CEB8-8B4A-11D0-8D11-00A0C91BC942}") = "sdk_common", "cmake\vst_cmake\public.sdk\sdk_common.vcxproj", "{630A1686-0213-30BE-AE9E-51A135C820BF}"
	ProjectSection(ProjectDependencies) = postProject
		{5736ACE8-1844-356F-87AC-3FEC4E44A160} = {5736ACE8-1844-356F-87AC-3FEC4E44A160}
		{0CCC0105-C2A7-3110-A700-707EEC67D1AD} = {0CCC0105-C2A7-3110-A700-707EEC67D1AD}
		{2B67C473-560C-3183-922A-6D23C4A35C91} = {2B67C473-560C-3183-922A-6D23C4A35C91}
	EndProjectSection
EndProject
Project("{8BC9CEB8-8B4A-11D0-8D11-00A0C91BC942}") = "sdk_hosting", "cmake\vst_cmake\public.sdk\sdk_hosting.vcxproj", "{1362D96A-33E0-3AF1-B311-BF1D71CDD90E}"
	ProjectSection(ProjectDependencies) = postProject
		{5736ACE8-1844-356F-87AC-3FEC4E44A160} = {5736ACE8-1844-356F-87AC-3FEC4E44A160}
		{0CCC0105-C2A7-3110-A700-707EEC67D1AD} = {0CCC0105-C2A7-3110-A700-707EEC67D1AD}
		{2B67C473-560C-3183-922A-6D23C4A35C91} = {2B67C473-560C-3183-922A-6D23C4A35C91}
		{630A1686-0213-30BE-AE9E-51A135C820BF} = {630A1686-0213-30BE-AE9E-51A135C820BF}
	EndProjectSection
EndProject
Project("{8BC9CEB8-8B4A-11D0-8D11-00A0C91BC942}") = "uidesccompressor", "cmake\vst_cmake\vstgui4\vstgui\tools\uidesccompressor\uidesccompressor.vcxproj", "{0F5999E1-9038-318B-ACD5-C93CA1238791}"
	ProjectSection(ProjectDependencies) = postProject
		{5736ACE8-1844-356F-87AC-3FEC4E44A160} = {5736ACE8-1844-356F-87AC-3FEC4E44A160}
		{7EF93C67-6CB0-334B-B6A0-77BA42A22934} = {7EF93C67-6CB0-334B-B6A0-77BA42A22934}
		{5EC3A417-37BE-33A5-88E4-31DFAB3AC6C6} = {5EC3A417-37BE-33A5-88E4-31DFAB3AC6C6}
	EndProjectSection
EndProject
Project("{8BC9CEB8-8B4A-11D0-8D11-00A0C91BC942}") = "validator", "cmake\vst_cmake\public.sdk\samples\vst-hosting\validator\validator.vcxproj", "{FBC2E59D-51C1-3F09-AFDA-7A0378A0AAA0}"
	ProjectSection(ProjectDependencies) = postProject
		{5736ACE8-1844-356F-87AC-3FEC4E44A160} = {5736ACE8-1844-356F-87AC-3FEC4E44A160}
		{0CCC0105-C2A7-3110-A700-707EEC67D1AD} = {0CCC0105-C2A7-3110-A700-707EEC67D1AD}
		{2B67C473-560C-3183-922A-6D23C4A35C91} = {2B67C473-560C-3183-922A-6D23C4A35C91}
		{630A1686-0213-30BE-AE9E-51A135C820BF} = {630A1686-0213-30BE-AE9E-51A135C820BF}
		{1362D96A-33E0-3AF1-B311-BF1D71CDD90E} = {1362D96A-33E0-3AF1-B311-BF1D71CDD90E}
	EndProjectSection
EndProject
Project("{8BC9CEB8-8B4A-11D0-8D11-00A0C91BC942}") = "vstgui", "cmake\vst_cmake\vstgui4\vstgui\lib\vstgui.vcxproj", "{7EF93C67-6CB0-334B-B6A0-77BA42A22934}"
	ProjectSection(ProjectDependencies) = postProject
		{5736ACE8-1844-356F-87AC-3FEC4E44A160} = {5736ACE8-1844-356F-87AC-3FEC4E44A160}
	EndProjectSection
EndProject
Project("{8BC9CEB8-8B4A-11D0-8D11-00A0C91BC942}") = "vstgui_support", "cmake\vst_cmake\vstgui_support.vcxproj", "{35EA0BFB-3C07-30DB-AAB7-BD8B7DFC8A47}"
	ProjectSection(ProjectDependencies) = postProject
		{5736ACE8-1844-356F-87AC-3FEC4E44A160} = {5736ACE8-1844-356F-87AC-3FEC4E44A160}
		{7EF93C67-6CB0-334B-B6A0-77BA42A22934} = {7EF93C67-6CB0-334B-B6A0-77BA42A22934}
		{5EC3A417-37BE-33A5-88E4-31DFAB3AC6C6} = {5EC3A417-37BE-33A5-88E4-31DFAB3AC6C6}
	EndProjectSection
EndProject
Project("{8BC9CEB8-8B4A-11D0-8D11-00A0C91BC942}") = "vstgui_uidescription", "cmake\vst_cmake\vstgui4\vstgui\uidescription\vstgui_uidescription.vcxproj", "{5EC3A417-37BE-33A5-88E4-31DFAB3AC6C6}"
	ProjectSection(ProjectDependencies) = postProject
		{5736ACE8-1844-356F-87AC-3FEC4E44A160} = {5736ACE8-1844-356F-87AC-3FEC4E44A160}
		{7EF93C67-6CB0-334B-B6A0-77BA42A22934} = {7EF93C67-6CB0-334B-B6A0-77BA42A22934}
	EndProjectSection
EndProject
Global
	GlobalSection(SolutionConfigurationPlatforms) = preSolution
		Debug|x64 = Debug|x64
		Release|x64 = Release|x64
		MinSizeRel|x64 = MinSizeRel|x64
		RelWithDebInfo|x64 = RelWithDebInfo|x64
	EndGlobalSection
	GlobalSection(ProjectConfigurationPlatforms) = postSolution
		{A26103E0-E889-3B4F-A411-90829788B8E9}.Debug|x64.ActiveCfg = Debug|x64
		{A26103E0-E889-3B4F-A411-90829788B8E9}.Release|x64.ActiveCfg = Release|x64
		{A26103E0-E889-3B4F-A411-90829788B8E9}.MinSizeRel|x64.ActiveCfg = MinSizeRel|x64
		{A26103E0-E889-3B4F-A411-90829788B8E9}.RelWithDebInfo|x64.ActiveCfg = RelWithDebInfo|x64
		{04217FE4-11AB-3904-9870-35966CE20981}.Debug|x64.ActiveCfg = Debug|x64
		{04217FE4-11AB-3904-9870-35966CE20981}.Debug|x64.Build.0 = Debug|x64
		{04217FE4-11AB-3904-9870-35966CE20981}.Release|x64.ActiveCfg = Release|x64
		{04217FE4-11AB-3904-9870-35966CE20981}.Release|x64.Build.0 = Release|x64
		{04217FE4-11AB-3904-9870-35966CE20981}.MinSizeRel|x64.ActiveCfg = MinSizeRel|x64
		{04217FE4-11AB-3904-9870-35966CE20981}.MinSizeRel|x64.Build.0 = MinSizeRel|x64
		{04217FE4-11AB-3904-9870-35966CE20981}.RelWithDebInfo|x64.ActiveCfg = RelWithDebInfo|x64
		{04217FE4-11AB-3904-9870-35966CE20981}.RelWithDebInfo|x64.Build.0 = RelWithDebInfo|x64
		{5736ACE8-1844-356F-87AC-3FEC4E44A160}.Debug|x64.ActiveCfg = Debug|x64
		{5736ACE8-1844-356F-87AC-3FEC4E44A160}.Debug|x64.Build.0 = Debug|x64
		{5736ACE8-1844-356F-87AC-3FEC4E44A160}.Release|x64.ActiveCfg = Release|x64
		{5736ACE8-1844-356F-87AC-3FEC4E44A160}.Release|x64.Build.0 = Release|x64
		{5736ACE8-1844-356F-87AC-3FEC4E44A160}.MinSizeRel|x64.ActiveCfg = MinSizeRel|x64
		{5736ACE8-1844-356F-87AC-3FEC4E44A160}.MinSizeRel|x64.Build.0 = MinSizeRel|x64
		{5736ACE8-1844-356F-87AC-3FEC4E44A160}.RelWithDebInfo|x64.ActiveCfg = RelWithDebInfo|x64
		{5736ACE8-1844-356F-87AC-3FEC4E44A160}.RelWithDebInfo|x64.Build.0 = RelWithDebInfo|x64
		{0CCC0105-C2A7-3110-A700-707EEC67D1AD}.Debug|x64.ActiveCfg = Debug|x64
		{0CCC0105-C2A7-3110-A700-707EEC67D1AD}.Debug|x64.Build.0 = Debug|x64
		{0CCC0105-C2A7-3110-A700-707EEC67D1AD}.Release|x64.ActiveCfg = Release|x64
		{0CCC0105-C2A7-3110-A700-707EEC67D1AD}.Release|x64.Build.0 = Release|x64
		{0CCC0105-C2A7-3110-A700-707EEC67D1AD}.MinSizeRel|x64.ActiveCfg = MinSizeRel|x64
		{0CCC0105-C2A7-3110-A700-707EEC67D1AD}.MinSizeRel|x64.Build.0 = MinSizeRel|x64
		{0CCC0105-C2A7-3110-A700-707EEC67D1AD}.RelWithDebInfo|x64.ActiveCfg = RelWithDebInfo|x64
		{0CCC0105-C2A7-3110-A700-707EEC67D1AD}.RelWithDebInfo|x64.Build.0 = RelWithDebInfo|x64
		{2B67C473-560C-3183-922A-6D23C4A35C91}.Debug|x64.ActiveCfg = Debug|x64
		{2B67C473-560C-3183-922A-6D23C4A35C91}.Debug|x64.Build.0 = Debug|x64
		{2B67C473-560C-3183-922A-6D23C4A35C91}.Release|x64.ActiveCfg = Release|x64
		{2B67C473-560C-3183-922A-6D23C4A35C91}.Release|x64.Build.0 = Release|x64
		{2B67C473-560C-3183-922A-6D23C4A35C91}.MinSizeRel|x64.ActiveCfg = MinSizeRel|x64
		{2B67C473-560C-3183-922A-6D23C4A35C91}.MinSizeRel|x64.Build.0 = MinSizeRel|x64
		{2B67C473-560C-3183-922A-6D23C4A35C91}.RelWithDebInfo|x64.ActiveCfg = RelWithDebInfo|x64
		{2B67C473-560C-3183-922A-6D23C4A35C91}.RelWithDebInfo|x64.Build.0 = RelWithDebInfo|x64
		{B7551F5B-DFEF-3E5C-BE65-331FF545E012}.Debug|x64.ActiveCfg = Debug|x64
		{B7551F5B-DFEF-3E5C-BE65-331FF545E012}.Debug|x64.Build.0 = Debug|x64
		{B7551F5B-DFEF-3E5C-BE65-331FF545E012}.Release|x64.ActiveCfg = Release|x64
		{B7551F5B-DFEF-3E5C-BE65-331FF545E012}.Release|x64.Build.0 = Release|x64
		{B7551F5B-DFEF-3E5C-BE65-331FF545E012}.MinSizeRel|x64.ActiveCfg = MinSizeRel|x64
		{B7551F5B-DFEF-3E5C-BE65-331FF545E012}.MinSizeRel|x64.Build.0 = MinSizeRel|x64
		{B7551F5B-DFEF-3E5C-BE65-331FF545E012}.RelWithDebInfo|x64.ActiveCfg = RelWithDebInfo|x64
		{B7551F5B-DFEF-3E5C-BE65-331FF545E012}.RelWithDebInfo|x64.Build.0 = RelWithDebInfo|x64
		{630A1686-0213-30BE-AE9E-51A135C820BF}.Debug|x64.ActiveCfg = Debug|x64
		{630A1686-0213-30BE-AE9E-51A135C820BF}.Debug|x64.Build.0 = Debug|x64
		{630A1686-0213-30BE-AE9E-51A135C820BF}.Release|x64.ActiveCfg = Release|x64
		{630A1686-0213-30BE-AE9E-51A135C820BF}.Release|x64.Build.0 = Release|x64
		{630A1686-0213-30BE-AE9E-51A135C820BF}.MinSizeRel|x64.ActiveCfg = MinSizeRel|x64
		{630A1686-0213-30BE-AE9E-51A135C820BF}.MinSizeRel|x64.Build.0 = MinSizeRel|x64
		{630A1686-0213-30BE-AE9E-51A135C820BF}.RelWithDebInfo|x64.ActiveCfg = RelWithDebInfo|x64
		{630A1686-0213-30BE-AE9E-51A135C820BF}.RelWithDebInfo|x64.Build.0 = RelWithDebInfo|x64
		{1362D96A-33E0-3AF1-B311-BF1D71CDD90E}.Debug|x64.ActiveCfg = Debug|x64
		{1362D96A-33E0-3AF1-B311-BF1D71CDD90E}.Debug|x64.Build.0 = Debug|x64
		{1362D96A-33E0-3AF1-B311-BF1D71CDD90E}.Release|x64.ActiveCfg = Release|x64
		{1362D96A-33E0-3AF1-B311-BF1D71CDD90E}.Release|x64.Build.0 = Release|x64
		{1362D96A-33E0-3AF1-B311-BF1D71CDD90E}.MinSizeRel|x64.ActiveCfg = MinSizeRel|x64
		{1362D96A-33E0-3AF1-B311-BF1D71CDD90E}.MinSizeRel|x64.Build.0 = MinSizeRel|x64
		{1362D96A-33E0-3AF1-B311-BF1D71CDD90E}.RelWithDebInfo|x64.ActiveCfg = RelWithDebInfo|x64
		{1362D96A-33E0-3AF1-B311-BF1D71CDD90E}.RelWithDebInfo|x64.Build.0 = RelWithDebInfo|x64
		{0F5999E1-9038-318B-ACD5-C93CA1238791}.Debug|x64.ActiveCfg = Debug|x64
		{0F5999E1-9038-318B-ACD5-C93CA1238791}.Debug|x64.Build.0 = Debug|x64
		{0F5999E1-9038-318B-ACD5-C93CA1238791}.Release|x64.ActiveCfg = Release|x64
		{0F5999E1-9038-318B-ACD5-C93CA1238791}.Release|x64.Build.0 = Release|x64
		{0F5999E1-9038-318B-ACD5-C93CA1238791}.MinSizeRel|x64.ActiveCfg = MinSizeRel|x64
		{0F5999E1-9038-318B-ACD5-C93CA1238791}.MinSizeRel|x64.Build.0 = MinSizeRel|x64
		{0F5999E1-9038-318B-ACD5-C93CA1238791}.RelWithDebInfo|x64.ActiveCfg = RelWithDebInfo|x64
		{0F5999E1-9038-318B-ACD5-C93CA1238791}.RelWithDebInfo|x64.Build.0 = RelWithDebInfo|x64
		{FBC2E59D-51C1-3F09-AFDA-7A0378A0AAA0}.Debug|x64.ActiveCfg = Debug|x64
		{FBC2E59D-51C1-3F09-AFDA-7A0378A0AAA0}.Debug|x64.Build.0 = Debug|x64
		{FBC2E59D-51C1-3F09-AFDA-7A0378A0AAA0}.Release|x64.ActiveCfg = Release|x64
		{FBC2E59D-51C1-3F09-AFDA-7A0378A0AAA0}.Release|x64.Build.0 = Release|x64
		{FBC2E59D-51C1-3F09-AFDA-7A0378A0AAA0}.MinSizeRel|x64.ActiveCfg = MinSizeRel|x64
		{FBC2E59D-51C1-3F09-AFDA-7A0378A0AAA0}.MinSizeRel|x64.Build.0 = MinSizeRel|x64
		{FBC2E59D-51C1-3F09-AFDA-7A0378A0AAA0}.RelWithDebInfo|x64.ActiveCfg = RelWithDebInfo|x64
		{FBC2E59D-51C1-3F09-AFDA-7A0378A0AAA0}.RelWithDebInfo|x64.Build.0 = RelWithDebInfo|x64
		{7EF93C67-6CB0-334B-B6A0-77BA42A22934}.Debug|x64.ActiveCfg = Debug|x64
		{7EF93C67-6CB0-334B-B6A0-77BA42A22934}.Debug|x64.Build.0 = Debug|x64
		{7EF93C67-6CB0-334B-B6A0-77BA42A22934}.Release|x64.ActiveCfg = Release|x64
		{7EF93C67-6CB0-334B-B6A0-77BA42A22934}.Release|x64.Build.0 = Release|x64
		{7EF93C67-6CB0-334B-B6A0-77BA42A22934}.MinSizeRel|x64.ActiveCfg = MinSizeRel|x64
		{7EF93C67-6CB0-334B-B6A0-77BA42A22934}.MinSizeRel|x64.Build.0 = MinSizeRel|x64
		{7EF93C67-6CB0-334B-B6A0-77BA42A22934}.RelWithDebInfo|x64.ActiveCfg = RelWithDebInfo|x64
		{7EF93C67-6CB0-334B-B6A0-77BA42A22934}.RelWithDebInfo|x64.Build.0 = RelWithDebInfo|x64
		{35EA0BFB-3C07-30DB-AAB7-BD8B7DFC8A47}.Debug|x64.ActiveCfg = Debug|x64
		{35EA0BFB-3C07-30DB-AAB7-BD8B7DFC8A47}.Debug|x64.Build.0 = Debug|x64
		{35EA0BFB-3C07-30DB-AAB7-BD8B7DFC8A47}.Release|x64.ActiveCfg = Release|x64
		{35EA0BFB-3C07-30DB-AAB7-BD8B7DFC8A47}.Release|x64.Build.0 = Release|x64
		{35EA0BFB-3C07-30DB-AAB7-BD8B7DFC8A47}.MinSizeRel|x64.ActiveCfg = MinSizeRel|x64
		{35EA0BFB-3C07-30DB-AAB7-BD8B7DFC8A47}.MinSizeRel|x64.Build.0 = MinSizeRel|x64
		{35EA0BFB-3C07-30DB-AAB7-BD8B7DFC8A47}.RelWithDebInfo|x64.ActiveCfg = RelWithDebInfo|x64
		{35EA0BFB-3C07-30DB-AAB7-BD8B7DFC8A47}.RelWithDebInfo|x64.Build.0 = RelWithDebInfo|x64
		{5EC3A417-37BE-33A5-88E4-31DFAB3AC6C6}.Debug|x64.ActiveCfg = Debug|x64
		{5EC3A417-37BE-33A5-88E4-31DFAB3AC6C6}.Debug|x64.Build.0 = Debug|x64
		{5EC3A417-37BE-33A5-88E4-31DFAB3AC6C6}.Release|x64.ActiveCfg = Release|x64
		{5EC3A417-37BE-33A5-88E4-31DFAB3AC6C6}.Release|x64.Build.0 = Release|x64
		{5EC3A417-37BE-33A5-88E4-31DFAB3AC6C6}.MinSizeRel|x64.ActiveCfg = MinSizeRel|x64
		{5EC3A417-37BE-33A5-88E4-31DFAB3AC6C6}.MinSizeRel|x64.Build.0 = MinSizeRel|x64
		{5EC3A417-37BE-33A5-88E4-31DFAB3AC6C6}.RelWithDebInfo|x64.ActiveCfg = RelWithDebInfo|x64
		{5EC3A417-37BE-33A5-88E4-31DFAB3AC6C6}.RelWithDebInfo|x64.Build.0 = RelWithDebInfo|x64
	EndGlobalSection
	GlobalSection(NestedProjects) = preSolution
		{0CCC0105-C2A7-3110-A700-707EEC67D1AD} = {86BABD02-62E3-34C7-A7FB-B83BA63FBC36}
		{B7551F5B-DFEF-3E5C-BE65-331FF545E012} = {86BABD02-62E3-34C7-A7FB-B83BA63FBC36}
		{7EF93C67-6CB0-334B-B6A0-77BA42A22934} = {86BABD02-62E3-34C7-A7FB-B83BA63FBC36}
		{35EA0BFB-3C07-30DB-AAB7-BD8B7DFC8A47} = {86BABD02-62E3-34C7-A7FB-B83BA63FBC36}
		{5EC3A417-37BE-33A5-88E4-31DFAB3AC6C6} = {86BABD02-62E3-34C7-A7FB-B83BA63FBC36}
		{A26103E0-E889-3B4F-A411-90829788B8E9} = {8B78DB9D-5BA1-3F7A-AFF9-B3476A417429}
		{5736ACE8-1844-356F-87AC-3FEC4E44A160} = {8B78DB9D-5BA1-3F7A-AFF9-B3476A417429}
		{0F5999E1-9038-318B-ACD5-C93CA1238791} = {8D065A80-3C2E-325B-AB6E-539D6C6D9D48}
		{FBC2E59D-51C1-3F09-AFDA-7A0378A0AAA0} = {D004DCE0-65B9-39EC-872A-2E129A9F7832}
	EndGlobalSection
	GlobalSection(ExtensibilityGlobals) = postSolution
		SolutionGuid = {3C5351AE-A22B-36CA-9BD2-F49C328B7105}
	EndGlobalSection
	GlobalSection(ExtensibilityAddIns) = postSolution
	EndGlobalSection
EndGlobal
